
Microsoft Visual Studio Solution File, Format Version 12.00
# Visual Studio 15
VisualStudioVersion = 15.0.26228.9
MinimumVisualStudioVersion = 10.0.40219.1
Project("{FAE04EC0-301F-11D3-BF4B-00C04F79EFBC}") = "PlayGen.ITAlert.Unity", "PlayGen.ITAlert.Unity\PlayGen.ITAlert.Unity.csproj", "{007D85AF-805F-4BED-ABFA-679B8359FF8E}"
EndProject
Project("{FAE04EC0-301F-11D3-BF4B-00C04F79EFBC}") = "PlayGen.Photon.Unity", "PlayGen.Photon.Unity\PlayGen.Photon.Unity.csproj", "{EA15D7AC-FA66-44AD-A8BC-01F8DCFCF4B6}"
EndProject
Project("{FAE04EC0-301F-11D3-BF4B-00C04F79EFBC}") = "PhotonDependencies", "PhotonDependencies\PhotonDependencies.csproj", "{5252E94A-DF1C-4CEB-A3FB-E8D6ED4FA9DA}"
EndProject
Project("{FAE04EC0-301F-11D3-BF4B-00C04F79EFBC}") = "PlayGen.ITAlert.Unity.Editor", "PlayGen.ITAlert.Unity.Editor\PlayGen.ITAlert.Unity.Editor.csproj", "{4AB8525F-4789-4EFA-BA02-F9BC961CEC81}"
EndProject
Project("{FAE04EC0-301F-11D3-BF4B-00C04F79EFBC}") = "UnityEngine.UI.Extensions.ColorPicker", "UnityEngine.UI.Extensions.ColorPicker\UnityEngine.UI.Extensions.ColorPicker.csproj", "{381A26DB-0F7F-47BD-860F-3B9917FE4D5D}"
EndProject
Project("{FAE04EC0-301F-11D3-BF4B-00C04F79EFBC}") = "PlayGen.ITAlert.Unity.Tests", "PlayGen.ITAlert.Unity.Tests\PlayGen.ITAlert.Unity.Tests.csproj", "{73B47150-B15F-41F2-A98A-B9FF1297B673}"
EndProject
Global
	GlobalSection(SolutionConfigurationPlatforms) = preSolution
		Debug UNITY_EDITOR|Any CPU = Debug UNITY_EDITOR|Any CPU
		Debug UNITY_EDITOR|x86 = Debug UNITY_EDITOR|x86
		Debug|Any CPU = Debug|Any CPU
		Debug|x86 = Debug|x86
		Release|Any CPU = Release|Any CPU
		Release|x86 = Release|x86
		Tests|Any CPU = Tests|Any CPU
		Tests|x86 = Tests|x86
	EndGlobalSection
	GlobalSection(ProjectConfigurationPlatforms) = postSolution
		{007D85AF-805F-4BED-ABFA-679B8359FF8E}.Debug UNITY_EDITOR|Any CPU.ActiveCfg = Debug|Any CPU
		{007D85AF-805F-4BED-ABFA-679B8359FF8E}.Debug UNITY_EDITOR|Any CPU.Build.0 = Debug|Any CPU
		{007D85AF-805F-4BED-ABFA-679B8359FF8E}.Debug UNITY_EDITOR|x86.ActiveCfg = Debug|Any CPU
		{007D85AF-805F-4BED-ABFA-679B8359FF8E}.Debug UNITY_EDITOR|x86.Build.0 = Debug|Any CPU
		{007D85AF-805F-4BED-ABFA-679B8359FF8E}.Debug|Any CPU.ActiveCfg = Debug|Any CPU
		{007D85AF-805F-4BED-ABFA-679B8359FF8E}.Debug|Any CPU.Build.0 = Debug|Any CPU
		{007D85AF-805F-4BED-ABFA-679B8359FF8E}.Debug|x86.ActiveCfg = Debug|Any CPU
		{007D85AF-805F-4BED-ABFA-679B8359FF8E}.Debug|x86.Build.0 = Debug|Any CPU
		{007D85AF-805F-4BED-ABFA-679B8359FF8E}.Release|Any CPU.ActiveCfg = Release|Any CPU
		{007D85AF-805F-4BED-ABFA-679B8359FF8E}.Release|Any CPU.Build.0 = Release|Any CPU
		{007D85AF-805F-4BED-ABFA-679B8359FF8E}.Release|x86.ActiveCfg = Release|Any CPU
		{007D85AF-805F-4BED-ABFA-679B8359FF8E}.Release|x86.Build.0 = Release|Any CPU
		{007D85AF-805F-4BED-ABFA-679B8359FF8E}.Tests|Any CPU.ActiveCfg = Release|Any CPU
		{007D85AF-805F-4BED-ABFA-679B8359FF8E}.Tests|Any CPU.Build.0 = Release|Any CPU
		{007D85AF-805F-4BED-ABFA-679B8359FF8E}.Tests|x86.ActiveCfg = Release|Any CPU
		{007D85AF-805F-4BED-ABFA-679B8359FF8E}.Tests|x86.Build.0 = Release|Any CPU
		{EA15D7AC-FA66-44AD-A8BC-01F8DCFCF4B6}.Debug UNITY_EDITOR|Any CPU.ActiveCfg = Debug|Any CPU
		{EA15D7AC-FA66-44AD-A8BC-01F8DCFCF4B6}.Debug UNITY_EDITOR|Any CPU.Build.0 = Debug|Any CPU
		{EA15D7AC-FA66-44AD-A8BC-01F8DCFCF4B6}.Debug UNITY_EDITOR|x86.ActiveCfg = Debug|Any CPU
		{EA15D7AC-FA66-44AD-A8BC-01F8DCFCF4B6}.Debug UNITY_EDITOR|x86.Build.0 = Debug|Any CPU
		{EA15D7AC-FA66-44AD-A8BC-01F8DCFCF4B6}.Debug|Any CPU.ActiveCfg = Debug|Any CPU
		{EA15D7AC-FA66-44AD-A8BC-01F8DCFCF4B6}.Debug|Any CPU.Build.0 = Debug|Any CPU
		{EA15D7AC-FA66-44AD-A8BC-01F8DCFCF4B6}.Debug|x86.ActiveCfg = Debug|Any CPU
		{EA15D7AC-FA66-44AD-A8BC-01F8DCFCF4B6}.Debug|x86.Build.0 = Debug|Any CPU
		{EA15D7AC-FA66-44AD-A8BC-01F8DCFCF4B6}.Release|Any CPU.ActiveCfg = Release|Any CPU
		{EA15D7AC-FA66-44AD-A8BC-01F8DCFCF4B6}.Release|Any CPU.Build.0 = Release|Any CPU
		{EA15D7AC-FA66-44AD-A8BC-01F8DCFCF4B6}.Release|x86.ActiveCfg = Release|Any CPU
		{EA15D7AC-FA66-44AD-A8BC-01F8DCFCF4B6}.Release|x86.Build.0 = Release|Any CPU
		{EA15D7AC-FA66-44AD-A8BC-01F8DCFCF4B6}.Tests|Any CPU.ActiveCfg = Release|Any CPU
		{EA15D7AC-FA66-44AD-A8BC-01F8DCFCF4B6}.Tests|Any CPU.Build.0 = Release|Any CPU
		{EA15D7AC-FA66-44AD-A8BC-01F8DCFCF4B6}.Tests|x86.ActiveCfg = Release|Any CPU
		{EA15D7AC-FA66-44AD-A8BC-01F8DCFCF4B6}.Tests|x86.Build.0 = Release|Any CPU
		{5252E94A-DF1C-4CEB-A3FB-E8D6ED4FA9DA}.Debug UNITY_EDITOR|Any CPU.ActiveCfg = Debug UNITY_EDITOR|Any CPU
		{5252E94A-DF1C-4CEB-A3FB-E8D6ED4FA9DA}.Debug UNITY_EDITOR|Any CPU.Build.0 = Debug UNITY_EDITOR|Any CPU
		{5252E94A-DF1C-4CEB-A3FB-E8D6ED4FA9DA}.Debug UNITY_EDITOR|x86.ActiveCfg = Debug UNITY_EDITOR|Any CPU
		{5252E94A-DF1C-4CEB-A3FB-E8D6ED4FA9DA}.Debug UNITY_EDITOR|x86.Build.0 = Debug UNITY_EDITOR|Any CPU
		{5252E94A-DF1C-4CEB-A3FB-E8D6ED4FA9DA}.Debug|Any CPU.ActiveCfg = Debug|Any CPU
		{5252E94A-DF1C-4CEB-A3FB-E8D6ED4FA9DA}.Debug|Any CPU.Build.0 = Debug|Any CPU
		{5252E94A-DF1C-4CEB-A3FB-E8D6ED4FA9DA}.Debug|x86.ActiveCfg = Debug|Any CPU
		{5252E94A-DF1C-4CEB-A3FB-E8D6ED4FA9DA}.Debug|x86.Build.0 = Debug|Any CPU
		{5252E94A-DF1C-4CEB-A3FB-E8D6ED4FA9DA}.Release|Any CPU.ActiveCfg = Release|Any CPU
		{5252E94A-DF1C-4CEB-A3FB-E8D6ED4FA9DA}.Release|Any CPU.Build.0 = Release|Any CPU
		{5252E94A-DF1C-4CEB-A3FB-E8D6ED4FA9DA}.Release|x86.ActiveCfg = Release|Any CPU
		{5252E94A-DF1C-4CEB-A3FB-E8D6ED4FA9DA}.Release|x86.Build.0 = Release|Any CPU
		{5252E94A-DF1C-4CEB-A3FB-E8D6ED4FA9DA}.Tests|Any CPU.ActiveCfg = Release|Any CPU
		{5252E94A-DF1C-4CEB-A3FB-E8D6ED4FA9DA}.Tests|Any CPU.Build.0 = Release|Any CPU
		{5252E94A-DF1C-4CEB-A3FB-E8D6ED4FA9DA}.Tests|x86.ActiveCfg = Release|Any CPU
		{5252E94A-DF1C-4CEB-A3FB-E8D6ED4FA9DA}.Tests|x86.Build.0 = Release|Any CPU
		{4AB8525F-4789-4EFA-BA02-F9BC961CEC81}.Debug UNITY_EDITOR|Any CPU.ActiveCfg = Debug|Any CPU
		{4AB8525F-4789-4EFA-BA02-F9BC961CEC81}.Debug UNITY_EDITOR|Any CPU.Build.0 = Debug|Any CPU
		{4AB8525F-4789-4EFA-BA02-F9BC961CEC81}.Debug UNITY_EDITOR|x86.ActiveCfg = Debug|Any CPU
		{4AB8525F-4789-4EFA-BA02-F9BC961CEC81}.Debug UNITY_EDITOR|x86.Build.0 = Debug|Any CPU
		{4AB8525F-4789-4EFA-BA02-F9BC961CEC81}.Debug|Any CPU.ActiveCfg = Debug|Any CPU
		{4AB8525F-4789-4EFA-BA02-F9BC961CEC81}.Debug|Any CPU.Build.0 = Debug|Any CPU
		{4AB8525F-4789-4EFA-BA02-F9BC961CEC81}.Debug|x86.ActiveCfg = Debug|Any CPU
		{4AB8525F-4789-4EFA-BA02-F9BC961CEC81}.Debug|x86.Build.0 = Debug|Any CPU
		{4AB8525F-4789-4EFA-BA02-F9BC961CEC81}.Release|Any CPU.ActiveCfg = Release|Any CPU
		{4AB8525F-4789-4EFA-BA02-F9BC961CEC81}.Release|Any CPU.Build.0 = Release|Any CPU
		{4AB8525F-4789-4EFA-BA02-F9BC961CEC81}.Release|x86.ActiveCfg = Release|Any CPU
		{4AB8525F-4789-4EFA-BA02-F9BC961CEC81}.Release|x86.Build.0 = Release|Any CPU
		{4AB8525F-4789-4EFA-BA02-F9BC961CEC81}.Tests|Any CPU.ActiveCfg = Release|Any CPU
		{4AB8525F-4789-4EFA-BA02-F9BC961CEC81}.Tests|Any CPU.Build.0 = Release|Any CPU
		{4AB8525F-4789-4EFA-BA02-F9BC961CEC81}.Tests|x86.ActiveCfg = Release|Any CPU
		{4AB8525F-4789-4EFA-BA02-F9BC961CEC81}.Tests|x86.Build.0 = Release|Any CPU
		{381A26DB-0F7F-47BD-860F-3B9917FE4D5D}.Debug UNITY_EDITOR|Any CPU.ActiveCfg = Debug|Any CPU
		{381A26DB-0F7F-47BD-860F-3B9917FE4D5D}.Debug UNITY_EDITOR|Any CPU.Build.0 = Debug|Any CPU
		{381A26DB-0F7F-47BD-860F-3B9917FE4D5D}.Debug UNITY_EDITOR|x86.ActiveCfg = Debug|Any CPU
		{381A26DB-0F7F-47BD-860F-3B9917FE4D5D}.Debug UNITY_EDITOR|x86.Build.0 = Debug|Any CPU
		{381A26DB-0F7F-47BD-860F-3B9917FE4D5D}.Debug|Any CPU.ActiveCfg = Debug|Any CPU
		{381A26DB-0F7F-47BD-860F-3B9917FE4D5D}.Debug|Any CPU.Build.0 = Debug|Any CPU
		{381A26DB-0F7F-47BD-860F-3B9917FE4D5D}.Debug|x86.ActiveCfg = Debug|Any CPU
		{381A26DB-0F7F-47BD-860F-3B9917FE4D5D}.Debug|x86.Build.0 = Debug|Any CPU
		{381A26DB-0F7F-47BD-860F-3B9917FE4D5D}.Release|Any CPU.ActiveCfg = Release|Any CPU
		{381A26DB-0F7F-47BD-860F-3B9917FE4D5D}.Release|Any CPU.Build.0 = Release|Any CPU
		{381A26DB-0F7F-47BD-860F-3B9917FE4D5D}.Release|x86.ActiveCfg = Release|Any CPU
		{381A26DB-0F7F-47BD-860F-3B9917FE4D5D}.Release|x86.Build.0 = Release|Any CPU
		{381A26DB-0F7F-47BD-860F-3B9917FE4D5D}.Tests|Any CPU.ActiveCfg = Release|Any CPU
		{381A26DB-0F7F-47BD-860F-3B9917FE4D5D}.Tests|Any CPU.Build.0 = Release|Any CPU
		{381A26DB-0F7F-47BD-860F-3B9917FE4D5D}.Tests|x86.ActiveCfg = Release|Any CPU
		{381A26DB-0F7F-47BD-860F-3B9917FE4D5D}.Tests|x86.Build.0 = Release|Any CPU
		{73B47150-B15F-41F2-A98A-B9FF1297B673}.Debug UNITY_EDITOR|Any CPU.ActiveCfg = Debug|Any CPU
		{73B47150-B15F-41F2-A98A-B9FF1297B673}.Debug UNITY_EDITOR|Any CPU.Build.0 = Debug|Any CPU
		{73B47150-B15F-41F2-A98A-B9FF1297B673}.Debug UNITY_EDITOR|x86.ActiveCfg = Debug|Any CPU
		{73B47150-B15F-41F2-A98A-B9FF1297B673}.Debug UNITY_EDITOR|x86.Build.0 = Debug|Any CPU
		{73B47150-B15F-41F2-A98A-B9FF1297B673}.Debug|Any CPU.ActiveCfg = Debug|Any CPU
		{73B47150-B15F-41F2-A98A-B9FF1297B673}.Debug|Any CPU.Build.0 = Debug|Any CPU
		{73B47150-B15F-41F2-A98A-B9FF1297B673}.Debug|x86.ActiveCfg = Debug|Any CPU
		{73B47150-B15F-41F2-A98A-B9FF1297B673}.Debug|x86.Build.0 = Debug|Any CPU
		{73B47150-B15F-41F2-A98A-B9FF1297B673}.Release|Any CPU.ActiveCfg = Release|Any CPU
		{73B47150-B15F-41F2-A98A-B9FF1297B673}.Release|Any CPU.Build.0 = Release|Any CPU
		{73B47150-B15F-41F2-A98A-B9FF1297B673}.Release|x86.ActiveCfg = Release|Any CPU
		{73B47150-B15F-41F2-A98A-B9FF1297B673}.Release|x86.Build.0 = Release|Any CPU
		{73B47150-B15F-41F2-A98A-B9FF1297B673}.Tests|Any CPU.ActiveCfg = Tests|Any CPU
		{73B47150-B15F-41F2-A98A-B9FF1297B673}.Tests|Any CPU.Build.0 = Tests|Any CPU
		{73B47150-B15F-41F2-A98A-B9FF1297B673}.Tests|x86.ActiveCfg = Tests|Any CPU
		{73B47150-B15F-41F2-A98A-B9FF1297B673}.Tests|x86.Build.0 = Tests|Any CPU
	EndGlobalSection
	GlobalSection(SolutionProperties) = preSolution
		HideSolutionNode = FALSE
	EndGlobalSection
	GlobalSection(ExtensibilityGlobals) = postSolution
		SolutionGuid = {93CF9FDA-8A60-413A-940E-6E899FF2F736}
	EndGlobalSection
EndGlobal
