
Microsoft Visual Studio Solution File, Format Version 12.00
# Visual Studio 14
VisualStudioVersion = 14.0.25420.1
MinimumVisualStudioVersion = 10.0.40219.1
Project("{FAE04EC0-301F-11D3-BF4B-00C04F79EFBC}") = "Photon.LoadBalancing", "Photon.LoadBalancing\Photon.LoadBalancing.csproj", "{918525F6-635E-4D56-A85C-7F4C5E95E822}"
EndProject
Project("{FAE04EC0-301F-11D3-BF4B-00C04F79EFBC}") = "PhotonHive", "Hive\PhotonHive\PhotonHive.csproj", "{E1F918F4-F581-4280-9D91-3CF77B24C290}"
EndProject
Project("{FAE04EC0-301F-11D3-BF4B-00C04F79EFBC}") = "PhotonHivePlugin", "HivePlugin\PhotonHivePlugin.csproj", "{223D6705-337D-409F-8524-553ABC5EAABD}"
EndProject
Project("{FAE04EC0-301F-11D3-BF4B-00C04F79EFBC}") = "Photon.Common", "Photon.Common\Photon.Common.csproj", "{1DDB6B23-41F0-4C63-B945-0C7D3F902D1C}"
EndProject
Project("{2150E333-8FDC-42A3-9474-1A3956D46DE8}") = "Plugins", "Plugins", "{95870326-A203-47B3-BBEE-8CF6CC7FB05F}"
EndProject
Project("{FAE04EC0-301F-11D3-BF4B-00C04F79EFBC}") = "PlayGen.ITAlert.Photon.Plugins", "PlayGen.ITAlert.Photon.Plugins\PlayGen.ITAlert.Photon.Plugins.csproj", "{CA3E391B-7EAB-428E-B869-2C974E211067}"
EndProject
Project("{FAE04EC0-301F-11D3-BF4B-00C04F79EFBC}") = "PlayGen.ITAlert.Photon.Events", "PlayGen.ITAlert.Photon.Events\PlayGen.ITAlert.Photon.Events.csproj", "{B4EAA34F-88B2-43FE-85AA-CD66056EC75E}"
EndProject
Project("{FAE04EC0-301F-11D3-BF4B-00C04F79EFBC}") = "PlayGen.ITAlert.Photon.Serialization", "PlayGen.ITAlert.Photon.Serialization\PlayGen.ITAlert.Photon.Serialization.csproj", "{32DC2199-5631-4682-92CE-9D1E6ACD8F86}"
EndProject
Project("{2150E333-8FDC-42A3-9474-1A3956D46DE8}") = "GameWork", "GameWork", "{1339B075-DB93-458D-873C-2775F5EEB924}"
EndProject
Project("{FAE04EC0-301F-11D3-BF4B-00C04F79EFBC}") = "PlayGen.ITAlert.Photon.Players", "PlayGen.ITAlert.Photon.Players\PlayGen.ITAlert.Photon.Players.csproj", "{7E9EFE9A-58C7-45DC-AB5F-EF52CD721DB5}"
EndProject
Project("{FAE04EC0-301F-11D3-BF4B-00C04F79EFBC}") = "PlayGen.ITAlert.Common", "..\simulation\PlayGen.ITAlert.Common\PlayGen.ITAlert.Common.csproj", "{BE8E1E8B-3A04-4371-A9AA-4A0FB324ADDF}"
EndProject
Project("{FAE04EC0-301F-11D3-BF4B-00C04F79EFBC}") = "PlayGen.ITAlert.Configuration", "..\simulation\PlayGen.ItAlert.Configuration\PlayGen.ITAlert.Configuration.csproj", "{4DEF971E-0A4E-4880-AE2C-B2D187766FA4}"
EndProject
Project("{FAE04EC0-301F-11D3-BF4B-00C04F79EFBC}") = "PlayGen.ITAlert.Simulation", "..\simulation\PlayGen.ITAlert.Simulation\PlayGen.ITAlert.Simulation.csproj", "{354189CC-C80B-4310-9B3A-7F9080AB4502}"
EndProject
Project("{FAE04EC0-301F-11D3-BF4B-00C04F79EFBC}") = "PlayGen.ITAlert.Simulation.Commands", "..\simulation\PlayGen.ITAlert.Simulation.Commands\PlayGen.ITAlert.Simulation.Commands.csproj", "{2344C836-6B6F-4259-A5A3-E12EAFDBA643}"
EndProject
Project("{FAE04EC0-301F-11D3-BF4B-00C04F79EFBC}") = "PlayGen.ITAlert.Simulation.Serialization", "..\simulation\PlayGen.ITAlert.Simulation.Serialization\PlayGen.ITAlert.Simulation.Serialization.csproj", "{D5D14E17-C9D5-4AB2-AB74-96F95B50614F}"
EndProject
Project("{FAE04EC0-301F-11D3-BF4B-00C04F79EFBC}") = "Priority Queue", "..\simulation\High-Speed-Priority-Queue-for-C-Sharp\Priority Queue\Priority Queue.csproj", "{1531C1EA-BD53-41D1-A34B-CFCDF79D2651}"
EndProject
Project("{FAE04EC0-301F-11D3-BF4B-00C04F79EFBC}") = "PlayGen.ITAlert.TestData", "..\Simulation\PlayGen.ITAlert.TestData\PlayGen.ITAlert.TestData.csproj", "{CB5C5A48-BBC4-4825-86CB-87E4037DB0C1}"
EndProject
Project("{FAE04EC0-301F-11D3-BF4B-00C04F79EFBC}") = "GameWork.Core.Commands", "..\GameWork.Unity\GameWork.Core\GameWork.Core.Commands\GameWork.Core.Commands.csproj", "{7ADF8CD4-CFCB-4E35-ABF7-E761497EAA11}"
EndProject
Project("{FAE04EC0-301F-11D3-BF4B-00C04F79EFBC}") = "GameWork.Core.Interfaces", "..\GameWork.Unity\GameWork.Core\GameWork.Core.Interfaces\GameWork.Core.Interfaces.csproj", "{B5F3B28A-10BF-4193-920A-3F8AA6817799}"
EndProject
Project("{FAE04EC0-301F-11D3-BF4B-00C04F79EFBC}") = "GameWork.Core.States", "..\GameWork.Unity\GameWork.Core\GameWork.Core.States\GameWork.Core.States.csproj", "{D9ABF6B3-C495-4A39-B234-FCAB5EC9DB30}"
EndProject
Project("{FAE04EC0-301F-11D3-BF4B-00C04F79EFBC}") = "PlayGen.SUGAR.Client", "..\SUGAR\src\PlayGen.SUGAR.Client\PlayGen.SUGAR.Client.csproj", "{E7B6C8DC-262E-4B9D-85E3-2E6AE0467018}"
EndProject
Project("{FAE04EC0-301F-11D3-BF4B-00C04F79EFBC}") = "PlayGen.Photon.SUGAR", "PlayGen.Photon.SUGAR\PlayGen.Photon.SUGAR.csproj", "{F62B5705-BF54-498A-B662-704C0B50C0B6}"
EndProject
Project("{FAE04EC0-301F-11D3-BF4B-00C04F79EFBC}") = "PlayGen.ITAlert.Photon.Messaging", "PlayGen.ITAlert.Photon.Messaging\PlayGen.ITAlert.Photon.Messaging.csproj", "{E3EBDB5B-8879-45F3-B10F-EAC2CA313F42}"
EndProject
Global
	GlobalSection(SharedMSBuildProjectFiles) = preSolution
		..\SUGAR\src\PlayGen.SUGAR.Common.Shared\PlayGen.SUGAR.Common.Shared.projitems*{e7b6c8dc-262e-4b9d-85e3-2e6ae0467018}*SharedItemsImports = 4
		..\SUGAR\src\PlayGen.SUGAR.Contracts.Shared\PlayGen.SUGAR.Contracts.Shared.projitems*{e7b6c8dc-262e-4b9d-85e3-2e6ae0467018}*SharedItemsImports = 4
	EndGlobalSection
	GlobalSection(SolutionConfigurationPlatforms) = preSolution
		Debug_Unity_Client|Any CPU = Debug_Unity_Client|Any CPU
		Debug|Any CPU = Debug|Any CPU
		Release 2.0|Any CPU = Release 2.0|Any CPU
		Release 4.5|Any CPU = Release 4.5|Any CPU
		Release|Any CPU = Release|Any CPU
	EndGlobalSection
	GlobalSection(ProjectConfigurationPlatforms) = postSolution
		{918525F6-635E-4D56-A85C-7F4C5E95E822}.Debug_Unity_Client|Any CPU.ActiveCfg = Debug|Any CPU
		{918525F6-635E-4D56-A85C-7F4C5E95E822}.Debug|Any CPU.ActiveCfg = Debug|Any CPU
		{918525F6-635E-4D56-A85C-7F4C5E95E822}.Debug|Any CPU.Build.0 = Debug|Any CPU
		{918525F6-635E-4D56-A85C-7F4C5E95E822}.Release 2.0|Any CPU.ActiveCfg = Release|Any CPU
		{918525F6-635E-4D56-A85C-7F4C5E95E822}.Release 2.0|Any CPU.Build.0 = Release|Any CPU
		{918525F6-635E-4D56-A85C-7F4C5E95E822}.Release 4.5|Any CPU.ActiveCfg = Release|Any CPU
		{918525F6-635E-4D56-A85C-7F4C5E95E822}.Release 4.5|Any CPU.Build.0 = Release|Any CPU
		{918525F6-635E-4D56-A85C-7F4C5E95E822}.Release|Any CPU.ActiveCfg = Release|Any CPU
		{918525F6-635E-4D56-A85C-7F4C5E95E822}.Release|Any CPU.Build.0 = Release|Any CPU
		{E1F918F4-F581-4280-9D91-3CF77B24C290}.Debug_Unity_Client|Any CPU.ActiveCfg = Debug|Any CPU
		{E1F918F4-F581-4280-9D91-3CF77B24C290}.Debug|Any CPU.ActiveCfg = Debug|Any CPU
		{E1F918F4-F581-4280-9D91-3CF77B24C290}.Debug|Any CPU.Build.0 = Debug|Any CPU
		{E1F918F4-F581-4280-9D91-3CF77B24C290}.Release 2.0|Any CPU.ActiveCfg = Release|Any CPU
		{E1F918F4-F581-4280-9D91-3CF77B24C290}.Release 2.0|Any CPU.Build.0 = Release|Any CPU
		{E1F918F4-F581-4280-9D91-3CF77B24C290}.Release 4.5|Any CPU.ActiveCfg = Release|Any CPU
		{E1F918F4-F581-4280-9D91-3CF77B24C290}.Release 4.5|Any CPU.Build.0 = Release|Any CPU
		{E1F918F4-F581-4280-9D91-3CF77B24C290}.Release|Any CPU.ActiveCfg = Release|Any CPU
		{E1F918F4-F581-4280-9D91-3CF77B24C290}.Release|Any CPU.Build.0 = Release|Any CPU
		{223D6705-337D-409F-8524-553ABC5EAABD}.Debug_Unity_Client|Any CPU.ActiveCfg = Debug|Any CPU
		{223D6705-337D-409F-8524-553ABC5EAABD}.Debug|Any CPU.ActiveCfg = Debug|Any CPU
		{223D6705-337D-409F-8524-553ABC5EAABD}.Debug|Any CPU.Build.0 = Debug|Any CPU
		{223D6705-337D-409F-8524-553ABC5EAABD}.Release 2.0|Any CPU.ActiveCfg = Release|Any CPU
		{223D6705-337D-409F-8524-553ABC5EAABD}.Release 2.0|Any CPU.Build.0 = Release|Any CPU
		{223D6705-337D-409F-8524-553ABC5EAABD}.Release 4.5|Any CPU.ActiveCfg = Release|Any CPU
		{223D6705-337D-409F-8524-553ABC5EAABD}.Release 4.5|Any CPU.Build.0 = Release|Any CPU
		{223D6705-337D-409F-8524-553ABC5EAABD}.Release|Any CPU.ActiveCfg = Release|Any CPU
		{223D6705-337D-409F-8524-553ABC5EAABD}.Release|Any CPU.Build.0 = Release|Any CPU
		{1DDB6B23-41F0-4C63-B945-0C7D3F902D1C}.Debug_Unity_Client|Any CPU.ActiveCfg = Debug|Any CPU
		{1DDB6B23-41F0-4C63-B945-0C7D3F902D1C}.Debug|Any CPU.ActiveCfg = Debug|Any CPU
		{1DDB6B23-41F0-4C63-B945-0C7D3F902D1C}.Debug|Any CPU.Build.0 = Debug|Any CPU
		{1DDB6B23-41F0-4C63-B945-0C7D3F902D1C}.Release 2.0|Any CPU.ActiveCfg = Release|Any CPU
		{1DDB6B23-41F0-4C63-B945-0C7D3F902D1C}.Release 2.0|Any CPU.Build.0 = Release|Any CPU
		{1DDB6B23-41F0-4C63-B945-0C7D3F902D1C}.Release 4.5|Any CPU.ActiveCfg = Release|Any CPU
		{1DDB6B23-41F0-4C63-B945-0C7D3F902D1C}.Release 4.5|Any CPU.Build.0 = Release|Any CPU
		{1DDB6B23-41F0-4C63-B945-0C7D3F902D1C}.Release|Any CPU.ActiveCfg = Release|Any CPU
		{1DDB6B23-41F0-4C63-B945-0C7D3F902D1C}.Release|Any CPU.Build.0 = Release|Any CPU
		{CA3E391B-7EAB-428E-B869-2C974E211067}.Debug_Unity_Client|Any CPU.ActiveCfg = Debug|Any CPU
		{CA3E391B-7EAB-428E-B869-2C974E211067}.Debug|Any CPU.ActiveCfg = Debug|Any CPU
		{CA3E391B-7EAB-428E-B869-2C974E211067}.Debug|Any CPU.Build.0 = Debug|Any CPU
		{CA3E391B-7EAB-428E-B869-2C974E211067}.Release 2.0|Any CPU.ActiveCfg = Release|Any CPU
		{CA3E391B-7EAB-428E-B869-2C974E211067}.Release 2.0|Any CPU.Build.0 = Release|Any CPU
		{CA3E391B-7EAB-428E-B869-2C974E211067}.Release 4.5|Any CPU.ActiveCfg = Release|Any CPU
		{CA3E391B-7EAB-428E-B869-2C974E211067}.Release 4.5|Any CPU.Build.0 = Release|Any CPU
		{CA3E391B-7EAB-428E-B869-2C974E211067}.Release|Any CPU.ActiveCfg = Release|Any CPU
		{CA3E391B-7EAB-428E-B869-2C974E211067}.Release|Any CPU.Build.0 = Release|Any CPU
		{B4EAA34F-88B2-43FE-85AA-CD66056EC75E}.Debug_Unity_Client|Any CPU.ActiveCfg = Unity Debug|Any CPU
		{B4EAA34F-88B2-43FE-85AA-CD66056EC75E}.Debug_Unity_Client|Any CPU.Build.0 = Unity Debug|Any CPU
		{B4EAA34F-88B2-43FE-85AA-CD66056EC75E}.Debug|Any CPU.ActiveCfg = Debug|Any CPU
		{B4EAA34F-88B2-43FE-85AA-CD66056EC75E}.Debug|Any CPU.Build.0 = Debug|Any CPU
		{B4EAA34F-88B2-43FE-85AA-CD66056EC75E}.Release 2.0|Any CPU.ActiveCfg = Release|Any CPU
		{B4EAA34F-88B2-43FE-85AA-CD66056EC75E}.Release 2.0|Any CPU.Build.0 = Release|Any CPU
		{B4EAA34F-88B2-43FE-85AA-CD66056EC75E}.Release 4.5|Any CPU.ActiveCfg = Release|Any CPU
		{B4EAA34F-88B2-43FE-85AA-CD66056EC75E}.Release 4.5|Any CPU.Build.0 = Release|Any CPU
		{B4EAA34F-88B2-43FE-85AA-CD66056EC75E}.Release|Any CPU.ActiveCfg = Release|Any CPU
		{B4EAA34F-88B2-43FE-85AA-CD66056EC75E}.Release|Any CPU.Build.0 = Release|Any CPU
		{32DC2199-5631-4682-92CE-9D1E6ACD8F86}.Debug_Unity_Client|Any CPU.ActiveCfg = Unity Debug|Any CPU
		{32DC2199-5631-4682-92CE-9D1E6ACD8F86}.Debug_Unity_Client|Any CPU.Build.0 = Unity Debug|Any CPU
		{32DC2199-5631-4682-92CE-9D1E6ACD8F86}.Debug|Any CPU.ActiveCfg = Debug|Any CPU
		{32DC2199-5631-4682-92CE-9D1E6ACD8F86}.Debug|Any CPU.Build.0 = Debug|Any CPU
		{32DC2199-5631-4682-92CE-9D1E6ACD8F86}.Release 2.0|Any CPU.ActiveCfg = Release|Any CPU
		{32DC2199-5631-4682-92CE-9D1E6ACD8F86}.Release 2.0|Any CPU.Build.0 = Release|Any CPU
		{32DC2199-5631-4682-92CE-9D1E6ACD8F86}.Release 4.5|Any CPU.ActiveCfg = Release|Any CPU
		{32DC2199-5631-4682-92CE-9D1E6ACD8F86}.Release 4.5|Any CPU.Build.0 = Release|Any CPU
		{32DC2199-5631-4682-92CE-9D1E6ACD8F86}.Release|Any CPU.ActiveCfg = Release|Any CPU
		{32DC2199-5631-4682-92CE-9D1E6ACD8F86}.Release|Any CPU.Build.0 = Release|Any CPU
		{7E9EFE9A-58C7-45DC-AB5F-EF52CD721DB5}.Debug_Unity_Client|Any CPU.ActiveCfg = Unity Debug|Any CPU
		{7E9EFE9A-58C7-45DC-AB5F-EF52CD721DB5}.Debug_Unity_Client|Any CPU.Build.0 = Unity Debug|Any CPU
		{7E9EFE9A-58C7-45DC-AB5F-EF52CD721DB5}.Debug|Any CPU.ActiveCfg = Debug|Any CPU
		{7E9EFE9A-58C7-45DC-AB5F-EF52CD721DB5}.Debug|Any CPU.Build.0 = Debug|Any CPU
		{7E9EFE9A-58C7-45DC-AB5F-EF52CD721DB5}.Release 2.0|Any CPU.ActiveCfg = Release|Any CPU
		{7E9EFE9A-58C7-45DC-AB5F-EF52CD721DB5}.Release 2.0|Any CPU.Build.0 = Release|Any CPU
		{7E9EFE9A-58C7-45DC-AB5F-EF52CD721DB5}.Release 4.5|Any CPU.ActiveCfg = Release|Any CPU
		{7E9EFE9A-58C7-45DC-AB5F-EF52CD721DB5}.Release 4.5|Any CPU.Build.0 = Release|Any CPU
		{7E9EFE9A-58C7-45DC-AB5F-EF52CD721DB5}.Release|Any CPU.ActiveCfg = Release|Any CPU
		{7E9EFE9A-58C7-45DC-AB5F-EF52CD721DB5}.Release|Any CPU.Build.0 = Release|Any CPU
		{BE8E1E8B-3A04-4371-A9AA-4A0FB324ADDF}.Debug_Unity_Client|Any CPU.ActiveCfg = Debug|Any CPU
		{BE8E1E8B-3A04-4371-A9AA-4A0FB324ADDF}.Debug_Unity_Client|Any CPU.Build.0 = Debug|Any CPU
		{BE8E1E8B-3A04-4371-A9AA-4A0FB324ADDF}.Debug|Any CPU.ActiveCfg = Debug|Any CPU
		{BE8E1E8B-3A04-4371-A9AA-4A0FB324ADDF}.Debug|Any CPU.Build.0 = Debug|Any CPU
		{BE8E1E8B-3A04-4371-A9AA-4A0FB324ADDF}.Release 2.0|Any CPU.ActiveCfg = Release|Any CPU
		{BE8E1E8B-3A04-4371-A9AA-4A0FB324ADDF}.Release 2.0|Any CPU.Build.0 = Release|Any CPU
		{BE8E1E8B-3A04-4371-A9AA-4A0FB324ADDF}.Release 4.5|Any CPU.ActiveCfg = Release|Any CPU
		{BE8E1E8B-3A04-4371-A9AA-4A0FB324ADDF}.Release 4.5|Any CPU.Build.0 = Release|Any CPU
		{BE8E1E8B-3A04-4371-A9AA-4A0FB324ADDF}.Release|Any CPU.ActiveCfg = Release|Any CPU
		{BE8E1E8B-3A04-4371-A9AA-4A0FB324ADDF}.Release|Any CPU.Build.0 = Release|Any CPU
		{4DEF971E-0A4E-4880-AE2C-B2D187766FA4}.Debug_Unity_Client|Any CPU.ActiveCfg = Debug|Any CPU
		{4DEF971E-0A4E-4880-AE2C-B2D187766FA4}.Debug_Unity_Client|Any CPU.Build.0 = Debug|Any CPU
		{4DEF971E-0A4E-4880-AE2C-B2D187766FA4}.Debug|Any CPU.ActiveCfg = Debug|Any CPU
		{4DEF971E-0A4E-4880-AE2C-B2D187766FA4}.Debug|Any CPU.Build.0 = Debug|Any CPU
		{4DEF971E-0A4E-4880-AE2C-B2D187766FA4}.Release 2.0|Any CPU.ActiveCfg = Release|Any CPU
		{4DEF971E-0A4E-4880-AE2C-B2D187766FA4}.Release 2.0|Any CPU.Build.0 = Release|Any CPU
		{4DEF971E-0A4E-4880-AE2C-B2D187766FA4}.Release 4.5|Any CPU.ActiveCfg = Release|Any CPU
		{4DEF971E-0A4E-4880-AE2C-B2D187766FA4}.Release 4.5|Any CPU.Build.0 = Release|Any CPU
		{4DEF971E-0A4E-4880-AE2C-B2D187766FA4}.Release|Any CPU.ActiveCfg = Release|Any CPU
		{4DEF971E-0A4E-4880-AE2C-B2D187766FA4}.Release|Any CPU.Build.0 = Release|Any CPU
		{354189CC-C80B-4310-9B3A-7F9080AB4502}.Debug_Unity_Client|Any CPU.ActiveCfg = UnityDebug|Any CPU
		{354189CC-C80B-4310-9B3A-7F9080AB4502}.Debug_Unity_Client|Any CPU.Build.0 = UnityDebug|Any CPU
		{354189CC-C80B-4310-9B3A-7F9080AB4502}.Debug|Any CPU.ActiveCfg = Debug|Any CPU
		{354189CC-C80B-4310-9B3A-7F9080AB4502}.Debug|Any CPU.Build.0 = Debug|Any CPU
		{354189CC-C80B-4310-9B3A-7F9080AB4502}.Release 2.0|Any CPU.ActiveCfg = Release|Any CPU
		{354189CC-C80B-4310-9B3A-7F9080AB4502}.Release 2.0|Any CPU.Build.0 = Release|Any CPU
		{354189CC-C80B-4310-9B3A-7F9080AB4502}.Release 4.5|Any CPU.ActiveCfg = Release|Any CPU
		{354189CC-C80B-4310-9B3A-7F9080AB4502}.Release 4.5|Any CPU.Build.0 = Release|Any CPU
		{354189CC-C80B-4310-9B3A-7F9080AB4502}.Release|Any CPU.ActiveCfg = Release|Any CPU
		{354189CC-C80B-4310-9B3A-7F9080AB4502}.Release|Any CPU.Build.0 = Release|Any CPU
		{2344C836-6B6F-4259-A5A3-E12EAFDBA643}.Debug_Unity_Client|Any CPU.ActiveCfg = UnityDebug|Any CPU
		{2344C836-6B6F-4259-A5A3-E12EAFDBA643}.Debug_Unity_Client|Any CPU.Build.0 = UnityDebug|Any CPU
		{2344C836-6B6F-4259-A5A3-E12EAFDBA643}.Debug|Any CPU.ActiveCfg = Debug|Any CPU
		{2344C836-6B6F-4259-A5A3-E12EAFDBA643}.Debug|Any CPU.Build.0 = Debug|Any CPU
		{2344C836-6B6F-4259-A5A3-E12EAFDBA643}.Release 2.0|Any CPU.ActiveCfg = Release|Any CPU
		{2344C836-6B6F-4259-A5A3-E12EAFDBA643}.Release 2.0|Any CPU.Build.0 = Release|Any CPU
		{2344C836-6B6F-4259-A5A3-E12EAFDBA643}.Release 4.5|Any CPU.ActiveCfg = Release|Any CPU
		{2344C836-6B6F-4259-A5A3-E12EAFDBA643}.Release 4.5|Any CPU.Build.0 = Release|Any CPU
		{2344C836-6B6F-4259-A5A3-E12EAFDBA643}.Release|Any CPU.ActiveCfg = Release|Any CPU
		{2344C836-6B6F-4259-A5A3-E12EAFDBA643}.Release|Any CPU.Build.0 = Release|Any CPU
		{D5D14E17-C9D5-4AB2-AB74-96F95B50614F}.Debug_Unity_Client|Any CPU.ActiveCfg = UnityDebug|Any CPU
		{D5D14E17-C9D5-4AB2-AB74-96F95B50614F}.Debug_Unity_Client|Any CPU.Build.0 = UnityDebug|Any CPU
		{D5D14E17-C9D5-4AB2-AB74-96F95B50614F}.Debug|Any CPU.ActiveCfg = Debug|Any CPU
		{D5D14E17-C9D5-4AB2-AB74-96F95B50614F}.Debug|Any CPU.Build.0 = Debug|Any CPU
		{D5D14E17-C9D5-4AB2-AB74-96F95B50614F}.Release 2.0|Any CPU.ActiveCfg = Release|Any CPU
		{D5D14E17-C9D5-4AB2-AB74-96F95B50614F}.Release 2.0|Any CPU.Build.0 = Release|Any CPU
		{D5D14E17-C9D5-4AB2-AB74-96F95B50614F}.Release 4.5|Any CPU.ActiveCfg = Release|Any CPU
		{D5D14E17-C9D5-4AB2-AB74-96F95B50614F}.Release 4.5|Any CPU.Build.0 = Release|Any CPU
		{D5D14E17-C9D5-4AB2-AB74-96F95B50614F}.Release|Any CPU.ActiveCfg = Release|Any CPU
		{D5D14E17-C9D5-4AB2-AB74-96F95B50614F}.Release|Any CPU.Build.0 = Release|Any CPU
		{1531C1EA-BD53-41D1-A34B-CFCDF79D2651}.Debug_Unity_Client|Any CPU.ActiveCfg = Debug|Any CPU
		{1531C1EA-BD53-41D1-A34B-CFCDF79D2651}.Debug|Any CPU.ActiveCfg = Debug|Any CPU
		{1531C1EA-BD53-41D1-A34B-CFCDF79D2651}.Debug|Any CPU.Build.0 = Debug|Any CPU
		{1531C1EA-BD53-41D1-A34B-CFCDF79D2651}.Release 2.0|Any CPU.ActiveCfg = Release 2.0|Any CPU
		{1531C1EA-BD53-41D1-A34B-CFCDF79D2651}.Release 2.0|Any CPU.Build.0 = Release 2.0|Any CPU
		{1531C1EA-BD53-41D1-A34B-CFCDF79D2651}.Release 4.5|Any CPU.ActiveCfg = Release 4.5|Any CPU
		{1531C1EA-BD53-41D1-A34B-CFCDF79D2651}.Release 4.5|Any CPU.Build.0 = Release 4.5|Any CPU
		{1531C1EA-BD53-41D1-A34B-CFCDF79D2651}.Release|Any CPU.ActiveCfg = Release|Any CPU
		{1531C1EA-BD53-41D1-A34B-CFCDF79D2651}.Release|Any CPU.Build.0 = Release|Any CPU
		{CB5C5A48-BBC4-4825-86CB-87E4037DB0C1}.Debug_Unity_Client|Any CPU.ActiveCfg = UnityDebug|Any CPU
		{CB5C5A48-BBC4-4825-86CB-87E4037DB0C1}.Debug_Unity_Client|Any CPU.Build.0 = UnityDebug|Any CPU
		{CB5C5A48-BBC4-4825-86CB-87E4037DB0C1}.Debug|Any CPU.ActiveCfg = Debug|Any CPU
		{CB5C5A48-BBC4-4825-86CB-87E4037DB0C1}.Debug|Any CPU.Build.0 = Debug|Any CPU
		{CB5C5A48-BBC4-4825-86CB-87E4037DB0C1}.Release 2.0|Any CPU.ActiveCfg = Release|Any CPU
		{CB5C5A48-BBC4-4825-86CB-87E4037DB0C1}.Release 2.0|Any CPU.Build.0 = Release|Any CPU
		{CB5C5A48-BBC4-4825-86CB-87E4037DB0C1}.Release 4.5|Any CPU.ActiveCfg = Release|Any CPU
		{CB5C5A48-BBC4-4825-86CB-87E4037DB0C1}.Release 4.5|Any CPU.Build.0 = Release|Any CPU
		{CB5C5A48-BBC4-4825-86CB-87E4037DB0C1}.Release|Any CPU.ActiveCfg = Release|Any CPU
		{CB5C5A48-BBC4-4825-86CB-87E4037DB0C1}.Release|Any CPU.Build.0 = Release|Any CPU
		{7ADF8CD4-CFCB-4E35-ABF7-E761497EAA11}.Debug_Unity_Client|Any CPU.ActiveCfg = Unity Debug|Any CPU
		{7ADF8CD4-CFCB-4E35-ABF7-E761497EAA11}.Debug|Any CPU.ActiveCfg = Debug|Any CPU
		{7ADF8CD4-CFCB-4E35-ABF7-E761497EAA11}.Debug|Any CPU.Build.0 = Debug|Any CPU
		{7ADF8CD4-CFCB-4E35-ABF7-E761497EAA11}.Release 2.0|Any CPU.ActiveCfg = Release|Any CPU
		{7ADF8CD4-CFCB-4E35-ABF7-E761497EAA11}.Release 2.0|Any CPU.Build.0 = Release|Any CPU
		{7ADF8CD4-CFCB-4E35-ABF7-E761497EAA11}.Release 4.5|Any CPU.ActiveCfg = Release|Any CPU
		{7ADF8CD4-CFCB-4E35-ABF7-E761497EAA11}.Release 4.5|Any CPU.Build.0 = Release|Any CPU
		{7ADF8CD4-CFCB-4E35-ABF7-E761497EAA11}.Release|Any CPU.ActiveCfg = Release|Any CPU
		{7ADF8CD4-CFCB-4E35-ABF7-E761497EAA11}.Release|Any CPU.Build.0 = Release|Any CPU
		{B5F3B28A-10BF-4193-920A-3F8AA6817799}.Debug_Unity_Client|Any CPU.ActiveCfg = Unity Debug|Any CPU
		{B5F3B28A-10BF-4193-920A-3F8AA6817799}.Debug|Any CPU.ActiveCfg = Debug|Any CPU
		{B5F3B28A-10BF-4193-920A-3F8AA6817799}.Debug|Any CPU.Build.0 = Debug|Any CPU
		{B5F3B28A-10BF-4193-920A-3F8AA6817799}.Release 2.0|Any CPU.ActiveCfg = Release|Any CPU
		{B5F3B28A-10BF-4193-920A-3F8AA6817799}.Release 2.0|Any CPU.Build.0 = Release|Any CPU
		{B5F3B28A-10BF-4193-920A-3F8AA6817799}.Release 4.5|Any CPU.ActiveCfg = Release|Any CPU
		{B5F3B28A-10BF-4193-920A-3F8AA6817799}.Release 4.5|Any CPU.Build.0 = Release|Any CPU
		{B5F3B28A-10BF-4193-920A-3F8AA6817799}.Release|Any CPU.ActiveCfg = Release|Any CPU
		{B5F3B28A-10BF-4193-920A-3F8AA6817799}.Release|Any CPU.Build.0 = Release|Any CPU
		{D9ABF6B3-C495-4A39-B234-FCAB5EC9DB30}.Debug_Unity_Client|Any CPU.ActiveCfg = Unity Debug|Any CPU
		{D9ABF6B3-C495-4A39-B234-FCAB5EC9DB30}.Debug|Any CPU.ActiveCfg = Debug|Any CPU
		{D9ABF6B3-C495-4A39-B234-FCAB5EC9DB30}.Debug|Any CPU.Build.0 = Debug|Any CPU
		{D9ABF6B3-C495-4A39-B234-FCAB5EC9DB30}.Release 2.0|Any CPU.ActiveCfg = Release|Any CPU
		{D9ABF6B3-C495-4A39-B234-FCAB5EC9DB30}.Release 2.0|Any CPU.Build.0 = Release|Any CPU
		{D9ABF6B3-C495-4A39-B234-FCAB5EC9DB30}.Release 4.5|Any CPU.ActiveCfg = Release|Any CPU
		{D9ABF6B3-C495-4A39-B234-FCAB5EC9DB30}.Release 4.5|Any CPU.Build.0 = Release|Any CPU
		{D9ABF6B3-C495-4A39-B234-FCAB5EC9DB30}.Release|Any CPU.ActiveCfg = Release|Any CPU
		{D9ABF6B3-C495-4A39-B234-FCAB5EC9DB30}.Release|Any CPU.Build.0 = Release|Any CPU
		{E7B6C8DC-262E-4B9D-85E3-2E6AE0467018}.Debug_Unity_Client|Any CPU.ActiveCfg = Debug|Any CPU
		{E7B6C8DC-262E-4B9D-85E3-2E6AE0467018}.Debug|Any CPU.ActiveCfg = Debug|Any CPU
		{E7B6C8DC-262E-4B9D-85E3-2E6AE0467018}.Debug|Any CPU.Build.0 = Debug|Any CPU
		{E7B6C8DC-262E-4B9D-85E3-2E6AE0467018}.Release 2.0|Any CPU.ActiveCfg = Release|Any CPU
		{E7B6C8DC-262E-4B9D-85E3-2E6AE0467018}.Release 2.0|Any CPU.Build.0 = Release|Any CPU
		{E7B6C8DC-262E-4B9D-85E3-2E6AE0467018}.Release 4.5|Any CPU.ActiveCfg = Release|Any CPU
		{E7B6C8DC-262E-4B9D-85E3-2E6AE0467018}.Release 4.5|Any CPU.Build.0 = Release|Any CPU
		{E7B6C8DC-262E-4B9D-85E3-2E6AE0467018}.Release|Any CPU.ActiveCfg = Release|Any CPU
		{E7B6C8DC-262E-4B9D-85E3-2E6AE0467018}.Release|Any CPU.Build.0 = Release|Any CPU
		{F62B5705-BF54-498A-B662-704C0B50C0B6}.Debug_Unity_Client|Any CPU.ActiveCfg = Debug|Any CPU
		{F62B5705-BF54-498A-B662-704C0B50C0B6}.Debug|Any CPU.ActiveCfg = Debug|Any CPU
		{F62B5705-BF54-498A-B662-704C0B50C0B6}.Debug|Any CPU.Build.0 = Debug|Any CPU
		{F62B5705-BF54-498A-B662-704C0B50C0B6}.Release 2.0|Any CPU.ActiveCfg = Release|Any CPU
		{F62B5705-BF54-498A-B662-704C0B50C0B6}.Release 2.0|Any CPU.Build.0 = Release|Any CPU
		{F62B5705-BF54-498A-B662-704C0B50C0B6}.Release 4.5|Any CPU.ActiveCfg = Release|Any CPU
		{F62B5705-BF54-498A-B662-704C0B50C0B6}.Release 4.5|Any CPU.Build.0 = Release|Any CPU
		{F62B5705-BF54-498A-B662-704C0B50C0B6}.Release|Any CPU.ActiveCfg = Release|Any CPU
		{F62B5705-BF54-498A-B662-704C0B50C0B6}.Release|Any CPU.Build.0 = Release|Any CPU
		{E3EBDB5B-8879-45F3-B10F-EAC2CA313F42}.Debug_Unity_Client|Any CPU.ActiveCfg = Debug|Any CPU
		{E3EBDB5B-8879-45F3-B10F-EAC2CA313F42}.Debug_Unity_Client|Any CPU.Build.0 = Debug|Any CPU
		{E3EBDB5B-8879-45F3-B10F-EAC2CA313F42}.Debug|Any CPU.ActiveCfg = Debug|Any CPU
		{E3EBDB5B-8879-45F3-B10F-EAC2CA313F42}.Debug|Any CPU.Build.0 = Debug|Any CPU
		{E3EBDB5B-8879-45F3-B10F-EAC2CA313F42}.Release 2.0|Any CPU.ActiveCfg = Release|Any CPU
		{E3EBDB5B-8879-45F3-B10F-EAC2CA313F42}.Release 2.0|Any CPU.Build.0 = Release|Any CPU
		{E3EBDB5B-8879-45F3-B10F-EAC2CA313F42}.Release 4.5|Any CPU.ActiveCfg = Release|Any CPU
		{E3EBDB5B-8879-45F3-B10F-EAC2CA313F42}.Release 4.5|Any CPU.Build.0 = Release|Any CPU
		{E3EBDB5B-8879-45F3-B10F-EAC2CA313F42}.Release|Any CPU.ActiveCfg = Release|Any CPU
		{E3EBDB5B-8879-45F3-B10F-EAC2CA313F42}.Release|Any CPU.Build.0 = Release|Any CPU
	EndGlobalSection
	GlobalSection(SolutionProperties) = preSolution
		HideSolutionNode = FALSE
	EndGlobalSection
	GlobalSection(NestedProjects) = preSolution
		{223D6705-337D-409F-8524-553ABC5EAABD} = {95870326-A203-47B3-BBEE-8CF6CC7FB05F}
		{7ADF8CD4-CFCB-4E35-ABF7-E761497EAA11} = {1339B075-DB93-458D-873C-2775F5EEB924}
		{B5F3B28A-10BF-4193-920A-3F8AA6817799} = {1339B075-DB93-458D-873C-2775F5EEB924}
		{D9ABF6B3-C495-4A39-B234-FCAB5EC9DB30} = {1339B075-DB93-458D-873C-2775F5EEB924}
	EndGlobalSection
EndGlobal
