
Microsoft Visual Studio Solution File, Format Version 12.00
# Visual Studio 14
VisualStudioVersion = 14.0.25123.0
MinimumVisualStudioVersion = 10.0.40219.1
Project("{FAE04EC0-301F-11D3-BF4B-00C04F79EFBC}") = "Photon.LoadBalancing", "Photon.LoadBalancing\Photon.LoadBalancing.csproj", "{918525F6-635E-4D56-A85C-7F4C5E95E822}"
EndProject
Project("{FAE04EC0-301F-11D3-BF4B-00C04F79EFBC}") = "PhotonHive", "Hive\PhotonHive\PhotonHive.csproj", "{E1F918F4-F581-4280-9D91-3CF77B24C290}"
EndProject
Project("{FAE04EC0-301F-11D3-BF4B-00C04F79EFBC}") = "PhotonHivePlugin", "HivePlugin\PhotonHivePlugin.csproj", "{223D6705-337D-409F-8524-553ABC5EAABD}"
EndProject
Project("{FAE04EC0-301F-11D3-BF4B-00C04F79EFBC}") = "Photon.Common", "Photon.Common\Photon.Common.csproj", "{1DDB6B23-41F0-4C63-B945-0C7D3F902D1C}"
EndProject
Project("{2150E333-8FDC-42A3-9474-1A3956D46DE8}") = "Plugins", "Plugins", "{95870326-A203-47B3-BBEE-8CF6CC7FB05F}"
EndProject
Project("{FAE04EC0-301F-11D3-BF4B-00C04F79EFBC}") = "PlayGen.ITAlert.Photon.Plugins", "PlayGen.ITAlert.Photon.Plugins\PlayGen.ITAlert.Photon.Plugins.csproj", "{CA3E391B-7EAB-428E-B869-2C974E211067}"
EndProject
Project("{FAE04EC0-301F-11D3-BF4B-00C04F79EFBC}") = "PlayGen.ITAlert.Photon.Events", "PlayGen.ITAlert.Photon.Events\PlayGen.ITAlert.Photon.Events.csproj", "{B4EAA34F-88B2-43FE-85AA-CD66056EC75E}"
EndProject
Project("{FAE04EC0-301F-11D3-BF4B-00C04F79EFBC}") = "PlayGen.ITAlert.Photon.Serialization", "PlayGen.ITAlert.Photon.Serialization\PlayGen.ITAlert.Photon.Serialization.csproj", "{32DC2199-5631-4682-92CE-9D1E6ACD8F86}"
EndProject
Project("{2150E333-8FDC-42A3-9474-1A3956D46DE8}") = "GameWork.Core", "GameWork.Core", "{1339B075-DB93-458D-873C-2775F5EEB924}"
EndProject
Project("{FAE04EC0-301F-11D3-BF4B-00C04F79EFBC}") = "PlayGen.ITAlert.Photon.Players", "PlayGen.ITAlert.Photon.Players\PlayGen.ITAlert.Photon.Players.csproj", "{7E9EFE9A-58C7-45DC-AB5F-EF52CD721DB5}"
EndProject
Project("{FAE04EC0-301F-11D3-BF4B-00C04F79EFBC}") = "GameWork.Core.Commands", "..\GameWork.Unity\GameWork.Core\GameWork.Core.Commands\GameWork.Core.Commands.csproj", "{172A1C8E-A69D-4A00-A97D-2C75275F6980}"
EndProject
Project("{FAE04EC0-301F-11D3-BF4B-00C04F79EFBC}") = "GameWork.Core.Interfaces", "..\GameWork.Unity\GameWork.Core\GameWork.Core.Interfaces\GameWork.Core.Interfaces.csproj", "{7996590E-EFF0-459A-A75E-ED6FCBD4AE7F}"
EndProject
Project("{FAE04EC0-301F-11D3-BF4B-00C04F79EFBC}") = "GameWork.Core.States", "..\GameWork.Unity\GameWork.Core\GameWork.Core.States\GameWork.Core.States.csproj", "{D34D64C8-DC4F-45FB-903E-B42DACA78632}"
EndProject
Project("{2150E333-8FDC-42A3-9474-1A3956D46DE8}") = "Simulation", "Simulation", "{040EBB4D-6664-4699-AE6E-CD3A0AE31FE0}"
EndProject
Project("{FAE04EC0-301F-11D3-BF4B-00C04F79EFBC}") = "PlayGen.ITAlert.Simulation", "..\Simulation\PlayGen.ITAlert.Simulation\PlayGen.ITAlert.Simulation.csproj", "{354189CC-C80B-4310-9B3A-7F9080AB4502}"
EndProject
Project("{FAE04EC0-301F-11D3-BF4B-00C04F79EFBC}") = "PlayGen.ITAlert.Simulation.CLI", "..\Simulation\PlayGen.ITAlert.Simulation.CLI\PlayGen.ITAlert.Simulation.CLI.csproj", "{40DB97CD-BB9F-4EAF-8092-39975F9719D6}"
EndProject
Project("{FAE04EC0-301F-11D3-BF4B-00C04F79EFBC}") = "PlayGen.ITAlert.Simulation.Configuration", "..\Simulation\PlayGen.ITAlert.Simulation.Configuration\PlayGen.ITAlert.Simulation.Configuration.csproj", "{79FA84E4-8380-4298-A823-3C0976D527EF}"
EndProject
Project("{FAE04EC0-301F-11D3-BF4B-00C04F79EFBC}") = "PlayGen.ITAlert.Simulation.Tests", "..\Simulation\PlayGen.ITAlert.Simulation.Tests\PlayGen.ITAlert.Simulation.Tests.csproj", "{1B0A8C03-8A9A-4A3B-9C36-D750CEDB9853}"
EndProject
Project("{FAE04EC0-301F-11D3-BF4B-00C04F79EFBC}") = "PlayGen.ITAlert.Simulation.TestData", "..\Simulation\PlayGen.ITAlert.Simulation.TestData\PlayGen.ITAlert.Simulation.TestData.csproj", "{50651079-AC3A-447F-A710-E9049F3D1565}"
EndProject
Project("{FAE04EC0-301F-11D3-BF4B-00C04F79EFBC}") = "PlayGen.ITAlert.Simulation.Configuration.Tests", "..\Simulation\PlayGen.ITAlert.Simulation.Configuration.Tests\PlayGen.ITAlert.Simulation.Configuration.Tests.csproj", "{320609A9-59D3-4DF2-9324-A44260C258F5}"
EndProject
Project("{FAE04EC0-301F-11D3-BF4B-00C04F79EFBC}") = "PlayGen.ITAlert.Simulation.Common", "..\Simulation\PlayGen.ITAlert.Simulation.Common\PlayGen.ITAlert.Simulation.Common.csproj", "{819D263A-C6B4-4BE6-92CE-A6F38B1CFE00}"
EndProject
Project("{FAE04EC0-301F-11D3-BF4B-00C04F79EFBC}") = "PlayGen.ITAlert.Simulation.Common.Tests", "..\Simulation\PlayGen.ITAlert.Simulation.Common.Tests\PlayGen.ITAlert.Simulation.Common.Tests.csproj", "{B989EC0F-44F4-4AB2-98F5-184BAB9FCE26}"
EndProject
Project("{FAE04EC0-301F-11D3-BF4B-00C04F79EFBC}") = "Priority Queue", "..\Simulation\High-Speed-Priority-Queue-for-C-Sharp\Priority Queue\Priority Queue.csproj", "{1531C1EA-BD53-41D1-A34B-CFCDF79D2651}"
EndProject
Project("{FAE04EC0-301F-11D3-BF4B-00C04F79EFBC}") = "Priority Queue Tests", "..\Simulation\High-Speed-Priority-Queue-for-C-Sharp\Priority Queue Tests\Priority Queue Tests.csproj", "{CD080A54-9580-45C9-B5BB-479A0A38B70E}"
EndProject
Project("{FAE04EC0-301F-11D3-BF4B-00C04F79EFBC}") = "PlayGen.ITAlert.Simulation.Host", "..\Simulation\PlayGen.ITAlert.Simulation.Host\PlayGen.ITAlert.Simulation.Host.csproj", "{7D69ED22-9BE7-46DD-9F46-0809C7D74385}"
EndProject
Project("{FAE04EC0-301F-11D3-BF4B-00C04F79EFBC}") = "PlayGen.ITAlert.Simulation.Util", "..\Simulation\PlayGen.ITAlert.Simulation.Util\PlayGen.ITAlert.Simulation.Util.csproj", "{0AA1AD9D-17F0-4D47-9CD9-2953F3F133F2}"
EndProject
Project("{FAE04EC0-301F-11D3-BF4B-00C04F79EFBC}") = "PlayGen.ITAlert.Simulation.Serialization", "..\Simulation\PlayGen.ITAlert.Simulation.Serialization\PlayGen.ITAlert.Simulation.Serialization.csproj", "{D5D14E17-C9D5-4AB2-AB74-96F95B50614F}"
EndProject
Project("{FAE04EC0-301F-11D3-BF4B-00C04F79EFBC}") = "PlayGen.ITAlert.Simulation.Serialization.Tests", "..\Simulation\PlayGen.ITAlert.Simulation.Serialization.Tests\PlayGen.ITAlert.Simulation.Serialization.Tests.csproj", "{50D38CA1-043A-41DB-A03F-D07C596638FD}"
EndProject
Project("{FAE04EC0-301F-11D3-BF4B-00C04F79EFBC}") = "PlayGen.ITAlert.Simulation.Commands", "..\Simulation\PlayGen.ITAlert.Simulation.Commands\PlayGen.ITAlert.Simulation.Commands.csproj", "{2344C836-6B6F-4259-A5A3-E12EAFDBA643}"
EndProject
Project("{FAE04EC0-301F-11D3-BF4B-00C04F79EFBC}") = "PlayGen.ITAlert.Simulation.Commands.Tests", "..\Simulation\PlayGen.ITAlert.Simulation.Commands.Tests\PlayGen.ITAlert.Simulation.Commands.Tests.csproj", "{241C2A0B-AB53-40A9-8812-86FED7CCBFD4}"
EndProject
Project("{FAE04EC0-301F-11D3-BF4B-00C04F79EFBC}") = "PlayGen.Engine", "..\Simulation\PlayGen.Engine\PlayGen.Engine.csproj", "{DC88053B-F802-47E1-9BE4-A7E9F795858D}"
EndProject
Project("{2150E333-8FDC-42A3-9474-1A3956D46DE8}") = "Engine", "Engine", "{1ECFA4EB-642C-46B9-B677-815DD56B26E3}"
EndProject
Project("{FAE04EC0-301F-11D3-BF4B-00C04F79EFBC}") = "PlayGen.Engine.Serialization", "..\Simulation\PlayGen.Engine.Serialization\PlayGen.Engine.Serialization.csproj", "{6719CEEE-EA1D-48CC-A301-89A0E47BC3AD}"
EndProject
Project("{2150E333-8FDC-42A3-9474-1A3956D46DE8}") = "Debug", "Debug", "{5B8C1896-A295-4C48-992F-51D983EC1EA3}"
EndProject
Project("{2150E333-8FDC-42A3-9474-1A3956D46DE8}") = "External", "External", "{ACAFB2F3-CA8D-421B-A97D-2C938B78B592}"
EndProject
Project("{FAE04EC0-301F-11D3-BF4B-00C04F79EFBC}") = "PlayGen.Engine.Components", "..\Simulation\PlayGen.Engine.Components\PlayGen.Engine.Components.csproj", "{9771FF48-FABE-4F97-A041-EA6F39057812}"
EndProject
Project("{2150E333-8FDC-42A3-9474-1A3956D46DE8}") = "External", "External", "{9AD0E533-B398-4375-96BF-D1AB140B062D}"
EndProject
Project("{FAE04EC0-301F-11D3-BF4B-00C04F79EFBC}") = "ICSharpCode.SharpZipLib", "..\Simulation\SharpZipLib\ICSharpCode.SharpZipLib\ICSharpCode.SharpZipLib.csproj", "{0E7413FF-EB9E-4714-ACF2-BE3A6A7B2FFD}"
EndProject
Project("{FAE04EC0-301F-11D3-BF4B-00C04F79EFBC}") = "Zenject", "..\Zenject\UnityProject\Assets\Zenject\Source\Zenject.csproj", "{46F25A62-2E29-48CB-95F3-BDBCB0976DDC}"
EndProject
Project("{FAE04EC0-301F-11D3-BF4B-00C04F79EFBC}") = "Zenject.Commands", "..\Zenject\UnityProject\Assets\Zenject\OptionalExtras\CommandsAndSignals\Zenject.Commands.csproj", "{B543A0B8-2630-424E-B628-53457BE4884B}"
EndProject
Project("{FAE04EC0-301F-11D3-BF4B-00C04F79EFBC}") = "Zenject-tests", "..\Zenject\UnityProject\Assets\Zenject\OptionalExtras\UnitTests\Editor\Zenject-tests.csproj", "{34E27462-3046-4DC7-A7FA-45E4F4F7D413}"
EndProject
Project("{FAE04EC0-301F-11D3-BF4B-00C04F79EFBC}") = "PlayGen.Engine.Serialization.Tests", "..\Simulation\PlayGen.Engine.Serialization.Tests\PlayGen.Engine.Serialization.Tests.csproj", "{14C24EA9-DD64-4739-910B-7E0A91A5E84F}"
EndProject
Project("{D954291E-2A0B-460D-934E-DC6B0785DB48}") = "Newtonsoft.Json.Shared", "..\Simulation\Newtonsoft.Json\Src\Newtonsoft.Json\Newtonsoft.Json.Shared.shproj", "{1AC37270-0ADC-43F6-9FC8-6FEB96686356}"
EndProject
Project("{FAE04EC0-301F-11D3-BF4B-00C04F79EFBC}") = "PlayGen.Engine.Components.Tests", "..\Simulation\PlayGen.Engine.Components.Tests\PlayGen.Engine.Components.Tests.csproj", "{82EF42EA-CFFA-4781-9FB5-FD70966870A3}"
EndProject
Project("{FAE04EC0-301F-11D3-BF4B-00C04F79EFBC}") = "PlayGen.Engine.Tests", "..\Simulation\PlayGen.Engine.Tests\PlayGen.Engine.Tests.csproj", "{FD2A86F9-1669-43C4-BEFB-1240B4A37975}"
EndProject
Project("{FAE04EC0-301F-11D3-BF4B-00C04F79EFBC}") = "PlayGen.Engine.Messaging", "..\Simulation\PlayGen.Engine.Messaging\PlayGen.Engine.Messaging.csproj", "{24BF346A-AA43-4613-B1F0-2369DD0994F2}"
EndProject
Project("{FAE04EC0-301F-11D3-BF4B-00C04F79EFBC}") = "PlayGen.Engine.Entities", "..\Simulation\PlayGen.Engine.Entities\PlayGen.Engine.Entities.csproj", "{984830D2-F939-4485-922F-D55D835C89F7}"
EndProject
Project("{FAE04EC0-301F-11D3-BF4B-00C04F79EFBC}") = "PlayGen.Engine.Entities.Tests", "..\Simulation\PlayGen.Engine.Entities.Tests\PlayGen.Engine.Entities.Tests.csproj", "{024A08FE-7108-4C7B-ABE0-051662BA68B4}"
EndProject
Project("{FAE04EC0-301F-11D3-BF4B-00C04F79EFBC}") = "PlayGen.Engine.Messaging.Tests", "..\Simulation\PlayGen.Engine.Messaging.Tests\PlayGen.Engine.Messaging.Tests.csproj", "{D454A01E-2C50-4CFF-8F7C-4FAB87CF92ED}"
EndProject
Project("{FAE04EC0-301F-11D3-BF4B-00C04F79EFBC}") = "PlayGen.ITAlert.Simulation.Entities", "..\Simulation\PlayGen.ITAlert.Simulation.Entities\PlayGen.ITAlert.Simulation.Entities.csproj", "{3599B815-929D-4FB3-A19E-0B608BC781CC}"
EndProject
Project("{FAE04EC0-301F-11D3-BF4B-00C04F79EFBC}") = "PlayGen.ITAlert.Simulation.Entities.Tests", "..\Simulation\PlayGen.ITAlert.Simulation.Entities.Tests\PlayGen.ITAlert.Simulation.Entities.Tests.csproj", "{69E914DB-F45B-430A-A91A-A10DF274F14D}"
EndProject
Project("{FAE04EC0-301F-11D3-BF4B-00C04F79EFBC}") = "PlayGen.ITAlert.Simulation.Contracts", "..\Simulation\PlayGen.ITAlert.Simulation.Contracts\PlayGen.ITAlert.Simulation.Contracts.csproj", "{B4DC82FF-0DB1-4A0C-9B12-5C6D481FBF5D}"
EndProject
Project("{2150E333-8FDC-42A3-9474-1A3956D46DE8}") = "Simulation", "Simulation", "{44462B28-1544-4653-B506-C4D6D5F7D416}"
EndProject
Project("{FAE04EC0-301F-11D3-BF4B-00C04F79EFBC}") = "PlayGen.ITAlert.Simulation.Components", "..\Simulation\PlayGen.ITAlert.Simulation.Components\PlayGen.ITAlert.Simulation.Components.csproj", "{9ED71A09-13E4-4035-B3BA-C95214081D64}"
EndProject
Global
	GlobalSection(SharedMSBuildProjectFiles) = preSolution
		..\Simulation\Newtonsoft.Json\Src\Newtonsoft.Json\Newtonsoft.Json.Shared.projitems*{6719ceee-ea1d-48cc-a301-89a0e47bc3ad}*SharedItemsImports = 4
		..\Simulation\Newtonsoft.Json\Src\Newtonsoft.Json\Newtonsoft.Json.Shared.projitems*{1ac37270-0adc-43f6-9fc8-6feb96686356}*SharedItemsImports = 13
	EndGlobalSection
	GlobalSection(SolutionConfigurationPlatforms) = preSolution
		Debug|Any CPU = Debug|Any CPU
		Release 2.0|Any CPU = Release 2.0|Any CPU
		Release 4.5|Any CPU = Release 4.5|Any CPU
		Release|Any CPU = Release|Any CPU
		Unity Client Debug|Any CPU = Unity Client Debug|Any CPU
		Unity Debug|Any CPU = Unity Debug|Any CPU
		UnityDebug|Any CPU = UnityDebug|Any CPU
	EndGlobalSection
	GlobalSection(ProjectConfigurationPlatforms) = postSolution
		{918525F6-635E-4D56-A85C-7F4C5E95E822}.Debug|Any CPU.ActiveCfg = Debug|Any CPU
		{918525F6-635E-4D56-A85C-7F4C5E95E822}.Debug|Any CPU.Build.0 = Debug|Any CPU
		{918525F6-635E-4D56-A85C-7F4C5E95E822}.Release 2.0|Any CPU.ActiveCfg = Release|Any CPU
		{918525F6-635E-4D56-A85C-7F4C5E95E822}.Release 2.0|Any CPU.Build.0 = Release|Any CPU
		{918525F6-635E-4D56-A85C-7F4C5E95E822}.Release 4.5|Any CPU.ActiveCfg = Release|Any CPU
		{918525F6-635E-4D56-A85C-7F4C5E95E822}.Release 4.5|Any CPU.Build.0 = Release|Any CPU
		{918525F6-635E-4D56-A85C-7F4C5E95E822}.Release|Any CPU.ActiveCfg = Release|Any CPU
		{918525F6-635E-4D56-A85C-7F4C5E95E822}.Release|Any CPU.Build.0 = Release|Any CPU
		{918525F6-635E-4D56-A85C-7F4C5E95E822}.Unity Client Debug|Any CPU.ActiveCfg = Debug|Any CPU
		{918525F6-635E-4D56-A85C-7F4C5E95E822}.Unity Client Debug|Any CPU.Build.0 = Debug|Any CPU
		{918525F6-635E-4D56-A85C-7F4C5E95E822}.Unity Debug|Any CPU.ActiveCfg = Debug|Any CPU
		{918525F6-635E-4D56-A85C-7F4C5E95E822}.UnityDebug|Any CPU.ActiveCfg = Debug|Any CPU
		{918525F6-635E-4D56-A85C-7F4C5E95E822}.UnityDebug|Any CPU.Build.0 = Debug|Any CPU
		{E1F918F4-F581-4280-9D91-3CF77B24C290}.Debug|Any CPU.ActiveCfg = Debug|Any CPU
		{E1F918F4-F581-4280-9D91-3CF77B24C290}.Debug|Any CPU.Build.0 = Debug|Any CPU
		{E1F918F4-F581-4280-9D91-3CF77B24C290}.Release 2.0|Any CPU.ActiveCfg = Release|Any CPU
		{E1F918F4-F581-4280-9D91-3CF77B24C290}.Release 2.0|Any CPU.Build.0 = Release|Any CPU
		{E1F918F4-F581-4280-9D91-3CF77B24C290}.Release 4.5|Any CPU.ActiveCfg = Release|Any CPU
		{E1F918F4-F581-4280-9D91-3CF77B24C290}.Release 4.5|Any CPU.Build.0 = Release|Any CPU
		{E1F918F4-F581-4280-9D91-3CF77B24C290}.Release|Any CPU.ActiveCfg = Release|Any CPU
		{E1F918F4-F581-4280-9D91-3CF77B24C290}.Release|Any CPU.Build.0 = Release|Any CPU
		{E1F918F4-F581-4280-9D91-3CF77B24C290}.Unity Client Debug|Any CPU.ActiveCfg = Debug|Any CPU
		{E1F918F4-F581-4280-9D91-3CF77B24C290}.Unity Client Debug|Any CPU.Build.0 = Debug|Any CPU
		{E1F918F4-F581-4280-9D91-3CF77B24C290}.Unity Debug|Any CPU.ActiveCfg = Debug|Any CPU
		{E1F918F4-F581-4280-9D91-3CF77B24C290}.UnityDebug|Any CPU.ActiveCfg = Debug|Any CPU
		{E1F918F4-F581-4280-9D91-3CF77B24C290}.UnityDebug|Any CPU.Build.0 = Debug|Any CPU
		{223D6705-337D-409F-8524-553ABC5EAABD}.Debug|Any CPU.ActiveCfg = Debug|Any CPU
		{223D6705-337D-409F-8524-553ABC5EAABD}.Debug|Any CPU.Build.0 = Debug|Any CPU
		{223D6705-337D-409F-8524-553ABC5EAABD}.Release 2.0|Any CPU.ActiveCfg = Release|Any CPU
		{223D6705-337D-409F-8524-553ABC5EAABD}.Release 2.0|Any CPU.Build.0 = Release|Any CPU
		{223D6705-337D-409F-8524-553ABC5EAABD}.Release 4.5|Any CPU.ActiveCfg = Release|Any CPU
		{223D6705-337D-409F-8524-553ABC5EAABD}.Release 4.5|Any CPU.Build.0 = Release|Any CPU
		{223D6705-337D-409F-8524-553ABC5EAABD}.Release|Any CPU.ActiveCfg = Release|Any CPU
		{223D6705-337D-409F-8524-553ABC5EAABD}.Release|Any CPU.Build.0 = Release|Any CPU
		{223D6705-337D-409F-8524-553ABC5EAABD}.Unity Client Debug|Any CPU.ActiveCfg = Debug|Any CPU
		{223D6705-337D-409F-8524-553ABC5EAABD}.Unity Client Debug|Any CPU.Build.0 = Debug|Any CPU
		{223D6705-337D-409F-8524-553ABC5EAABD}.Unity Debug|Any CPU.ActiveCfg = Debug|Any CPU
		{223D6705-337D-409F-8524-553ABC5EAABD}.UnityDebug|Any CPU.ActiveCfg = Debug|Any CPU
		{223D6705-337D-409F-8524-553ABC5EAABD}.UnityDebug|Any CPU.Build.0 = Debug|Any CPU
		{1DDB6B23-41F0-4C63-B945-0C7D3F902D1C}.Debug|Any CPU.ActiveCfg = Debug|Any CPU
		{1DDB6B23-41F0-4C63-B945-0C7D3F902D1C}.Debug|Any CPU.Build.0 = Debug|Any CPU
		{1DDB6B23-41F0-4C63-B945-0C7D3F902D1C}.Release 2.0|Any CPU.ActiveCfg = Release|Any CPU
		{1DDB6B23-41F0-4C63-B945-0C7D3F902D1C}.Release 2.0|Any CPU.Build.0 = Release|Any CPU
		{1DDB6B23-41F0-4C63-B945-0C7D3F902D1C}.Release 4.5|Any CPU.ActiveCfg = Release|Any CPU
		{1DDB6B23-41F0-4C63-B945-0C7D3F902D1C}.Release 4.5|Any CPU.Build.0 = Release|Any CPU
		{1DDB6B23-41F0-4C63-B945-0C7D3F902D1C}.Release|Any CPU.ActiveCfg = Release|Any CPU
		{1DDB6B23-41F0-4C63-B945-0C7D3F902D1C}.Release|Any CPU.Build.0 = Release|Any CPU
		{1DDB6B23-41F0-4C63-B945-0C7D3F902D1C}.Unity Client Debug|Any CPU.ActiveCfg = Debug|Any CPU
		{1DDB6B23-41F0-4C63-B945-0C7D3F902D1C}.Unity Client Debug|Any CPU.Build.0 = Debug|Any CPU
		{1DDB6B23-41F0-4C63-B945-0C7D3F902D1C}.Unity Debug|Any CPU.ActiveCfg = Debug|Any CPU
		{1DDB6B23-41F0-4C63-B945-0C7D3F902D1C}.UnityDebug|Any CPU.ActiveCfg = Debug|Any CPU
		{1DDB6B23-41F0-4C63-B945-0C7D3F902D1C}.UnityDebug|Any CPU.Build.0 = Debug|Any CPU
		{CA3E391B-7EAB-428E-B869-2C974E211067}.Debug|Any CPU.ActiveCfg = Debug|Any CPU
		{CA3E391B-7EAB-428E-B869-2C974E211067}.Debug|Any CPU.Build.0 = Debug|Any CPU
		{CA3E391B-7EAB-428E-B869-2C974E211067}.Release 2.0|Any CPU.ActiveCfg = Release|Any CPU
		{CA3E391B-7EAB-428E-B869-2C974E211067}.Release 2.0|Any CPU.Build.0 = Release|Any CPU
		{CA3E391B-7EAB-428E-B869-2C974E211067}.Release 4.5|Any CPU.ActiveCfg = Release|Any CPU
		{CA3E391B-7EAB-428E-B869-2C974E211067}.Release 4.5|Any CPU.Build.0 = Release|Any CPU
		{CA3E391B-7EAB-428E-B869-2C974E211067}.Release|Any CPU.ActiveCfg = Release|Any CPU
		{CA3E391B-7EAB-428E-B869-2C974E211067}.Release|Any CPU.Build.0 = Release|Any CPU
		{CA3E391B-7EAB-428E-B869-2C974E211067}.Unity Client Debug|Any CPU.ActiveCfg = Debug|Any CPU
		{CA3E391B-7EAB-428E-B869-2C974E211067}.Unity Client Debug|Any CPU.Build.0 = Debug|Any CPU
		{CA3E391B-7EAB-428E-B869-2C974E211067}.Unity Debug|Any CPU.ActiveCfg = Debug|Any CPU
		{CA3E391B-7EAB-428E-B869-2C974E211067}.UnityDebug|Any CPU.ActiveCfg = Debug|Any CPU
		{CA3E391B-7EAB-428E-B869-2C974E211067}.UnityDebug|Any CPU.Build.0 = Debug|Any CPU
		{B4EAA34F-88B2-43FE-85AA-CD66056EC75E}.Debug|Any CPU.ActiveCfg = Debug|Any CPU
		{B4EAA34F-88B2-43FE-85AA-CD66056EC75E}.Debug|Any CPU.Build.0 = Debug|Any CPU
		{B4EAA34F-88B2-43FE-85AA-CD66056EC75E}.Release 2.0|Any CPU.ActiveCfg = Release|Any CPU
		{B4EAA34F-88B2-43FE-85AA-CD66056EC75E}.Release 2.0|Any CPU.Build.0 = Release|Any CPU
		{B4EAA34F-88B2-43FE-85AA-CD66056EC75E}.Release 4.5|Any CPU.ActiveCfg = Release|Any CPU
		{B4EAA34F-88B2-43FE-85AA-CD66056EC75E}.Release 4.5|Any CPU.Build.0 = Release|Any CPU
		{B4EAA34F-88B2-43FE-85AA-CD66056EC75E}.Release|Any CPU.ActiveCfg = Release|Any CPU
		{B4EAA34F-88B2-43FE-85AA-CD66056EC75E}.Release|Any CPU.Build.0 = Release|Any CPU
		{B4EAA34F-88B2-43FE-85AA-CD66056EC75E}.Unity Client Debug|Any CPU.ActiveCfg = Unity Debug|Any CPU
		{B4EAA34F-88B2-43FE-85AA-CD66056EC75E}.Unity Client Debug|Any CPU.Build.0 = Unity Debug|Any CPU
		{B4EAA34F-88B2-43FE-85AA-CD66056EC75E}.Unity Debug|Any CPU.ActiveCfg = Unity Debug|Any CPU
		{B4EAA34F-88B2-43FE-85AA-CD66056EC75E}.Unity Debug|Any CPU.Build.0 = Unity Debug|Any CPU
		{B4EAA34F-88B2-43FE-85AA-CD66056EC75E}.UnityDebug|Any CPU.ActiveCfg = Unity Debug|Any CPU
		{B4EAA34F-88B2-43FE-85AA-CD66056EC75E}.UnityDebug|Any CPU.Build.0 = Unity Debug|Any CPU
		{32DC2199-5631-4682-92CE-9D1E6ACD8F86}.Debug|Any CPU.ActiveCfg = Debug|Any CPU
		{32DC2199-5631-4682-92CE-9D1E6ACD8F86}.Debug|Any CPU.Build.0 = Debug|Any CPU
		{32DC2199-5631-4682-92CE-9D1E6ACD8F86}.Release 2.0|Any CPU.ActiveCfg = Release|Any CPU
		{32DC2199-5631-4682-92CE-9D1E6ACD8F86}.Release 2.0|Any CPU.Build.0 = Release|Any CPU
		{32DC2199-5631-4682-92CE-9D1E6ACD8F86}.Release 4.5|Any CPU.ActiveCfg = Release|Any CPU
		{32DC2199-5631-4682-92CE-9D1E6ACD8F86}.Release 4.5|Any CPU.Build.0 = Release|Any CPU
		{32DC2199-5631-4682-92CE-9D1E6ACD8F86}.Release|Any CPU.ActiveCfg = Release|Any CPU
		{32DC2199-5631-4682-92CE-9D1E6ACD8F86}.Release|Any CPU.Build.0 = Release|Any CPU
		{32DC2199-5631-4682-92CE-9D1E6ACD8F86}.Unity Client Debug|Any CPU.ActiveCfg = Unity Debug|Any CPU
		{32DC2199-5631-4682-92CE-9D1E6ACD8F86}.Unity Client Debug|Any CPU.Build.0 = Unity Debug|Any CPU
		{32DC2199-5631-4682-92CE-9D1E6ACD8F86}.Unity Debug|Any CPU.ActiveCfg = Unity Debug|Any CPU
		{32DC2199-5631-4682-92CE-9D1E6ACD8F86}.Unity Debug|Any CPU.Build.0 = Unity Debug|Any CPU
		{32DC2199-5631-4682-92CE-9D1E6ACD8F86}.UnityDebug|Any CPU.ActiveCfg = Unity Debug|Any CPU
		{32DC2199-5631-4682-92CE-9D1E6ACD8F86}.UnityDebug|Any CPU.Build.0 = Unity Debug|Any CPU
		{7E9EFE9A-58C7-45DC-AB5F-EF52CD721DB5}.Debug|Any CPU.ActiveCfg = Debug|Any CPU
		{7E9EFE9A-58C7-45DC-AB5F-EF52CD721DB5}.Debug|Any CPU.Build.0 = Debug|Any CPU
		{7E9EFE9A-58C7-45DC-AB5F-EF52CD721DB5}.Release 2.0|Any CPU.ActiveCfg = Release|Any CPU
		{7E9EFE9A-58C7-45DC-AB5F-EF52CD721DB5}.Release 2.0|Any CPU.Build.0 = Release|Any CPU
		{7E9EFE9A-58C7-45DC-AB5F-EF52CD721DB5}.Release 4.5|Any CPU.ActiveCfg = Release|Any CPU
		{7E9EFE9A-58C7-45DC-AB5F-EF52CD721DB5}.Release 4.5|Any CPU.Build.0 = Release|Any CPU
		{7E9EFE9A-58C7-45DC-AB5F-EF52CD721DB5}.Release|Any CPU.ActiveCfg = Release|Any CPU
		{7E9EFE9A-58C7-45DC-AB5F-EF52CD721DB5}.Release|Any CPU.Build.0 = Release|Any CPU
		{7E9EFE9A-58C7-45DC-AB5F-EF52CD721DB5}.Unity Client Debug|Any CPU.ActiveCfg = Unity Debug|Any CPU
		{7E9EFE9A-58C7-45DC-AB5F-EF52CD721DB5}.Unity Client Debug|Any CPU.Build.0 = Unity Debug|Any CPU
		{7E9EFE9A-58C7-45DC-AB5F-EF52CD721DB5}.Unity Debug|Any CPU.ActiveCfg = Unity Debug|Any CPU
		{7E9EFE9A-58C7-45DC-AB5F-EF52CD721DB5}.Unity Debug|Any CPU.Build.0 = Unity Debug|Any CPU
		{7E9EFE9A-58C7-45DC-AB5F-EF52CD721DB5}.UnityDebug|Any CPU.ActiveCfg = Unity Debug|Any CPU
		{7E9EFE9A-58C7-45DC-AB5F-EF52CD721DB5}.UnityDebug|Any CPU.Build.0 = Unity Debug|Any CPU
		{172A1C8E-A69D-4A00-A97D-2C75275F6980}.Debug|Any CPU.ActiveCfg = Debug|Any CPU
		{172A1C8E-A69D-4A00-A97D-2C75275F6980}.Debug|Any CPU.Build.0 = Debug|Any CPU
		{172A1C8E-A69D-4A00-A97D-2C75275F6980}.Release 2.0|Any CPU.ActiveCfg = Release|Any CPU
		{172A1C8E-A69D-4A00-A97D-2C75275F6980}.Release 2.0|Any CPU.Build.0 = Release|Any CPU
		{172A1C8E-A69D-4A00-A97D-2C75275F6980}.Release 4.5|Any CPU.ActiveCfg = Release|Any CPU
		{172A1C8E-A69D-4A00-A97D-2C75275F6980}.Release 4.5|Any CPU.Build.0 = Release|Any CPU
		{172A1C8E-A69D-4A00-A97D-2C75275F6980}.Release|Any CPU.ActiveCfg = Release|Any CPU
		{172A1C8E-A69D-4A00-A97D-2C75275F6980}.Release|Any CPU.Build.0 = Release|Any CPU
		{172A1C8E-A69D-4A00-A97D-2C75275F6980}.Unity Client Debug|Any CPU.ActiveCfg = Unity Client Debug|Any CPU
		{172A1C8E-A69D-4A00-A97D-2C75275F6980}.Unity Client Debug|Any CPU.Build.0 = Unity Client Debug|Any CPU
		{172A1C8E-A69D-4A00-A97D-2C75275F6980}.Unity Debug|Any CPU.ActiveCfg = Unity Debug|Any CPU
		{172A1C8E-A69D-4A00-A97D-2C75275F6980}.Unity Debug|Any CPU.Build.0 = Unity Debug|Any CPU
		{172A1C8E-A69D-4A00-A97D-2C75275F6980}.UnityDebug|Any CPU.ActiveCfg = Unity Client Debug|Any CPU
		{172A1C8E-A69D-4A00-A97D-2C75275F6980}.UnityDebug|Any CPU.Build.0 = Unity Client Debug|Any CPU
		{7996590E-EFF0-459A-A75E-ED6FCBD4AE7F}.Debug|Any CPU.ActiveCfg = Debug|Any CPU
		{7996590E-EFF0-459A-A75E-ED6FCBD4AE7F}.Debug|Any CPU.Build.0 = Debug|Any CPU
		{7996590E-EFF0-459A-A75E-ED6FCBD4AE7F}.Release 2.0|Any CPU.ActiveCfg = Release|Any CPU
		{7996590E-EFF0-459A-A75E-ED6FCBD4AE7F}.Release 2.0|Any CPU.Build.0 = Release|Any CPU
		{7996590E-EFF0-459A-A75E-ED6FCBD4AE7F}.Release 4.5|Any CPU.ActiveCfg = Release|Any CPU
		{7996590E-EFF0-459A-A75E-ED6FCBD4AE7F}.Release 4.5|Any CPU.Build.0 = Release|Any CPU
		{7996590E-EFF0-459A-A75E-ED6FCBD4AE7F}.Release|Any CPU.ActiveCfg = Release|Any CPU
		{7996590E-EFF0-459A-A75E-ED6FCBD4AE7F}.Release|Any CPU.Build.0 = Release|Any CPU
		{7996590E-EFF0-459A-A75E-ED6FCBD4AE7F}.Unity Client Debug|Any CPU.ActiveCfg = Unity Client Debug|Any CPU
		{7996590E-EFF0-459A-A75E-ED6FCBD4AE7F}.Unity Client Debug|Any CPU.Build.0 = Unity Client Debug|Any CPU
		{7996590E-EFF0-459A-A75E-ED6FCBD4AE7F}.Unity Debug|Any CPU.ActiveCfg = Unity Debug|Any CPU
		{7996590E-EFF0-459A-A75E-ED6FCBD4AE7F}.Unity Debug|Any CPU.Build.0 = Unity Debug|Any CPU
		{7996590E-EFF0-459A-A75E-ED6FCBD4AE7F}.UnityDebug|Any CPU.ActiveCfg = Unity Client Debug|Any CPU
		{7996590E-EFF0-459A-A75E-ED6FCBD4AE7F}.UnityDebug|Any CPU.Build.0 = Unity Client Debug|Any CPU
		{D34D64C8-DC4F-45FB-903E-B42DACA78632}.Debug|Any CPU.ActiveCfg = Debug|Any CPU
		{D34D64C8-DC4F-45FB-903E-B42DACA78632}.Debug|Any CPU.Build.0 = Debug|Any CPU
		{D34D64C8-DC4F-45FB-903E-B42DACA78632}.Release 2.0|Any CPU.ActiveCfg = Release|Any CPU
		{D34D64C8-DC4F-45FB-903E-B42DACA78632}.Release 2.0|Any CPU.Build.0 = Release|Any CPU
		{D34D64C8-DC4F-45FB-903E-B42DACA78632}.Release 4.5|Any CPU.ActiveCfg = Release|Any CPU
		{D34D64C8-DC4F-45FB-903E-B42DACA78632}.Release 4.5|Any CPU.Build.0 = Release|Any CPU
		{D34D64C8-DC4F-45FB-903E-B42DACA78632}.Release|Any CPU.ActiveCfg = Release|Any CPU
		{D34D64C8-DC4F-45FB-903E-B42DACA78632}.Release|Any CPU.Build.0 = Release|Any CPU
		{D34D64C8-DC4F-45FB-903E-B42DACA78632}.Unity Client Debug|Any CPU.ActiveCfg = Unity Client Debug|Any CPU
		{D34D64C8-DC4F-45FB-903E-B42DACA78632}.Unity Client Debug|Any CPU.Build.0 = Unity Client Debug|Any CPU
		{D34D64C8-DC4F-45FB-903E-B42DACA78632}.Unity Debug|Any CPU.ActiveCfg = Unity Debug|Any CPU
		{D34D64C8-DC4F-45FB-903E-B42DACA78632}.Unity Debug|Any CPU.Build.0 = Unity Debug|Any CPU
		{D34D64C8-DC4F-45FB-903E-B42DACA78632}.UnityDebug|Any CPU.ActiveCfg = Unity Client Debug|Any CPU
		{D34D64C8-DC4F-45FB-903E-B42DACA78632}.UnityDebug|Any CPU.Build.0 = Unity Client Debug|Any CPU
		{354189CC-C80B-4310-9B3A-7F9080AB4502}.Debug|Any CPU.ActiveCfg = Debug|Any CPU
		{354189CC-C80B-4310-9B3A-7F9080AB4502}.Debug|Any CPU.Build.0 = Debug|Any CPU
		{354189CC-C80B-4310-9B3A-7F9080AB4502}.Release 2.0|Any CPU.ActiveCfg = Release|Any CPU
		{354189CC-C80B-4310-9B3A-7F9080AB4502}.Release 2.0|Any CPU.Build.0 = Release|Any CPU
		{354189CC-C80B-4310-9B3A-7F9080AB4502}.Release 4.5|Any CPU.ActiveCfg = Release|Any CPU
		{354189CC-C80B-4310-9B3A-7F9080AB4502}.Release 4.5|Any CPU.Build.0 = Release|Any CPU
		{354189CC-C80B-4310-9B3A-7F9080AB4502}.Release|Any CPU.ActiveCfg = Release|Any CPU
		{354189CC-C80B-4310-9B3A-7F9080AB4502}.Release|Any CPU.Build.0 = Release|Any CPU
		{354189CC-C80B-4310-9B3A-7F9080AB4502}.Unity Client Debug|Any CPU.ActiveCfg = UnityDebug|Any CPU
		{354189CC-C80B-4310-9B3A-7F9080AB4502}.Unity Client Debug|Any CPU.Build.0 = UnityDebug|Any CPU
		{354189CC-C80B-4310-9B3A-7F9080AB4502}.Unity Debug|Any CPU.ActiveCfg = UnityDebug|Any CPU
		{354189CC-C80B-4310-9B3A-7F9080AB4502}.Unity Debug|Any CPU.Build.0 = UnityDebug|Any CPU
		{354189CC-C80B-4310-9B3A-7F9080AB4502}.UnityDebug|Any CPU.ActiveCfg = UnityDebug|Any CPU
		{354189CC-C80B-4310-9B3A-7F9080AB4502}.UnityDebug|Any CPU.Build.0 = UnityDebug|Any CPU
		{40DB97CD-BB9F-4EAF-8092-39975F9719D6}.Debug|Any CPU.ActiveCfg = Debug|Any CPU
		{40DB97CD-BB9F-4EAF-8092-39975F9719D6}.Debug|Any CPU.Build.0 = Debug|Any CPU
		{40DB97CD-BB9F-4EAF-8092-39975F9719D6}.Release 2.0|Any CPU.ActiveCfg = Release|Any CPU
		{40DB97CD-BB9F-4EAF-8092-39975F9719D6}.Release 2.0|Any CPU.Build.0 = Release|Any CPU
		{40DB97CD-BB9F-4EAF-8092-39975F9719D6}.Release 4.5|Any CPU.ActiveCfg = Release|Any CPU
		{40DB97CD-BB9F-4EAF-8092-39975F9719D6}.Release 4.5|Any CPU.Build.0 = Release|Any CPU
		{40DB97CD-BB9F-4EAF-8092-39975F9719D6}.Release|Any CPU.ActiveCfg = Release|Any CPU
		{40DB97CD-BB9F-4EAF-8092-39975F9719D6}.Release|Any CPU.Build.0 = Release|Any CPU
		{40DB97CD-BB9F-4EAF-8092-39975F9719D6}.Unity Client Debug|Any CPU.ActiveCfg = Debug|Any CPU
		{40DB97CD-BB9F-4EAF-8092-39975F9719D6}.Unity Client Debug|Any CPU.Build.0 = Debug|Any CPU
		{40DB97CD-BB9F-4EAF-8092-39975F9719D6}.Unity Debug|Any CPU.ActiveCfg = Debug|Any CPU
		{40DB97CD-BB9F-4EAF-8092-39975F9719D6}.Unity Debug|Any CPU.Build.0 = Debug|Any CPU
		{40DB97CD-BB9F-4EAF-8092-39975F9719D6}.UnityDebug|Any CPU.ActiveCfg = Debug|Any CPU
		{40DB97CD-BB9F-4EAF-8092-39975F9719D6}.UnityDebug|Any CPU.Build.0 = Debug|Any CPU
		{79FA84E4-8380-4298-A823-3C0976D527EF}.Debug|Any CPU.ActiveCfg = Debug|Any CPU
		{79FA84E4-8380-4298-A823-3C0976D527EF}.Debug|Any CPU.Build.0 = Debug|Any CPU
		{79FA84E4-8380-4298-A823-3C0976D527EF}.Release 2.0|Any CPU.ActiveCfg = Release|Any CPU
		{79FA84E4-8380-4298-A823-3C0976D527EF}.Release 2.0|Any CPU.Build.0 = Release|Any CPU
		{79FA84E4-8380-4298-A823-3C0976D527EF}.Release 4.5|Any CPU.ActiveCfg = Release|Any CPU
		{79FA84E4-8380-4298-A823-3C0976D527EF}.Release 4.5|Any CPU.Build.0 = Release|Any CPU
		{79FA84E4-8380-4298-A823-3C0976D527EF}.Release|Any CPU.ActiveCfg = Release|Any CPU
		{79FA84E4-8380-4298-A823-3C0976D527EF}.Release|Any CPU.Build.0 = Release|Any CPU
		{79FA84E4-8380-4298-A823-3C0976D527EF}.Unity Client Debug|Any CPU.ActiveCfg = Debug|Any CPU
		{79FA84E4-8380-4298-A823-3C0976D527EF}.Unity Client Debug|Any CPU.Build.0 = Debug|Any CPU
		{79FA84E4-8380-4298-A823-3C0976D527EF}.Unity Debug|Any CPU.ActiveCfg = Debug|Any CPU
		{79FA84E4-8380-4298-A823-3C0976D527EF}.Unity Debug|Any CPU.Build.0 = Debug|Any CPU
		{79FA84E4-8380-4298-A823-3C0976D527EF}.UnityDebug|Any CPU.ActiveCfg = Debug|Any CPU
		{79FA84E4-8380-4298-A823-3C0976D527EF}.UnityDebug|Any CPU.Build.0 = Debug|Any CPU
		{1B0A8C03-8A9A-4A3B-9C36-D750CEDB9853}.Debug|Any CPU.ActiveCfg = Debug|Any CPU
		{1B0A8C03-8A9A-4A3B-9C36-D750CEDB9853}.Debug|Any CPU.Build.0 = Debug|Any CPU
		{1B0A8C03-8A9A-4A3B-9C36-D750CEDB9853}.Release 2.0|Any CPU.ActiveCfg = Release|Any CPU
		{1B0A8C03-8A9A-4A3B-9C36-D750CEDB9853}.Release 2.0|Any CPU.Build.0 = Release|Any CPU
		{1B0A8C03-8A9A-4A3B-9C36-D750CEDB9853}.Release 4.5|Any CPU.ActiveCfg = Release|Any CPU
		{1B0A8C03-8A9A-4A3B-9C36-D750CEDB9853}.Release 4.5|Any CPU.Build.0 = Release|Any CPU
		{1B0A8C03-8A9A-4A3B-9C36-D750CEDB9853}.Release|Any CPU.ActiveCfg = Release|Any CPU
		{1B0A8C03-8A9A-4A3B-9C36-D750CEDB9853}.Release|Any CPU.Build.0 = Release|Any CPU
		{1B0A8C03-8A9A-4A3B-9C36-D750CEDB9853}.Unity Client Debug|Any CPU.ActiveCfg = Debug|Any CPU
		{1B0A8C03-8A9A-4A3B-9C36-D750CEDB9853}.Unity Client Debug|Any CPU.Build.0 = Debug|Any CPU
		{1B0A8C03-8A9A-4A3B-9C36-D750CEDB9853}.Unity Debug|Any CPU.ActiveCfg = Debug|Any CPU
		{1B0A8C03-8A9A-4A3B-9C36-D750CEDB9853}.Unity Debug|Any CPU.Build.0 = Debug|Any CPU
		{1B0A8C03-8A9A-4A3B-9C36-D750CEDB9853}.UnityDebug|Any CPU.ActiveCfg = Debug|Any CPU
		{1B0A8C03-8A9A-4A3B-9C36-D750CEDB9853}.UnityDebug|Any CPU.Build.0 = Debug|Any CPU
		{50651079-AC3A-447F-A710-E9049F3D1565}.Debug|Any CPU.ActiveCfg = Debug|Any CPU
		{50651079-AC3A-447F-A710-E9049F3D1565}.Debug|Any CPU.Build.0 = Debug|Any CPU
		{50651079-AC3A-447F-A710-E9049F3D1565}.Release 2.0|Any CPU.ActiveCfg = Release|Any CPU
		{50651079-AC3A-447F-A710-E9049F3D1565}.Release 2.0|Any CPU.Build.0 = Release|Any CPU
		{50651079-AC3A-447F-A710-E9049F3D1565}.Release 4.5|Any CPU.ActiveCfg = Release|Any CPU
		{50651079-AC3A-447F-A710-E9049F3D1565}.Release 4.5|Any CPU.Build.0 = Release|Any CPU
		{50651079-AC3A-447F-A710-E9049F3D1565}.Release|Any CPU.ActiveCfg = Release|Any CPU
		{50651079-AC3A-447F-A710-E9049F3D1565}.Release|Any CPU.Build.0 = Release|Any CPU
		{50651079-AC3A-447F-A710-E9049F3D1565}.Unity Client Debug|Any CPU.ActiveCfg = UnityDebug|Any CPU
		{50651079-AC3A-447F-A710-E9049F3D1565}.Unity Client Debug|Any CPU.Build.0 = UnityDebug|Any CPU
		{50651079-AC3A-447F-A710-E9049F3D1565}.Unity Debug|Any CPU.ActiveCfg = UnityDebug|Any CPU
		{50651079-AC3A-447F-A710-E9049F3D1565}.Unity Debug|Any CPU.Build.0 = UnityDebug|Any CPU
		{50651079-AC3A-447F-A710-E9049F3D1565}.UnityDebug|Any CPU.ActiveCfg = UnityDebug|Any CPU
		{50651079-AC3A-447F-A710-E9049F3D1565}.UnityDebug|Any CPU.Build.0 = UnityDebug|Any CPU
		{320609A9-59D3-4DF2-9324-A44260C258F5}.Debug|Any CPU.ActiveCfg = Debug|Any CPU
		{320609A9-59D3-4DF2-9324-A44260C258F5}.Debug|Any CPU.Build.0 = Debug|Any CPU
		{320609A9-59D3-4DF2-9324-A44260C258F5}.Release 2.0|Any CPU.ActiveCfg = Release|Any CPU
		{320609A9-59D3-4DF2-9324-A44260C258F5}.Release 2.0|Any CPU.Build.0 = Release|Any CPU
		{320609A9-59D3-4DF2-9324-A44260C258F5}.Release 4.5|Any CPU.ActiveCfg = Release|Any CPU
		{320609A9-59D3-4DF2-9324-A44260C258F5}.Release 4.5|Any CPU.Build.0 = Release|Any CPU
		{320609A9-59D3-4DF2-9324-A44260C258F5}.Release|Any CPU.ActiveCfg = Release|Any CPU
		{320609A9-59D3-4DF2-9324-A44260C258F5}.Release|Any CPU.Build.0 = Release|Any CPU
		{320609A9-59D3-4DF2-9324-A44260C258F5}.Unity Client Debug|Any CPU.ActiveCfg = Debug|Any CPU
		{320609A9-59D3-4DF2-9324-A44260C258F5}.Unity Client Debug|Any CPU.Build.0 = Debug|Any CPU
		{320609A9-59D3-4DF2-9324-A44260C258F5}.Unity Debug|Any CPU.ActiveCfg = Debug|Any CPU
		{320609A9-59D3-4DF2-9324-A44260C258F5}.Unity Debug|Any CPU.Build.0 = Debug|Any CPU
		{320609A9-59D3-4DF2-9324-A44260C258F5}.UnityDebug|Any CPU.ActiveCfg = Debug|Any CPU
		{819D263A-C6B4-4BE6-92CE-A6F38B1CFE00}.Debug|Any CPU.ActiveCfg = Debug|Any CPU
		{819D263A-C6B4-4BE6-92CE-A6F38B1CFE00}.Debug|Any CPU.Build.0 = Debug|Any CPU
		{819D263A-C6B4-4BE6-92CE-A6F38B1CFE00}.Release 2.0|Any CPU.ActiveCfg = Release|Any CPU
		{819D263A-C6B4-4BE6-92CE-A6F38B1CFE00}.Release 2.0|Any CPU.Build.0 = Release|Any CPU
		{819D263A-C6B4-4BE6-92CE-A6F38B1CFE00}.Release 4.5|Any CPU.ActiveCfg = Release|Any CPU
		{819D263A-C6B4-4BE6-92CE-A6F38B1CFE00}.Release 4.5|Any CPU.Build.0 = Release|Any CPU
		{819D263A-C6B4-4BE6-92CE-A6F38B1CFE00}.Release|Any CPU.ActiveCfg = Release|Any CPU
		{819D263A-C6B4-4BE6-92CE-A6F38B1CFE00}.Release|Any CPU.Build.0 = Release|Any CPU
		{819D263A-C6B4-4BE6-92CE-A6F38B1CFE00}.Unity Client Debug|Any CPU.ActiveCfg = Debug|Any CPU
		{819D263A-C6B4-4BE6-92CE-A6F38B1CFE00}.Unity Client Debug|Any CPU.Build.0 = Debug|Any CPU
		{819D263A-C6B4-4BE6-92CE-A6F38B1CFE00}.Unity Debug|Any CPU.ActiveCfg = Debug|Any CPU
		{819D263A-C6B4-4BE6-92CE-A6F38B1CFE00}.Unity Debug|Any CPU.Build.0 = Debug|Any CPU
		{819D263A-C6B4-4BE6-92CE-A6F38B1CFE00}.UnityDebug|Any CPU.ActiveCfg = Debug|Any CPU
		{819D263A-C6B4-4BE6-92CE-A6F38B1CFE00}.UnityDebug|Any CPU.Build.0 = Debug|Any CPU
		{B989EC0F-44F4-4AB2-98F5-184BAB9FCE26}.Debug|Any CPU.ActiveCfg = Debug|Any CPU
		{B989EC0F-44F4-4AB2-98F5-184BAB9FCE26}.Debug|Any CPU.Build.0 = Debug|Any CPU
		{B989EC0F-44F4-4AB2-98F5-184BAB9FCE26}.Release 2.0|Any CPU.ActiveCfg = Release|Any CPU
		{B989EC0F-44F4-4AB2-98F5-184BAB9FCE26}.Release 2.0|Any CPU.Build.0 = Release|Any CPU
		{B989EC0F-44F4-4AB2-98F5-184BAB9FCE26}.Release 4.5|Any CPU.ActiveCfg = Release|Any CPU
		{B989EC0F-44F4-4AB2-98F5-184BAB9FCE26}.Release 4.5|Any CPU.Build.0 = Release|Any CPU
		{B989EC0F-44F4-4AB2-98F5-184BAB9FCE26}.Release|Any CPU.ActiveCfg = Release|Any CPU
		{B989EC0F-44F4-4AB2-98F5-184BAB9FCE26}.Release|Any CPU.Build.0 = Release|Any CPU
		{B989EC0F-44F4-4AB2-98F5-184BAB9FCE26}.Unity Client Debug|Any CPU.ActiveCfg = Debug|Any CPU
		{B989EC0F-44F4-4AB2-98F5-184BAB9FCE26}.Unity Client Debug|Any CPU.Build.0 = Debug|Any CPU
		{B989EC0F-44F4-4AB2-98F5-184BAB9FCE26}.Unity Debug|Any CPU.ActiveCfg = Debug|Any CPU
		{B989EC0F-44F4-4AB2-98F5-184BAB9FCE26}.Unity Debug|Any CPU.Build.0 = Debug|Any CPU
		{B989EC0F-44F4-4AB2-98F5-184BAB9FCE26}.UnityDebug|Any CPU.ActiveCfg = Debug|Any CPU
		{B989EC0F-44F4-4AB2-98F5-184BAB9FCE26}.UnityDebug|Any CPU.Build.0 = Debug|Any CPU
		{1531C1EA-BD53-41D1-A34B-CFCDF79D2651}.Debug|Any CPU.ActiveCfg = Debug|Any CPU
		{1531C1EA-BD53-41D1-A34B-CFCDF79D2651}.Debug|Any CPU.Build.0 = Debug|Any CPU
		{1531C1EA-BD53-41D1-A34B-CFCDF79D2651}.Release 2.0|Any CPU.ActiveCfg = Release 2.0|Any CPU
		{1531C1EA-BD53-41D1-A34B-CFCDF79D2651}.Release 2.0|Any CPU.Build.0 = Release 2.0|Any CPU
		{1531C1EA-BD53-41D1-A34B-CFCDF79D2651}.Release 4.5|Any CPU.ActiveCfg = Release 4.5|Any CPU
		{1531C1EA-BD53-41D1-A34B-CFCDF79D2651}.Release 4.5|Any CPU.Build.0 = Release 4.5|Any CPU
		{1531C1EA-BD53-41D1-A34B-CFCDF79D2651}.Release|Any CPU.ActiveCfg = Release|Any CPU
		{1531C1EA-BD53-41D1-A34B-CFCDF79D2651}.Release|Any CPU.Build.0 = Release|Any CPU
		{1531C1EA-BD53-41D1-A34B-CFCDF79D2651}.Unity Client Debug|Any CPU.ActiveCfg = Debug|Any CPU
		{1531C1EA-BD53-41D1-A34B-CFCDF79D2651}.Unity Client Debug|Any CPU.Build.0 = Debug|Any CPU
		{1531C1EA-BD53-41D1-A34B-CFCDF79D2651}.Unity Debug|Any CPU.ActiveCfg = Debug|Any CPU
		{1531C1EA-BD53-41D1-A34B-CFCDF79D2651}.Unity Debug|Any CPU.Build.0 = Debug|Any CPU
		{1531C1EA-BD53-41D1-A34B-CFCDF79D2651}.UnityDebug|Any CPU.ActiveCfg = Release 2.0|Any CPU
		{1531C1EA-BD53-41D1-A34B-CFCDF79D2651}.UnityDebug|Any CPU.Build.0 = Release 2.0|Any CPU
		{CD080A54-9580-45C9-B5BB-479A0A38B70E}.Debug|Any CPU.ActiveCfg = Debug|Any CPU
		{CD080A54-9580-45C9-B5BB-479A0A38B70E}.Debug|Any CPU.Build.0 = Debug|Any CPU
		{CD080A54-9580-45C9-B5BB-479A0A38B70E}.Release 2.0|Any CPU.ActiveCfg = Release|Any CPU
		{CD080A54-9580-45C9-B5BB-479A0A38B70E}.Release 2.0|Any CPU.Build.0 = Release|Any CPU
		{CD080A54-9580-45C9-B5BB-479A0A38B70E}.Release 4.5|Any CPU.ActiveCfg = Release|Any CPU
		{CD080A54-9580-45C9-B5BB-479A0A38B70E}.Release 4.5|Any CPU.Build.0 = Release|Any CPU
		{CD080A54-9580-45C9-B5BB-479A0A38B70E}.Release|Any CPU.ActiveCfg = Release|Any CPU
		{CD080A54-9580-45C9-B5BB-479A0A38B70E}.Release|Any CPU.Build.0 = Release|Any CPU
		{CD080A54-9580-45C9-B5BB-479A0A38B70E}.Unity Client Debug|Any CPU.ActiveCfg = Debug|Any CPU
		{CD080A54-9580-45C9-B5BB-479A0A38B70E}.Unity Client Debug|Any CPU.Build.0 = Debug|Any CPU
		{CD080A54-9580-45C9-B5BB-479A0A38B70E}.Unity Debug|Any CPU.ActiveCfg = Debug|Any CPU
		{CD080A54-9580-45C9-B5BB-479A0A38B70E}.Unity Debug|Any CPU.Build.0 = Debug|Any CPU
		{CD080A54-9580-45C9-B5BB-479A0A38B70E}.UnityDebug|Any CPU.ActiveCfg = Release|Any CPU
		{CD080A54-9580-45C9-B5BB-479A0A38B70E}.UnityDebug|Any CPU.Build.0 = Release|Any CPU
		{7D69ED22-9BE7-46DD-9F46-0809C7D74385}.Debug|Any CPU.ActiveCfg = Debug|Any CPU
		{7D69ED22-9BE7-46DD-9F46-0809C7D74385}.Debug|Any CPU.Build.0 = Debug|Any CPU
		{7D69ED22-9BE7-46DD-9F46-0809C7D74385}.Release 2.0|Any CPU.ActiveCfg = Release|Any CPU
		{7D69ED22-9BE7-46DD-9F46-0809C7D74385}.Release 2.0|Any CPU.Build.0 = Release|Any CPU
		{7D69ED22-9BE7-46DD-9F46-0809C7D74385}.Release 4.5|Any CPU.ActiveCfg = Release|Any CPU
		{7D69ED22-9BE7-46DD-9F46-0809C7D74385}.Release 4.5|Any CPU.Build.0 = Release|Any CPU
		{7D69ED22-9BE7-46DD-9F46-0809C7D74385}.Release|Any CPU.ActiveCfg = Release|Any CPU
		{7D69ED22-9BE7-46DD-9F46-0809C7D74385}.Release|Any CPU.Build.0 = Release|Any CPU
		{7D69ED22-9BE7-46DD-9F46-0809C7D74385}.Unity Client Debug|Any CPU.ActiveCfg = Debug|Any CPU
		{7D69ED22-9BE7-46DD-9F46-0809C7D74385}.Unity Client Debug|Any CPU.Build.0 = Debug|Any CPU
		{7D69ED22-9BE7-46DD-9F46-0809C7D74385}.Unity Debug|Any CPU.ActiveCfg = Debug|Any CPU
		{7D69ED22-9BE7-46DD-9F46-0809C7D74385}.Unity Debug|Any CPU.Build.0 = Debug|Any CPU
		{7D69ED22-9BE7-46DD-9F46-0809C7D74385}.UnityDebug|Any CPU.ActiveCfg = Debug|Any CPU
		{7D69ED22-9BE7-46DD-9F46-0809C7D74385}.UnityDebug|Any CPU.Build.0 = Debug|Any CPU
		{0AA1AD9D-17F0-4D47-9CD9-2953F3F133F2}.Debug|Any CPU.ActiveCfg = Debug|Any CPU
		{0AA1AD9D-17F0-4D47-9CD9-2953F3F133F2}.Debug|Any CPU.Build.0 = Debug|Any CPU
		{0AA1AD9D-17F0-4D47-9CD9-2953F3F133F2}.Release 2.0|Any CPU.ActiveCfg = Release|Any CPU
		{0AA1AD9D-17F0-4D47-9CD9-2953F3F133F2}.Release 2.0|Any CPU.Build.0 = Release|Any CPU
		{0AA1AD9D-17F0-4D47-9CD9-2953F3F133F2}.Release 4.5|Any CPU.ActiveCfg = Release|Any CPU
		{0AA1AD9D-17F0-4D47-9CD9-2953F3F133F2}.Release 4.5|Any CPU.Build.0 = Release|Any CPU
		{0AA1AD9D-17F0-4D47-9CD9-2953F3F133F2}.Release|Any CPU.ActiveCfg = Release|Any CPU
		{0AA1AD9D-17F0-4D47-9CD9-2953F3F133F2}.Release|Any CPU.Build.0 = Release|Any CPU
		{0AA1AD9D-17F0-4D47-9CD9-2953F3F133F2}.Unity Client Debug|Any CPU.ActiveCfg = Debug|Any CPU
		{0AA1AD9D-17F0-4D47-9CD9-2953F3F133F2}.Unity Client Debug|Any CPU.Build.0 = Debug|Any CPU
		{0AA1AD9D-17F0-4D47-9CD9-2953F3F133F2}.Unity Debug|Any CPU.ActiveCfg = Debug|Any CPU
		{0AA1AD9D-17F0-4D47-9CD9-2953F3F133F2}.Unity Debug|Any CPU.Build.0 = Debug|Any CPU
		{0AA1AD9D-17F0-4D47-9CD9-2953F3F133F2}.UnityDebug|Any CPU.ActiveCfg = Debug|Any CPU
		{0AA1AD9D-17F0-4D47-9CD9-2953F3F133F2}.UnityDebug|Any CPU.Build.0 = Debug|Any CPU
		{D5D14E17-C9D5-4AB2-AB74-96F95B50614F}.Debug|Any CPU.ActiveCfg = Debug|Any CPU
		{D5D14E17-C9D5-4AB2-AB74-96F95B50614F}.Debug|Any CPU.Build.0 = Debug|Any CPU
		{D5D14E17-C9D5-4AB2-AB74-96F95B50614F}.Release 2.0|Any CPU.ActiveCfg = Release|Any CPU
		{D5D14E17-C9D5-4AB2-AB74-96F95B50614F}.Release 2.0|Any CPU.Build.0 = Release|Any CPU
		{D5D14E17-C9D5-4AB2-AB74-96F95B50614F}.Release 4.5|Any CPU.ActiveCfg = Release|Any CPU
		{D5D14E17-C9D5-4AB2-AB74-96F95B50614F}.Release 4.5|Any CPU.Build.0 = Release|Any CPU
		{D5D14E17-C9D5-4AB2-AB74-96F95B50614F}.Release|Any CPU.ActiveCfg = Release|Any CPU
		{D5D14E17-C9D5-4AB2-AB74-96F95B50614F}.Release|Any CPU.Build.0 = Release|Any CPU
		{D5D14E17-C9D5-4AB2-AB74-96F95B50614F}.Unity Client Debug|Any CPU.ActiveCfg = UnityDebug|Any CPU
		{D5D14E17-C9D5-4AB2-AB74-96F95B50614F}.Unity Client Debug|Any CPU.Build.0 = UnityDebug|Any CPU
		{D5D14E17-C9D5-4AB2-AB74-96F95B50614F}.Unity Debug|Any CPU.ActiveCfg = UnityDebug|Any CPU
		{D5D14E17-C9D5-4AB2-AB74-96F95B50614F}.Unity Debug|Any CPU.Build.0 = UnityDebug|Any CPU
		{D5D14E17-C9D5-4AB2-AB74-96F95B50614F}.UnityDebug|Any CPU.ActiveCfg = UnityDebug|Any CPU
		{D5D14E17-C9D5-4AB2-AB74-96F95B50614F}.UnityDebug|Any CPU.Build.0 = UnityDebug|Any CPU
		{50D38CA1-043A-41DB-A03F-D07C596638FD}.Debug|Any CPU.ActiveCfg = Debug|Any CPU
		{50D38CA1-043A-41DB-A03F-D07C596638FD}.Debug|Any CPU.Build.0 = Debug|Any CPU
		{50D38CA1-043A-41DB-A03F-D07C596638FD}.Release 2.0|Any CPU.ActiveCfg = Release|Any CPU
		{50D38CA1-043A-41DB-A03F-D07C596638FD}.Release 2.0|Any CPU.Build.0 = Release|Any CPU
		{50D38CA1-043A-41DB-A03F-D07C596638FD}.Release 4.5|Any CPU.ActiveCfg = Release|Any CPU
		{50D38CA1-043A-41DB-A03F-D07C596638FD}.Release 4.5|Any CPU.Build.0 = Release|Any CPU
		{50D38CA1-043A-41DB-A03F-D07C596638FD}.Release|Any CPU.ActiveCfg = Release|Any CPU
		{50D38CA1-043A-41DB-A03F-D07C596638FD}.Release|Any CPU.Build.0 = Release|Any CPU
		{50D38CA1-043A-41DB-A03F-D07C596638FD}.Unity Client Debug|Any CPU.ActiveCfg = Debug|Any CPU
		{50D38CA1-043A-41DB-A03F-D07C596638FD}.Unity Client Debug|Any CPU.Build.0 = Debug|Any CPU
		{50D38CA1-043A-41DB-A03F-D07C596638FD}.Unity Debug|Any CPU.ActiveCfg = Debug|Any CPU
		{50D38CA1-043A-41DB-A03F-D07C596638FD}.Unity Debug|Any CPU.Build.0 = Debug|Any CPU
		{50D38CA1-043A-41DB-A03F-D07C596638FD}.UnityDebug|Any CPU.ActiveCfg = Debug|Any CPU
		{50D38CA1-043A-41DB-A03F-D07C596638FD}.UnityDebug|Any CPU.Build.0 = Debug|Any CPU
		{2344C836-6B6F-4259-A5A3-E12EAFDBA643}.Debug|Any CPU.ActiveCfg = Debug|Any CPU
		{2344C836-6B6F-4259-A5A3-E12EAFDBA643}.Debug|Any CPU.Build.0 = Debug|Any CPU
		{2344C836-6B6F-4259-A5A3-E12EAFDBA643}.Release 2.0|Any CPU.ActiveCfg = Release|Any CPU
		{2344C836-6B6F-4259-A5A3-E12EAFDBA643}.Release 2.0|Any CPU.Build.0 = Release|Any CPU
		{2344C836-6B6F-4259-A5A3-E12EAFDBA643}.Release 4.5|Any CPU.ActiveCfg = Release|Any CPU
		{2344C836-6B6F-4259-A5A3-E12EAFDBA643}.Release 4.5|Any CPU.Build.0 = Release|Any CPU
		{2344C836-6B6F-4259-A5A3-E12EAFDBA643}.Release|Any CPU.ActiveCfg = Release|Any CPU
		{2344C836-6B6F-4259-A5A3-E12EAFDBA643}.Release|Any CPU.Build.0 = Release|Any CPU
		{2344C836-6B6F-4259-A5A3-E12EAFDBA643}.Unity Client Debug|Any CPU.ActiveCfg = UnityDebug|Any CPU
		{2344C836-6B6F-4259-A5A3-E12EAFDBA643}.Unity Client Debug|Any CPU.Build.0 = UnityDebug|Any CPU
		{2344C836-6B6F-4259-A5A3-E12EAFDBA643}.Unity Debug|Any CPU.ActiveCfg = UnityDebug|Any CPU
		{2344C836-6B6F-4259-A5A3-E12EAFDBA643}.Unity Debug|Any CPU.Build.0 = UnityDebug|Any CPU
		{2344C836-6B6F-4259-A5A3-E12EAFDBA643}.UnityDebug|Any CPU.ActiveCfg = UnityDebug|Any CPU
		{2344C836-6B6F-4259-A5A3-E12EAFDBA643}.UnityDebug|Any CPU.Build.0 = UnityDebug|Any CPU
		{241C2A0B-AB53-40A9-8812-86FED7CCBFD4}.Debug|Any CPU.ActiveCfg = Debug|Any CPU
		{241C2A0B-AB53-40A9-8812-86FED7CCBFD4}.Debug|Any CPU.Build.0 = Debug|Any CPU
		{241C2A0B-AB53-40A9-8812-86FED7CCBFD4}.Release 2.0|Any CPU.ActiveCfg = Release|Any CPU
		{241C2A0B-AB53-40A9-8812-86FED7CCBFD4}.Release 2.0|Any CPU.Build.0 = Release|Any CPU
		{241C2A0B-AB53-40A9-8812-86FED7CCBFD4}.Release 4.5|Any CPU.ActiveCfg = Release|Any CPU
		{241C2A0B-AB53-40A9-8812-86FED7CCBFD4}.Release 4.5|Any CPU.Build.0 = Release|Any CPU
		{241C2A0B-AB53-40A9-8812-86FED7CCBFD4}.Release|Any CPU.ActiveCfg = Release|Any CPU
		{241C2A0B-AB53-40A9-8812-86FED7CCBFD4}.Release|Any CPU.Build.0 = Release|Any CPU
		{241C2A0B-AB53-40A9-8812-86FED7CCBFD4}.Unity Client Debug|Any CPU.ActiveCfg = Debug|Any CPU
		{241C2A0B-AB53-40A9-8812-86FED7CCBFD4}.Unity Client Debug|Any CPU.Build.0 = Debug|Any CPU
		{241C2A0B-AB53-40A9-8812-86FED7CCBFD4}.Unity Debug|Any CPU.ActiveCfg = Debug|Any CPU
		{241C2A0B-AB53-40A9-8812-86FED7CCBFD4}.Unity Debug|Any CPU.Build.0 = Debug|Any CPU
		{241C2A0B-AB53-40A9-8812-86FED7CCBFD4}.UnityDebug|Any CPU.ActiveCfg = Debug|Any CPU
		{DC88053B-F802-47E1-9BE4-A7E9F795858D}.Debug|Any CPU.ActiveCfg = Debug|Any CPU
		{DC88053B-F802-47E1-9BE4-A7E9F795858D}.Debug|Any CPU.Build.0 = Debug|Any CPU
		{DC88053B-F802-47E1-9BE4-A7E9F795858D}.Release 2.0|Any CPU.ActiveCfg = Release|Any CPU
		{DC88053B-F802-47E1-9BE4-A7E9F795858D}.Release 2.0|Any CPU.Build.0 = Release|Any CPU
		{DC88053B-F802-47E1-9BE4-A7E9F795858D}.Release 4.5|Any CPU.ActiveCfg = Release|Any CPU
		{DC88053B-F802-47E1-9BE4-A7E9F795858D}.Release 4.5|Any CPU.Build.0 = Release|Any CPU
		{DC88053B-F802-47E1-9BE4-A7E9F795858D}.Release|Any CPU.ActiveCfg = Release|Any CPU
		{DC88053B-F802-47E1-9BE4-A7E9F795858D}.Release|Any CPU.Build.0 = Release|Any CPU
		{DC88053B-F802-47E1-9BE4-A7E9F795858D}.Unity Client Debug|Any CPU.ActiveCfg = Debug|Any CPU
		{DC88053B-F802-47E1-9BE4-A7E9F795858D}.Unity Client Debug|Any CPU.Build.0 = Debug|Any CPU
		{DC88053B-F802-47E1-9BE4-A7E9F795858D}.Unity Debug|Any CPU.ActiveCfg = Debug|Any CPU
		{DC88053B-F802-47E1-9BE4-A7E9F795858D}.Unity Debug|Any CPU.Build.0 = Debug|Any CPU
		{DC88053B-F802-47E1-9BE4-A7E9F795858D}.UnityDebug|Any CPU.ActiveCfg = Debug|Any CPU
		{DC88053B-F802-47E1-9BE4-A7E9F795858D}.UnityDebug|Any CPU.Build.0 = Debug|Any CPU
		{6719CEEE-EA1D-48CC-A301-89A0E47BC3AD}.Debug|Any CPU.ActiveCfg = Debug|Any CPU
		{6719CEEE-EA1D-48CC-A301-89A0E47BC3AD}.Debug|Any CPU.Build.0 = Debug|Any CPU
		{6719CEEE-EA1D-48CC-A301-89A0E47BC3AD}.Release 2.0|Any CPU.ActiveCfg = Release|Any CPU
		{6719CEEE-EA1D-48CC-A301-89A0E47BC3AD}.Release 2.0|Any CPU.Build.0 = Release|Any CPU
		{6719CEEE-EA1D-48CC-A301-89A0E47BC3AD}.Release 4.5|Any CPU.ActiveCfg = Release|Any CPU
		{6719CEEE-EA1D-48CC-A301-89A0E47BC3AD}.Release 4.5|Any CPU.Build.0 = Release|Any CPU
		{6719CEEE-EA1D-48CC-A301-89A0E47BC3AD}.Release|Any CPU.ActiveCfg = Release|Any CPU
		{6719CEEE-EA1D-48CC-A301-89A0E47BC3AD}.Release|Any CPU.Build.0 = Release|Any CPU
		{6719CEEE-EA1D-48CC-A301-89A0E47BC3AD}.Unity Client Debug|Any CPU.ActiveCfg = Debug|Any CPU
		{6719CEEE-EA1D-48CC-A301-89A0E47BC3AD}.Unity Client Debug|Any CPU.Build.0 = Debug|Any CPU
		{6719CEEE-EA1D-48CC-A301-89A0E47BC3AD}.Unity Debug|Any CPU.ActiveCfg = Debug|Any CPU
		{6719CEEE-EA1D-48CC-A301-89A0E47BC3AD}.Unity Debug|Any CPU.Build.0 = Debug|Any CPU
		{6719CEEE-EA1D-48CC-A301-89A0E47BC3AD}.UnityDebug|Any CPU.ActiveCfg = Debug|Any CPU
		{6719CEEE-EA1D-48CC-A301-89A0E47BC3AD}.UnityDebug|Any CPU.Build.0 = Debug|Any CPU
		{9771FF48-FABE-4F97-A041-EA6F39057812}.Debug|Any CPU.ActiveCfg = Debug|Any CPU
		{9771FF48-FABE-4F97-A041-EA6F39057812}.Debug|Any CPU.Build.0 = Debug|Any CPU
		{9771FF48-FABE-4F97-A041-EA6F39057812}.Release 2.0|Any CPU.ActiveCfg = Release|Any CPU
		{9771FF48-FABE-4F97-A041-EA6F39057812}.Release 2.0|Any CPU.Build.0 = Release|Any CPU
		{9771FF48-FABE-4F97-A041-EA6F39057812}.Release 4.5|Any CPU.ActiveCfg = Release|Any CPU
		{9771FF48-FABE-4F97-A041-EA6F39057812}.Release 4.5|Any CPU.Build.0 = Release|Any CPU
		{9771FF48-FABE-4F97-A041-EA6F39057812}.Release|Any CPU.ActiveCfg = Release|Any CPU
		{9771FF48-FABE-4F97-A041-EA6F39057812}.Release|Any CPU.Build.0 = Release|Any CPU
		{9771FF48-FABE-4F97-A041-EA6F39057812}.Unity Client Debug|Any CPU.ActiveCfg = Debug|Any CPU
		{9771FF48-FABE-4F97-A041-EA6F39057812}.Unity Client Debug|Any CPU.Build.0 = Debug|Any CPU
		{9771FF48-FABE-4F97-A041-EA6F39057812}.Unity Debug|Any CPU.ActiveCfg = Debug|Any CPU
		{9771FF48-FABE-4F97-A041-EA6F39057812}.Unity Debug|Any CPU.Build.0 = Debug|Any CPU
		{9771FF48-FABE-4F97-A041-EA6F39057812}.UnityDebug|Any CPU.ActiveCfg = Debug|Any CPU
		{9771FF48-FABE-4F97-A041-EA6F39057812}.UnityDebug|Any CPU.Build.0 = Debug|Any CPU
		{0E7413FF-EB9E-4714-ACF2-BE3A6A7B2FFD}.Debug|Any CPU.ActiveCfg = Debug|Any CPU
		{0E7413FF-EB9E-4714-ACF2-BE3A6A7B2FFD}.Debug|Any CPU.Build.0 = Debug|Any CPU
		{0E7413FF-EB9E-4714-ACF2-BE3A6A7B2FFD}.Release 2.0|Any CPU.ActiveCfg = Release|Any CPU
		{0E7413FF-EB9E-4714-ACF2-BE3A6A7B2FFD}.Release 2.0|Any CPU.Build.0 = Release|Any CPU
		{0E7413FF-EB9E-4714-ACF2-BE3A6A7B2FFD}.Release 4.5|Any CPU.ActiveCfg = Release|Any CPU
		{0E7413FF-EB9E-4714-ACF2-BE3A6A7B2FFD}.Release 4.5|Any CPU.Build.0 = Release|Any CPU
		{0E7413FF-EB9E-4714-ACF2-BE3A6A7B2FFD}.Release|Any CPU.ActiveCfg = Release|Any CPU
		{0E7413FF-EB9E-4714-ACF2-BE3A6A7B2FFD}.Release|Any CPU.Build.0 = Release|Any CPU
		{0E7413FF-EB9E-4714-ACF2-BE3A6A7B2FFD}.Unity Client Debug|Any CPU.ActiveCfg = Debug|Any CPU
		{0E7413FF-EB9E-4714-ACF2-BE3A6A7B2FFD}.Unity Client Debug|Any CPU.Build.0 = Debug|Any CPU
		{0E7413FF-EB9E-4714-ACF2-BE3A6A7B2FFD}.Unity Debug|Any CPU.ActiveCfg = Debug|Any CPU
		{0E7413FF-EB9E-4714-ACF2-BE3A6A7B2FFD}.Unity Debug|Any CPU.Build.0 = Debug|Any CPU
		{0E7413FF-EB9E-4714-ACF2-BE3A6A7B2FFD}.UnityDebug|Any CPU.ActiveCfg = Debug|Any CPU
		{0E7413FF-EB9E-4714-ACF2-BE3A6A7B2FFD}.UnityDebug|Any CPU.Build.0 = Debug|Any CPU
		{46F25A62-2E29-48CB-95F3-BDBCB0976DDC}.Debug|Any CPU.ActiveCfg = Debug|Any CPU
		{46F25A62-2E29-48CB-95F3-BDBCB0976DDC}.Debug|Any CPU.Build.0 = Debug|Any CPU
		{46F25A62-2E29-48CB-95F3-BDBCB0976DDC}.Release 2.0|Any CPU.ActiveCfg = Release|Any CPU
		{46F25A62-2E29-48CB-95F3-BDBCB0976DDC}.Release 2.0|Any CPU.Build.0 = Release|Any CPU
		{46F25A62-2E29-48CB-95F3-BDBCB0976DDC}.Release 4.5|Any CPU.ActiveCfg = Release|Any CPU
		{46F25A62-2E29-48CB-95F3-BDBCB0976DDC}.Release 4.5|Any CPU.Build.0 = Release|Any CPU
		{46F25A62-2E29-48CB-95F3-BDBCB0976DDC}.Release|Any CPU.ActiveCfg = Release|Any CPU
		{46F25A62-2E29-48CB-95F3-BDBCB0976DDC}.Release|Any CPU.Build.0 = Release|Any CPU
		{46F25A62-2E29-48CB-95F3-BDBCB0976DDC}.Unity Client Debug|Any CPU.ActiveCfg = Debug|Any CPU
		{46F25A62-2E29-48CB-95F3-BDBCB0976DDC}.Unity Client Debug|Any CPU.Build.0 = Debug|Any CPU
		{46F25A62-2E29-48CB-95F3-BDBCB0976DDC}.Unity Debug|Any CPU.ActiveCfg = Debug|Any CPU
		{46F25A62-2E29-48CB-95F3-BDBCB0976DDC}.Unity Debug|Any CPU.Build.0 = Debug|Any CPU
		{46F25A62-2E29-48CB-95F3-BDBCB0976DDC}.UnityDebug|Any CPU.ActiveCfg = Debug|Any CPU
		{46F25A62-2E29-48CB-95F3-BDBCB0976DDC}.UnityDebug|Any CPU.Build.0 = Debug|Any CPU
		{B543A0B8-2630-424E-B628-53457BE4884B}.Debug|Any CPU.ActiveCfg = Debug|Any CPU
		{B543A0B8-2630-424E-B628-53457BE4884B}.Debug|Any CPU.Build.0 = Debug|Any CPU
		{B543A0B8-2630-424E-B628-53457BE4884B}.Release 2.0|Any CPU.ActiveCfg = Release|Any CPU
		{B543A0B8-2630-424E-B628-53457BE4884B}.Release 2.0|Any CPU.Build.0 = Release|Any CPU
		{B543A0B8-2630-424E-B628-53457BE4884B}.Release 4.5|Any CPU.ActiveCfg = Release|Any CPU
		{B543A0B8-2630-424E-B628-53457BE4884B}.Release 4.5|Any CPU.Build.0 = Release|Any CPU
		{B543A0B8-2630-424E-B628-53457BE4884B}.Release|Any CPU.ActiveCfg = Release|Any CPU
		{B543A0B8-2630-424E-B628-53457BE4884B}.Release|Any CPU.Build.0 = Release|Any CPU
		{B543A0B8-2630-424E-B628-53457BE4884B}.Unity Client Debug|Any CPU.ActiveCfg = Debug|Any CPU
		{B543A0B8-2630-424E-B628-53457BE4884B}.Unity Client Debug|Any CPU.Build.0 = Debug|Any CPU
		{B543A0B8-2630-424E-B628-53457BE4884B}.Unity Debug|Any CPU.ActiveCfg = Debug|Any CPU
		{B543A0B8-2630-424E-B628-53457BE4884B}.Unity Debug|Any CPU.Build.0 = Debug|Any CPU
		{B543A0B8-2630-424E-B628-53457BE4884B}.UnityDebug|Any CPU.ActiveCfg = Debug|Any CPU
		{B543A0B8-2630-424E-B628-53457BE4884B}.UnityDebug|Any CPU.Build.0 = Debug|Any CPU
		{34E27462-3046-4DC7-A7FA-45E4F4F7D413}.Debug|Any CPU.ActiveCfg = Debug|Any CPU
		{34E27462-3046-4DC7-A7FA-45E4F4F7D413}.Debug|Any CPU.Build.0 = Debug|Any CPU
		{34E27462-3046-4DC7-A7FA-45E4F4F7D413}.Release 2.0|Any CPU.ActiveCfg = Release|Any CPU
		{34E27462-3046-4DC7-A7FA-45E4F4F7D413}.Release 2.0|Any CPU.Build.0 = Release|Any CPU
		{34E27462-3046-4DC7-A7FA-45E4F4F7D413}.Release 4.5|Any CPU.ActiveCfg = Release|Any CPU
		{34E27462-3046-4DC7-A7FA-45E4F4F7D413}.Release 4.5|Any CPU.Build.0 = Release|Any CPU
		{34E27462-3046-4DC7-A7FA-45E4F4F7D413}.Release|Any CPU.ActiveCfg = Release|Any CPU
		{34E27462-3046-4DC7-A7FA-45E4F4F7D413}.Release|Any CPU.Build.0 = Release|Any CPU
		{34E27462-3046-4DC7-A7FA-45E4F4F7D413}.Unity Client Debug|Any CPU.ActiveCfg = Debug|Any CPU
		{34E27462-3046-4DC7-A7FA-45E4F4F7D413}.Unity Client Debug|Any CPU.Build.0 = Debug|Any CPU
		{34E27462-3046-4DC7-A7FA-45E4F4F7D413}.Unity Debug|Any CPU.ActiveCfg = Debug|Any CPU
		{34E27462-3046-4DC7-A7FA-45E4F4F7D413}.Unity Debug|Any CPU.Build.0 = Debug|Any CPU
		{34E27462-3046-4DC7-A7FA-45E4F4F7D413}.UnityDebug|Any CPU.ActiveCfg = Debug|Any CPU
		{34E27462-3046-4DC7-A7FA-45E4F4F7D413}.UnityDebug|Any CPU.Build.0 = Debug|Any CPU
		{14C24EA9-DD64-4739-910B-7E0A91A5E84F}.Debug|Any CPU.ActiveCfg = Debug|Any CPU
		{14C24EA9-DD64-4739-910B-7E0A91A5E84F}.Debug|Any CPU.Build.0 = Debug|Any CPU
		{14C24EA9-DD64-4739-910B-7E0A91A5E84F}.Release 2.0|Any CPU.ActiveCfg = Release|Any CPU
		{14C24EA9-DD64-4739-910B-7E0A91A5E84F}.Release 2.0|Any CPU.Build.0 = Release|Any CPU
		{14C24EA9-DD64-4739-910B-7E0A91A5E84F}.Release 4.5|Any CPU.ActiveCfg = Release|Any CPU
		{14C24EA9-DD64-4739-910B-7E0A91A5E84F}.Release 4.5|Any CPU.Build.0 = Release|Any CPU
		{14C24EA9-DD64-4739-910B-7E0A91A5E84F}.Release|Any CPU.ActiveCfg = Release|Any CPU
		{14C24EA9-DD64-4739-910B-7E0A91A5E84F}.Release|Any CPU.Build.0 = Release|Any CPU
		{14C24EA9-DD64-4739-910B-7E0A91A5E84F}.Unity Client Debug|Any CPU.ActiveCfg = Debug|Any CPU
		{14C24EA9-DD64-4739-910B-7E0A91A5E84F}.Unity Client Debug|Any CPU.Build.0 = Debug|Any CPU
		{14C24EA9-DD64-4739-910B-7E0A91A5E84F}.Unity Debug|Any CPU.ActiveCfg = Debug|Any CPU
		{14C24EA9-DD64-4739-910B-7E0A91A5E84F}.Unity Debug|Any CPU.Build.0 = Debug|Any CPU
		{14C24EA9-DD64-4739-910B-7E0A91A5E84F}.UnityDebug|Any CPU.ActiveCfg = Debug|Any CPU
		{14C24EA9-DD64-4739-910B-7E0A91A5E84F}.UnityDebug|Any CPU.Build.0 = Debug|Any CPU
		{82EF42EA-CFFA-4781-9FB5-FD70966870A3}.Debug|Any CPU.ActiveCfg = Debug|Any CPU
		{82EF42EA-CFFA-4781-9FB5-FD70966870A3}.Debug|Any CPU.Build.0 = Debug|Any CPU
		{82EF42EA-CFFA-4781-9FB5-FD70966870A3}.Release 2.0|Any CPU.ActiveCfg = Release|Any CPU
		{82EF42EA-CFFA-4781-9FB5-FD70966870A3}.Release 2.0|Any CPU.Build.0 = Release|Any CPU
		{82EF42EA-CFFA-4781-9FB5-FD70966870A3}.Release 4.5|Any CPU.ActiveCfg = Release|Any CPU
		{82EF42EA-CFFA-4781-9FB5-FD70966870A3}.Release 4.5|Any CPU.Build.0 = Release|Any CPU
		{82EF42EA-CFFA-4781-9FB5-FD70966870A3}.Release|Any CPU.ActiveCfg = Release|Any CPU
		{82EF42EA-CFFA-4781-9FB5-FD70966870A3}.Release|Any CPU.Build.0 = Release|Any CPU
		{82EF42EA-CFFA-4781-9FB5-FD70966870A3}.Unity Client Debug|Any CPU.ActiveCfg = Debug|Any CPU
		{82EF42EA-CFFA-4781-9FB5-FD70966870A3}.Unity Client Debug|Any CPU.Build.0 = Debug|Any CPU
		{82EF42EA-CFFA-4781-9FB5-FD70966870A3}.Unity Debug|Any CPU.ActiveCfg = Debug|Any CPU
		{82EF42EA-CFFA-4781-9FB5-FD70966870A3}.Unity Debug|Any CPU.Build.0 = Debug|Any CPU
		{82EF42EA-CFFA-4781-9FB5-FD70966870A3}.UnityDebug|Any CPU.ActiveCfg = Debug|Any CPU
		{82EF42EA-CFFA-4781-9FB5-FD70966870A3}.UnityDebug|Any CPU.Build.0 = Debug|Any CPU
		{FD2A86F9-1669-43C4-BEFB-1240B4A37975}.Debug|Any CPU.ActiveCfg = Debug|Any CPU
		{FD2A86F9-1669-43C4-BEFB-1240B4A37975}.Debug|Any CPU.Build.0 = Debug|Any CPU
		{FD2A86F9-1669-43C4-BEFB-1240B4A37975}.Release 2.0|Any CPU.ActiveCfg = Release|Any CPU
		{FD2A86F9-1669-43C4-BEFB-1240B4A37975}.Release 2.0|Any CPU.Build.0 = Release|Any CPU
		{FD2A86F9-1669-43C4-BEFB-1240B4A37975}.Release 4.5|Any CPU.ActiveCfg = Release|Any CPU
		{FD2A86F9-1669-43C4-BEFB-1240B4A37975}.Release 4.5|Any CPU.Build.0 = Release|Any CPU
		{FD2A86F9-1669-43C4-BEFB-1240B4A37975}.Release|Any CPU.ActiveCfg = Release|Any CPU
		{FD2A86F9-1669-43C4-BEFB-1240B4A37975}.Release|Any CPU.Build.0 = Release|Any CPU
		{FD2A86F9-1669-43C4-BEFB-1240B4A37975}.Unity Client Debug|Any CPU.ActiveCfg = Debug|Any CPU
		{FD2A86F9-1669-43C4-BEFB-1240B4A37975}.Unity Client Debug|Any CPU.Build.0 = Debug|Any CPU
		{FD2A86F9-1669-43C4-BEFB-1240B4A37975}.Unity Debug|Any CPU.ActiveCfg = Debug|Any CPU
		{FD2A86F9-1669-43C4-BEFB-1240B4A37975}.Unity Debug|Any CPU.Build.0 = Debug|Any CPU
		{FD2A86F9-1669-43C4-BEFB-1240B4A37975}.UnityDebug|Any CPU.ActiveCfg = Debug|Any CPU
		{FD2A86F9-1669-43C4-BEFB-1240B4A37975}.UnityDebug|Any CPU.Build.0 = Debug|Any CPU
		{24BF346A-AA43-4613-B1F0-2369DD0994F2}.Debug|Any CPU.ActiveCfg = Debug|Any CPU
		{24BF346A-AA43-4613-B1F0-2369DD0994F2}.Debug|Any CPU.Build.0 = Debug|Any CPU
		{24BF346A-AA43-4613-B1F0-2369DD0994F2}.Release 2.0|Any CPU.ActiveCfg = Release|Any CPU
		{24BF346A-AA43-4613-B1F0-2369DD0994F2}.Release 2.0|Any CPU.Build.0 = Release|Any CPU
		{24BF346A-AA43-4613-B1F0-2369DD0994F2}.Release 4.5|Any CPU.ActiveCfg = Release|Any CPU
		{24BF346A-AA43-4613-B1F0-2369DD0994F2}.Release 4.5|Any CPU.Build.0 = Release|Any CPU
		{24BF346A-AA43-4613-B1F0-2369DD0994F2}.Release|Any CPU.ActiveCfg = Release|Any CPU
		{24BF346A-AA43-4613-B1F0-2369DD0994F2}.Release|Any CPU.Build.0 = Release|Any CPU
		{24BF346A-AA43-4613-B1F0-2369DD0994F2}.Unity Client Debug|Any CPU.ActiveCfg = Debug|Any CPU
		{24BF346A-AA43-4613-B1F0-2369DD0994F2}.Unity Client Debug|Any CPU.Build.0 = Debug|Any CPU
		{24BF346A-AA43-4613-B1F0-2369DD0994F2}.Unity Debug|Any CPU.ActiveCfg = Debug|Any CPU
		{24BF346A-AA43-4613-B1F0-2369DD0994F2}.Unity Debug|Any CPU.Build.0 = Debug|Any CPU
		{24BF346A-AA43-4613-B1F0-2369DD0994F2}.UnityDebug|Any CPU.ActiveCfg = Debug|Any CPU
		{24BF346A-AA43-4613-B1F0-2369DD0994F2}.UnityDebug|Any CPU.Build.0 = Debug|Any CPU
		{984830D2-F939-4485-922F-D55D835C89F7}.Debug|Any CPU.ActiveCfg = Debug|Any CPU
		{984830D2-F939-4485-922F-D55D835C89F7}.Debug|Any CPU.Build.0 = Debug|Any CPU
		{984830D2-F939-4485-922F-D55D835C89F7}.Release 2.0|Any CPU.ActiveCfg = Release|Any CPU
		{984830D2-F939-4485-922F-D55D835C89F7}.Release 2.0|Any CPU.Build.0 = Release|Any CPU
		{984830D2-F939-4485-922F-D55D835C89F7}.Release 4.5|Any CPU.ActiveCfg = Release|Any CPU
		{984830D2-F939-4485-922F-D55D835C89F7}.Release 4.5|Any CPU.Build.0 = Release|Any CPU
		{984830D2-F939-4485-922F-D55D835C89F7}.Release|Any CPU.ActiveCfg = Release|Any CPU
		{984830D2-F939-4485-922F-D55D835C89F7}.Release|Any CPU.Build.0 = Release|Any CPU
		{984830D2-F939-4485-922F-D55D835C89F7}.Unity Client Debug|Any CPU.ActiveCfg = Debug|Any CPU
		{984830D2-F939-4485-922F-D55D835C89F7}.Unity Client Debug|Any CPU.Build.0 = Debug|Any CPU
		{984830D2-F939-4485-922F-D55D835C89F7}.Unity Debug|Any CPU.ActiveCfg = Debug|Any CPU
		{984830D2-F939-4485-922F-D55D835C89F7}.Unity Debug|Any CPU.Build.0 = Debug|Any CPU
		{984830D2-F939-4485-922F-D55D835C89F7}.UnityDebug|Any CPU.ActiveCfg = Debug|Any CPU
		{984830D2-F939-4485-922F-D55D835C89F7}.UnityDebug|Any CPU.Build.0 = Debug|Any CPU
		{024A08FE-7108-4C7B-ABE0-051662BA68B4}.Debug|Any CPU.ActiveCfg = Debug|Any CPU
		{024A08FE-7108-4C7B-ABE0-051662BA68B4}.Debug|Any CPU.Build.0 = Debug|Any CPU
		{024A08FE-7108-4C7B-ABE0-051662BA68B4}.Release 2.0|Any CPU.ActiveCfg = Release|Any CPU
		{024A08FE-7108-4C7B-ABE0-051662BA68B4}.Release 2.0|Any CPU.Build.0 = Release|Any CPU
		{024A08FE-7108-4C7B-ABE0-051662BA68B4}.Release 4.5|Any CPU.ActiveCfg = Release|Any CPU
		{024A08FE-7108-4C7B-ABE0-051662BA68B4}.Release 4.5|Any CPU.Build.0 = Release|Any CPU
		{024A08FE-7108-4C7B-ABE0-051662BA68B4}.Release|Any CPU.ActiveCfg = Release|Any CPU
		{024A08FE-7108-4C7B-ABE0-051662BA68B4}.Release|Any CPU.Build.0 = Release|Any CPU
		{024A08FE-7108-4C7B-ABE0-051662BA68B4}.Unity Client Debug|Any CPU.ActiveCfg = Debug|Any CPU
		{024A08FE-7108-4C7B-ABE0-051662BA68B4}.Unity Client Debug|Any CPU.Build.0 = Debug|Any CPU
		{024A08FE-7108-4C7B-ABE0-051662BA68B4}.Unity Debug|Any CPU.ActiveCfg = Debug|Any CPU
		{024A08FE-7108-4C7B-ABE0-051662BA68B4}.Unity Debug|Any CPU.Build.0 = Debug|Any CPU
		{024A08FE-7108-4C7B-ABE0-051662BA68B4}.UnityDebug|Any CPU.ActiveCfg = Debug|Any CPU
		{024A08FE-7108-4C7B-ABE0-051662BA68B4}.UnityDebug|Any CPU.Build.0 = Debug|Any CPU
		{D454A01E-2C50-4CFF-8F7C-4FAB87CF92ED}.Debug|Any CPU.ActiveCfg = Debug|Any CPU
		{D454A01E-2C50-4CFF-8F7C-4FAB87CF92ED}.Debug|Any CPU.Build.0 = Debug|Any CPU
		{D454A01E-2C50-4CFF-8F7C-4FAB87CF92ED}.Release 2.0|Any CPU.ActiveCfg = Release|Any CPU
		{D454A01E-2C50-4CFF-8F7C-4FAB87CF92ED}.Release 2.0|Any CPU.Build.0 = Release|Any CPU
		{D454A01E-2C50-4CFF-8F7C-4FAB87CF92ED}.Release 4.5|Any CPU.ActiveCfg = Release|Any CPU
		{D454A01E-2C50-4CFF-8F7C-4FAB87CF92ED}.Release 4.5|Any CPU.Build.0 = Release|Any CPU
		{D454A01E-2C50-4CFF-8F7C-4FAB87CF92ED}.Release|Any CPU.ActiveCfg = Release|Any CPU
		{D454A01E-2C50-4CFF-8F7C-4FAB87CF92ED}.Release|Any CPU.Build.0 = Release|Any CPU
		{D454A01E-2C50-4CFF-8F7C-4FAB87CF92ED}.Unity Client Debug|Any CPU.ActiveCfg = Debug|Any CPU
		{D454A01E-2C50-4CFF-8F7C-4FAB87CF92ED}.Unity Client Debug|Any CPU.Build.0 = Debug|Any CPU
		{D454A01E-2C50-4CFF-8F7C-4FAB87CF92ED}.Unity Debug|Any CPU.ActiveCfg = Debug|Any CPU
		{D454A01E-2C50-4CFF-8F7C-4FAB87CF92ED}.Unity Debug|Any CPU.Build.0 = Debug|Any CPU
		{D454A01E-2C50-4CFF-8F7C-4FAB87CF92ED}.UnityDebug|Any CPU.ActiveCfg = Debug|Any CPU
		{D454A01E-2C50-4CFF-8F7C-4FAB87CF92ED}.UnityDebug|Any CPU.Build.0 = Debug|Any CPU
		{3599B815-929D-4FB3-A19E-0B608BC781CC}.Debug|Any CPU.ActiveCfg = Debug|Any CPU
		{3599B815-929D-4FB3-A19E-0B608BC781CC}.Debug|Any CPU.Build.0 = Debug|Any CPU
		{3599B815-929D-4FB3-A19E-0B608BC781CC}.Release 2.0|Any CPU.ActiveCfg = Release|Any CPU
		{3599B815-929D-4FB3-A19E-0B608BC781CC}.Release 2.0|Any CPU.Build.0 = Release|Any CPU
		{3599B815-929D-4FB3-A19E-0B608BC781CC}.Release 4.5|Any CPU.ActiveCfg = Release|Any CPU
		{3599B815-929D-4FB3-A19E-0B608BC781CC}.Release 4.5|Any CPU.Build.0 = Release|Any CPU
		{3599B815-929D-4FB3-A19E-0B608BC781CC}.Release|Any CPU.ActiveCfg = Release|Any CPU
		{3599B815-929D-4FB3-A19E-0B608BC781CC}.Release|Any CPU.Build.0 = Release|Any CPU
		{3599B815-929D-4FB3-A19E-0B608BC781CC}.Unity Client Debug|Any CPU.ActiveCfg = Debug|Any CPU
		{3599B815-929D-4FB3-A19E-0B608BC781CC}.Unity Client Debug|Any CPU.Build.0 = Debug|Any CPU
		{3599B815-929D-4FB3-A19E-0B608BC781CC}.Unity Debug|Any CPU.ActiveCfg = Debug|Any CPU
		{3599B815-929D-4FB3-A19E-0B608BC781CC}.Unity Debug|Any CPU.Build.0 = Debug|Any CPU
		{3599B815-929D-4FB3-A19E-0B608BC781CC}.UnityDebug|Any CPU.ActiveCfg = Debug|Any CPU
		{3599B815-929D-4FB3-A19E-0B608BC781CC}.UnityDebug|Any CPU.Build.0 = Debug|Any CPU
		{69E914DB-F45B-430A-A91A-A10DF274F14D}.Debug|Any CPU.ActiveCfg = Debug|Any CPU
		{69E914DB-F45B-430A-A91A-A10DF274F14D}.Debug|Any CPU.Build.0 = Debug|Any CPU
		{69E914DB-F45B-430A-A91A-A10DF274F14D}.Release 2.0|Any CPU.ActiveCfg = Release|Any CPU
		{69E914DB-F45B-430A-A91A-A10DF274F14D}.Release 2.0|Any CPU.Build.0 = Release|Any CPU
		{69E914DB-F45B-430A-A91A-A10DF274F14D}.Release 4.5|Any CPU.ActiveCfg = Release|Any CPU
		{69E914DB-F45B-430A-A91A-A10DF274F14D}.Release 4.5|Any CPU.Build.0 = Release|Any CPU
		{69E914DB-F45B-430A-A91A-A10DF274F14D}.Release|Any CPU.ActiveCfg = Release|Any CPU
		{69E914DB-F45B-430A-A91A-A10DF274F14D}.Release|Any CPU.Build.0 = Release|Any CPU
		{69E914DB-F45B-430A-A91A-A10DF274F14D}.Unity Client Debug|Any CPU.ActiveCfg = Debug|Any CPU
		{69E914DB-F45B-430A-A91A-A10DF274F14D}.Unity Client Debug|Any CPU.Build.0 = Debug|Any CPU
		{69E914DB-F45B-430A-A91A-A10DF274F14D}.Unity Debug|Any CPU.ActiveCfg = Debug|Any CPU
		{69E914DB-F45B-430A-A91A-A10DF274F14D}.Unity Debug|Any CPU.Build.0 = Debug|Any CPU
		{69E914DB-F45B-430A-A91A-A10DF274F14D}.UnityDebug|Any CPU.ActiveCfg = Debug|Any CPU
		{B4DC82FF-0DB1-4A0C-9B12-5C6D481FBF5D}.Debug|Any CPU.ActiveCfg = Debug|Any CPU
		{B4DC82FF-0DB1-4A0C-9B12-5C6D481FBF5D}.Debug|Any CPU.Build.0 = Debug|Any CPU
		{B4DC82FF-0DB1-4A0C-9B12-5C6D481FBF5D}.Release 2.0|Any CPU.ActiveCfg = Release|Any CPU
		{B4DC82FF-0DB1-4A0C-9B12-5C6D481FBF5D}.Release 2.0|Any CPU.Build.0 = Release|Any CPU
		{B4DC82FF-0DB1-4A0C-9B12-5C6D481FBF5D}.Release 4.5|Any CPU.ActiveCfg = Release|Any CPU
		{B4DC82FF-0DB1-4A0C-9B12-5C6D481FBF5D}.Release 4.5|Any CPU.Build.0 = Release|Any CPU
		{B4DC82FF-0DB1-4A0C-9B12-5C6D481FBF5D}.Release|Any CPU.ActiveCfg = Release|Any CPU
		{B4DC82FF-0DB1-4A0C-9B12-5C6D481FBF5D}.Release|Any CPU.Build.0 = Release|Any CPU
		{B4DC82FF-0DB1-4A0C-9B12-5C6D481FBF5D}.Unity Client Debug|Any CPU.ActiveCfg = Debug|Any CPU
		{B4DC82FF-0DB1-4A0C-9B12-5C6D481FBF5D}.Unity Client Debug|Any CPU.Build.0 = Debug|Any CPU
		{B4DC82FF-0DB1-4A0C-9B12-5C6D481FBF5D}.Unity Debug|Any CPU.ActiveCfg = Debug|Any CPU
		{B4DC82FF-0DB1-4A0C-9B12-5C6D481FBF5D}.Unity Debug|Any CPU.Build.0 = Debug|Any CPU
		{B4DC82FF-0DB1-4A0C-9B12-5C6D481FBF5D}.UnityDebug|Any CPU.ActiveCfg = Debug|Any CPU
		{B4DC82FF-0DB1-4A0C-9B12-5C6D481FBF5D}.UnityDebug|Any CPU.Build.0 = Debug|Any CPU
		{9ED71A09-13E4-4035-B3BA-C95214081D64}.Debug|Any CPU.ActiveCfg = Debug|Any CPU
		{9ED71A09-13E4-4035-B3BA-C95214081D64}.Debug|Any CPU.Build.0 = Debug|Any CPU
		{9ED71A09-13E4-4035-B3BA-C95214081D64}.Release 2.0|Any CPU.ActiveCfg = Release|Any CPU
		{9ED71A09-13E4-4035-B3BA-C95214081D64}.Release 2.0|Any CPU.Build.0 = Release|Any CPU
		{9ED71A09-13E4-4035-B3BA-C95214081D64}.Release 4.5|Any CPU.ActiveCfg = Release|Any CPU
		{9ED71A09-13E4-4035-B3BA-C95214081D64}.Release 4.5|Any CPU.Build.0 = Release|Any CPU
		{9ED71A09-13E4-4035-B3BA-C95214081D64}.Release|Any CPU.ActiveCfg = Release|Any CPU
		{9ED71A09-13E4-4035-B3BA-C95214081D64}.Release|Any CPU.Build.0 = Release|Any CPU
		{9ED71A09-13E4-4035-B3BA-C95214081D64}.Unity Client Debug|Any CPU.ActiveCfg = Debug|Any CPU
		{9ED71A09-13E4-4035-B3BA-C95214081D64}.Unity Client Debug|Any CPU.Build.0 = Debug|Any CPU
		{9ED71A09-13E4-4035-B3BA-C95214081D64}.Unity Debug|Any CPU.ActiveCfg = Debug|Any CPU
		{9ED71A09-13E4-4035-B3BA-C95214081D64}.Unity Debug|Any CPU.Build.0 = Debug|Any CPU
		{9ED71A09-13E4-4035-B3BA-C95214081D64}.UnityDebug|Any CPU.ActiveCfg = Debug|Any CPU
		{9ED71A09-13E4-4035-B3BA-C95214081D64}.UnityDebug|Any CPU.Build.0 = Debug|Any CPU
	EndGlobalSection
	GlobalSection(SolutionProperties) = preSolution
		HideSolutionNode = FALSE
	EndGlobalSection
	GlobalSection(NestedProjects) = preSolution
		{223D6705-337D-409F-8524-553ABC5EAABD} = {95870326-A203-47B3-BBEE-8CF6CC7FB05F}
		{172A1C8E-A69D-4A00-A97D-2C75275F6980} = {1339B075-DB93-458D-873C-2775F5EEB924}
		{7996590E-EFF0-459A-A75E-ED6FCBD4AE7F} = {1339B075-DB93-458D-873C-2775F5EEB924}
		{D34D64C8-DC4F-45FB-903E-B42DACA78632} = {1339B075-DB93-458D-873C-2775F5EEB924}
		{354189CC-C80B-4310-9B3A-7F9080AB4502} = {44462B28-1544-4653-B506-C4D6D5F7D416}
		{40DB97CD-BB9F-4EAF-8092-39975F9719D6} = {5B8C1896-A295-4C48-992F-51D983EC1EA3}
		{79FA84E4-8380-4298-A823-3C0976D527EF} = {040EBB4D-6664-4699-AE6E-CD3A0AE31FE0}
		{1B0A8C03-8A9A-4A3B-9C36-D750CEDB9853} = {44462B28-1544-4653-B506-C4D6D5F7D416}
		{50651079-AC3A-447F-A710-E9049F3D1565} = {040EBB4D-6664-4699-AE6E-CD3A0AE31FE0}
		{320609A9-59D3-4DF2-9324-A44260C258F5} = {44462B28-1544-4653-B506-C4D6D5F7D416}
		{819D263A-C6B4-4BE6-92CE-A6F38B1CFE00} = {040EBB4D-6664-4699-AE6E-CD3A0AE31FE0}
		{B989EC0F-44F4-4AB2-98F5-184BAB9FCE26} = {44462B28-1544-4653-B506-C4D6D5F7D416}
		{1531C1EA-BD53-41D1-A34B-CFCDF79D2651} = {ACAFB2F3-CA8D-421B-A97D-2C938B78B592}
		{CD080A54-9580-45C9-B5BB-479A0A38B70E} = {ACAFB2F3-CA8D-421B-A97D-2C938B78B592}
		{7D69ED22-9BE7-46DD-9F46-0809C7D74385} = {44462B28-1544-4653-B506-C4D6D5F7D416}
		{0AA1AD9D-17F0-4D47-9CD9-2953F3F133F2} = {44462B28-1544-4653-B506-C4D6D5F7D416}
		{D5D14E17-C9D5-4AB2-AB74-96F95B50614F} = {44462B28-1544-4653-B506-C4D6D5F7D416}
		{50D38CA1-043A-41DB-A03F-D07C596638FD} = {44462B28-1544-4653-B506-C4D6D5F7D416}
		{2344C836-6B6F-4259-A5A3-E12EAFDBA643} = {44462B28-1544-4653-B506-C4D6D5F7D416}
		{241C2A0B-AB53-40A9-8812-86FED7CCBFD4} = {44462B28-1544-4653-B506-C4D6D5F7D416}
		{DC88053B-F802-47E1-9BE4-A7E9F795858D} = {1ECFA4EB-642C-46B9-B677-815DD56B26E3}
		{1ECFA4EB-642C-46B9-B677-815DD56B26E3} = {040EBB4D-6664-4699-AE6E-CD3A0AE31FE0}
		{6719CEEE-EA1D-48CC-A301-89A0E47BC3AD} = {1ECFA4EB-642C-46B9-B677-815DD56B26E3}
		{5B8C1896-A295-4C48-992F-51D983EC1EA3} = {44462B28-1544-4653-B506-C4D6D5F7D416}
		{ACAFB2F3-CA8D-421B-A97D-2C938B78B592} = {44462B28-1544-4653-B506-C4D6D5F7D416}
		{9771FF48-FABE-4F97-A041-EA6F39057812} = {1ECFA4EB-642C-46B9-B677-815DD56B26E3}
		{9AD0E533-B398-4375-96BF-D1AB140B062D} = {1ECFA4EB-642C-46B9-B677-815DD56B26E3}
		{0E7413FF-EB9E-4714-ACF2-BE3A6A7B2FFD} = {9AD0E533-B398-4375-96BF-D1AB140B062D}
		{46F25A62-2E29-48CB-95F3-BDBCB0976DDC} = {9AD0E533-B398-4375-96BF-D1AB140B062D}
		{B543A0B8-2630-424E-B628-53457BE4884B} = {9AD0E533-B398-4375-96BF-D1AB140B062D}
		{34E27462-3046-4DC7-A7FA-45E4F4F7D413} = {9AD0E533-B398-4375-96BF-D1AB140B062D}
		{14C24EA9-DD64-4739-910B-7E0A91A5E84F} = {1ECFA4EB-642C-46B9-B677-815DD56B26E3}
		{1AC37270-0ADC-43F6-9FC8-6FEB96686356} = {9AD0E533-B398-4375-96BF-D1AB140B062D}
		{82EF42EA-CFFA-4781-9FB5-FD70966870A3} = {1ECFA4EB-642C-46B9-B677-815DD56B26E3}
		{FD2A86F9-1669-43C4-BEFB-1240B4A37975} = {1ECFA4EB-642C-46B9-B677-815DD56B26E3}
		{24BF346A-AA43-4613-B1F0-2369DD0994F2} = {1ECFA4EB-642C-46B9-B677-815DD56B26E3}
		{984830D2-F939-4485-922F-D55D835C89F7} = {1ECFA4EB-642C-46B9-B677-815DD56B26E3}
		{024A08FE-7108-4C7B-ABE0-051662BA68B4} = {1ECFA4EB-642C-46B9-B677-815DD56B26E3}
		{D454A01E-2C50-4CFF-8F7C-4FAB87CF92ED} = {1ECFA4EB-642C-46B9-B677-815DD56B26E3}
		{3599B815-929D-4FB3-A19E-0B608BC781CC} = {44462B28-1544-4653-B506-C4D6D5F7D416}
		{69E914DB-F45B-430A-A91A-A10DF274F14D} = {44462B28-1544-4653-B506-C4D6D5F7D416}
		{B4DC82FF-0DB1-4A0C-9B12-5C6D481FBF5D} = {44462B28-1544-4653-B506-C4D6D5F7D416}
		{44462B28-1544-4653-B506-C4D6D5F7D416} = {040EBB4D-6664-4699-AE6E-CD3A0AE31FE0}
		{9ED71A09-13E4-4035-B3BA-C95214081D64} = {44462B28-1544-4653-B506-C4D6D5F7D416}
	EndGlobalSection
EndGlobal
