
Microsoft Visual Studio Solution File, Format Version 12.00
# Visual Studio 14
VisualStudioVersion = 14.0.25420.1
MinimumVisualStudioVersion = 10.0.40219.1
Project("{FAE04EC0-301F-11D3-BF4B-00C04F79EFBC}") = "PlayGen.ITAlert.Photon.Plugin", "PlayGen.ITAlert.Photon.Plugin\PlayGen.ITAlert.Photon.Plugin.csproj", "{C2C6F5FB-8CAB-4E2B-B7A1-32CBD2F9F5AE}"
EndProject
Project("{FAE04EC0-301F-11D3-BF4B-00C04F79EFBC}") = "PlayGen.ITAlert.Photon.Serialization", "PlayGen.ITAlert.Photon.Serialization\PlayGen.ITAlert.Photon.Serialization.csproj", "{32DC2199-5631-4682-92CE-9D1E6ACD8F86}"
EndProject
Project("{FAE04EC0-301F-11D3-BF4B-00C04F79EFBC}") = "PlayGen.ITAlert.Photon.Messages", "PlayGen.ITAlert.Photon.Messages\PlayGen.ITAlert.Photon.Messages.csproj", "{02999433-BC54-495B-89F2-9075BB5D0082}"
EndProject
Project("{FAE04EC0-301F-11D3-BF4B-00C04F79EFBC}") = "PlayGen.ITAlert.Photon.Players", "PlayGen.ITAlert.Photon.Players\PlayGen.ITAlert.Photon.Players.csproj", "{53A786BC-5080-460F-88E1-20B81A7DB298}"
EndProject
Project("{2150E333-8FDC-42A3-9474-1A3956D46DE8}") = "Solution Items", "Solution Items", "{46D94088-70CC-45FD-ACB2-D00CB113854F}"
	ProjectSection(SolutionItems) = preProject
		deploy\LoadBalancing\bin\Photon.LoadBalancing.dll.config = deploy\LoadBalancing\bin\Photon.LoadBalancing.dll.config
		deploy\bin_Win64\PhotonServer.config = deploy\bin_Win64\PhotonServer.config
	EndProjectSection
EndProject
Project("{2150E333-8FDC-42A3-9474-1A3956D46DE8}") = "Plugin", "Plugin", "{B7CD0185-B07B-4422-A262-A37577775171}"
EndProject
Project("{2150E333-8FDC-42A3-9474-1A3956D46DE8}") = "Shared", "Shared", "{D93A8B7A-0B81-4D93-A490-BC09044FF0A1}"
EndProject
Project("{FAE04EC0-301F-11D3-BF4B-00C04F79EFBC}") = "PlayGen.Photon.Messages", "photon-plugin\PlayGen.Photon.Messages\PlayGen.Photon.Messages.csproj", "{E5664C3B-0B84-46FF-84D2-3603B9202C6F}"
EndProject
Project("{FAE04EC0-301F-11D3-BF4B-00C04F79EFBC}") = "PlayGen.Photon.Messaging", "photon-plugin\PlayGen.Photon.Messaging\PlayGen.Photon.Messaging.csproj", "{E3EBDB5B-8879-45F3-B10F-EAC2CA313F42}"
EndProject
Project("{FAE04EC0-301F-11D3-BF4B-00C04F79EFBC}") = "PlayGen.Photon.Players", "photon-plugin\PlayGen.Photon.Players\PlayGen.Photon.Players.csproj", "{7E9EFE9A-58C7-45DC-AB5F-EF52CD721DB5}"
EndProject
Project("{FAE04EC0-301F-11D3-BF4B-00C04F79EFBC}") = "PlayGen.Photon.Plugin", "photon-plugin\PlayGen.Photon.Plugin\PlayGen.Photon.Plugin.csproj", "{CA3E391B-7EAB-428E-B869-2C974E211067}"
EndProject
Project("{FAE04EC0-301F-11D3-BF4B-00C04F79EFBC}") = "PlayGen.Photon.SUGAR", "photon-plugin\PlayGen.Photon.SUGAR\PlayGen.Photon.SUGAR.csproj", "{F62B5705-BF54-498A-B662-704C0B50C0B6}"
EndProject
Project("{FAE04EC0-301F-11D3-BF4B-00C04F79EFBC}") = "PlayGen.Photon.Plugin.Analytics", "PlayGen.Photon.Plugin.Analytics\PlayGen.Photon.Plugin.Analytics.csproj", "{A0A648DC-B80D-4E19-B3BF-B47C697EDC29}"
EndProject
Global
	GlobalSection(SolutionConfigurationPlatforms) = preSolution
		Debug|Any CPU = Debug|Any CPU
		Release 2.0|Any CPU = Release 2.0|Any CPU
		Release 4.5|Any CPU = Release 4.5|Any CPU
		Release|Any CPU = Release|Any CPU
		Unity_Debug_Client|Any CPU = Unity_Debug_Client|Any CPU
	EndGlobalSection
	GlobalSection(ProjectConfigurationPlatforms) = postSolution
		{C2C6F5FB-8CAB-4E2B-B7A1-32CBD2F9F5AE}.Debug|Any CPU.ActiveCfg = Debug|Any CPU
		{C2C6F5FB-8CAB-4E2B-B7A1-32CBD2F9F5AE}.Debug|Any CPU.Build.0 = Debug|Any CPU
		{C2C6F5FB-8CAB-4E2B-B7A1-32CBD2F9F5AE}.Release 2.0|Any CPU.ActiveCfg = Release|Any CPU
		{C2C6F5FB-8CAB-4E2B-B7A1-32CBD2F9F5AE}.Release 2.0|Any CPU.Build.0 = Release|Any CPU
		{C2C6F5FB-8CAB-4E2B-B7A1-32CBD2F9F5AE}.Release 4.5|Any CPU.ActiveCfg = Release|Any CPU
		{C2C6F5FB-8CAB-4E2B-B7A1-32CBD2F9F5AE}.Release 4.5|Any CPU.Build.0 = Release|Any CPU
		{C2C6F5FB-8CAB-4E2B-B7A1-32CBD2F9F5AE}.Release|Any CPU.ActiveCfg = Release|Any CPU
		{C2C6F5FB-8CAB-4E2B-B7A1-32CBD2F9F5AE}.Release|Any CPU.Build.0 = Release|Any CPU
		{C2C6F5FB-8CAB-4E2B-B7A1-32CBD2F9F5AE}.Unity_Debug_Client|Any CPU.ActiveCfg = Debug|Any CPU
		{C2C6F5FB-8CAB-4E2B-B7A1-32CBD2F9F5AE}.Unity_Debug_Client|Any CPU.Build.0 = Debug|Any CPU
		{32DC2199-5631-4682-92CE-9D1E6ACD8F86}.Debug|Any CPU.ActiveCfg = Debug|Any CPU
		{32DC2199-5631-4682-92CE-9D1E6ACD8F86}.Debug|Any CPU.Build.0 = Debug|Any CPU
		{32DC2199-5631-4682-92CE-9D1E6ACD8F86}.Release 2.0|Any CPU.ActiveCfg = Release|Any CPU
		{32DC2199-5631-4682-92CE-9D1E6ACD8F86}.Release 2.0|Any CPU.Build.0 = Release|Any CPU
		{32DC2199-5631-4682-92CE-9D1E6ACD8F86}.Release 4.5|Any CPU.ActiveCfg = Release|Any CPU
		{32DC2199-5631-4682-92CE-9D1E6ACD8F86}.Release 4.5|Any CPU.Build.0 = Release|Any CPU
		{32DC2199-5631-4682-92CE-9D1E6ACD8F86}.Release|Any CPU.ActiveCfg = Release|Any CPU
		{32DC2199-5631-4682-92CE-9D1E6ACD8F86}.Release|Any CPU.Build.0 = Release|Any CPU
		{32DC2199-5631-4682-92CE-9D1E6ACD8F86}.Unity_Debug_Client|Any CPU.ActiveCfg = Unity_Debug_Client|Any CPU
		{32DC2199-5631-4682-92CE-9D1E6ACD8F86}.Unity_Debug_Client|Any CPU.Build.0 = Unity_Debug_Client|Any CPU
		{02999433-BC54-495B-89F2-9075BB5D0082}.Debug|Any CPU.ActiveCfg = Debug|Any CPU
		{02999433-BC54-495B-89F2-9075BB5D0082}.Debug|Any CPU.Build.0 = Debug|Any CPU
		{02999433-BC54-495B-89F2-9075BB5D0082}.Release 2.0|Any CPU.ActiveCfg = Release|Any CPU
		{02999433-BC54-495B-89F2-9075BB5D0082}.Release 2.0|Any CPU.Build.0 = Release|Any CPU
		{02999433-BC54-495B-89F2-9075BB5D0082}.Release 4.5|Any CPU.ActiveCfg = Release|Any CPU
		{02999433-BC54-495B-89F2-9075BB5D0082}.Release 4.5|Any CPU.Build.0 = Release|Any CPU
		{02999433-BC54-495B-89F2-9075BB5D0082}.Release|Any CPU.ActiveCfg = Release|Any CPU
		{02999433-BC54-495B-89F2-9075BB5D0082}.Release|Any CPU.Build.0 = Release|Any CPU
		{02999433-BC54-495B-89F2-9075BB5D0082}.Unity_Debug_Client|Any CPU.ActiveCfg = Unity_Debug_Client|Any CPU
		{02999433-BC54-495B-89F2-9075BB5D0082}.Unity_Debug_Client|Any CPU.Build.0 = Unity_Debug_Client|Any CPU
		{53A786BC-5080-460F-88E1-20B81A7DB298}.Debug|Any CPU.ActiveCfg = Debug|Any CPU
		{53A786BC-5080-460F-88E1-20B81A7DB298}.Debug|Any CPU.Build.0 = Debug|Any CPU
		{53A786BC-5080-460F-88E1-20B81A7DB298}.Release 2.0|Any CPU.ActiveCfg = Release|Any CPU
		{53A786BC-5080-460F-88E1-20B81A7DB298}.Release 2.0|Any CPU.Build.0 = Release|Any CPU
		{53A786BC-5080-460F-88E1-20B81A7DB298}.Release 4.5|Any CPU.ActiveCfg = Release|Any CPU
		{53A786BC-5080-460F-88E1-20B81A7DB298}.Release 4.5|Any CPU.Build.0 = Release|Any CPU
		{53A786BC-5080-460F-88E1-20B81A7DB298}.Release|Any CPU.ActiveCfg = Release|Any CPU
		{53A786BC-5080-460F-88E1-20B81A7DB298}.Release|Any CPU.Build.0 = Release|Any CPU
		{53A786BC-5080-460F-88E1-20B81A7DB298}.Unity_Debug_Client|Any CPU.ActiveCfg = Unity_Debug_Client|Any CPU
		{53A786BC-5080-460F-88E1-20B81A7DB298}.Unity_Debug_Client|Any CPU.Build.0 = Unity_Debug_Client|Any CPU
		{E5664C3B-0B84-46FF-84D2-3603B9202C6F}.Debug|Any CPU.ActiveCfg = Debug|Any CPU
		{E5664C3B-0B84-46FF-84D2-3603B9202C6F}.Debug|Any CPU.Build.0 = Debug|Any CPU
		{E5664C3B-0B84-46FF-84D2-3603B9202C6F}.Release 2.0|Any CPU.ActiveCfg = Release|Any CPU
		{E5664C3B-0B84-46FF-84D2-3603B9202C6F}.Release 2.0|Any CPU.Build.0 = Release|Any CPU
		{E5664C3B-0B84-46FF-84D2-3603B9202C6F}.Release 4.5|Any CPU.ActiveCfg = Release|Any CPU
		{E5664C3B-0B84-46FF-84D2-3603B9202C6F}.Release 4.5|Any CPU.Build.0 = Release|Any CPU
		{E5664C3B-0B84-46FF-84D2-3603B9202C6F}.Release|Any CPU.ActiveCfg = Release|Any CPU
		{E5664C3B-0B84-46FF-84D2-3603B9202C6F}.Release|Any CPU.Build.0 = Release|Any CPU
		{E5664C3B-0B84-46FF-84D2-3603B9202C6F}.Unity_Debug_Client|Any CPU.ActiveCfg = Unity_Debug_Client|Any CPU
		{E5664C3B-0B84-46FF-84D2-3603B9202C6F}.Unity_Debug_Client|Any CPU.Build.0 = Unity_Debug_Client|Any CPU
		{E3EBDB5B-8879-45F3-B10F-EAC2CA313F42}.Debug|Any CPU.ActiveCfg = Debug|Any CPU
		{E3EBDB5B-8879-45F3-B10F-EAC2CA313F42}.Debug|Any CPU.Build.0 = Debug|Any CPU
		{E3EBDB5B-8879-45F3-B10F-EAC2CA313F42}.Release 2.0|Any CPU.ActiveCfg = Release|Any CPU
		{E3EBDB5B-8879-45F3-B10F-EAC2CA313F42}.Release 2.0|Any CPU.Build.0 = Release|Any CPU
		{E3EBDB5B-8879-45F3-B10F-EAC2CA313F42}.Release 4.5|Any CPU.ActiveCfg = Release|Any CPU
		{E3EBDB5B-8879-45F3-B10F-EAC2CA313F42}.Release 4.5|Any CPU.Build.0 = Release|Any CPU
		{E3EBDB5B-8879-45F3-B10F-EAC2CA313F42}.Release|Any CPU.ActiveCfg = Release|Any CPU
		{E3EBDB5B-8879-45F3-B10F-EAC2CA313F42}.Release|Any CPU.Build.0 = Release|Any CPU
		{E3EBDB5B-8879-45F3-B10F-EAC2CA313F42}.Unity_Debug_Client|Any CPU.ActiveCfg = Unity_Debug_Client|Any CPU
		{E3EBDB5B-8879-45F3-B10F-EAC2CA313F42}.Unity_Debug_Client|Any CPU.Build.0 = Unity_Debug_Client|Any CPU
		{7E9EFE9A-58C7-45DC-AB5F-EF52CD721DB5}.Debug|Any CPU.ActiveCfg = Debug|Any CPU
		{7E9EFE9A-58C7-45DC-AB5F-EF52CD721DB5}.Debug|Any CPU.Build.0 = Debug|Any CPU
		{7E9EFE9A-58C7-45DC-AB5F-EF52CD721DB5}.Release 2.0|Any CPU.ActiveCfg = Release|Any CPU
		{7E9EFE9A-58C7-45DC-AB5F-EF52CD721DB5}.Release 2.0|Any CPU.Build.0 = Release|Any CPU
		{7E9EFE9A-58C7-45DC-AB5F-EF52CD721DB5}.Release 4.5|Any CPU.ActiveCfg = Release|Any CPU
		{7E9EFE9A-58C7-45DC-AB5F-EF52CD721DB5}.Release 4.5|Any CPU.Build.0 = Release|Any CPU
		{7E9EFE9A-58C7-45DC-AB5F-EF52CD721DB5}.Release|Any CPU.ActiveCfg = Release|Any CPU
		{7E9EFE9A-58C7-45DC-AB5F-EF52CD721DB5}.Release|Any CPU.Build.0 = Release|Any CPU
		{7E9EFE9A-58C7-45DC-AB5F-EF52CD721DB5}.Unity_Debug_Client|Any CPU.ActiveCfg = Unity_Debug_Client|Any CPU
		{7E9EFE9A-58C7-45DC-AB5F-EF52CD721DB5}.Unity_Debug_Client|Any CPU.Build.0 = Unity_Debug_Client|Any CPU
		{CA3E391B-7EAB-428E-B869-2C974E211067}.Debug|Any CPU.ActiveCfg = Debug|Any CPU
		{CA3E391B-7EAB-428E-B869-2C974E211067}.Debug|Any CPU.Build.0 = Debug|Any CPU
		{CA3E391B-7EAB-428E-B869-2C974E211067}.Release 2.0|Any CPU.ActiveCfg = Release|Any CPU
		{CA3E391B-7EAB-428E-B869-2C974E211067}.Release 2.0|Any CPU.Build.0 = Release|Any CPU
		{CA3E391B-7EAB-428E-B869-2C974E211067}.Release 4.5|Any CPU.ActiveCfg = Release|Any CPU
		{CA3E391B-7EAB-428E-B869-2C974E211067}.Release 4.5|Any CPU.Build.0 = Release|Any CPU
		{CA3E391B-7EAB-428E-B869-2C974E211067}.Release|Any CPU.ActiveCfg = Release|Any CPU
		{CA3E391B-7EAB-428E-B869-2C974E211067}.Release|Any CPU.Build.0 = Release|Any CPU
		{CA3E391B-7EAB-428E-B869-2C974E211067}.Unity_Debug_Client|Any CPU.ActiveCfg = Debug|Any CPU
		{CA3E391B-7EAB-428E-B869-2C974E211067}.Unity_Debug_Client|Any CPU.Build.0 = Debug|Any CPU
		{F62B5705-BF54-498A-B662-704C0B50C0B6}.Debug|Any CPU.ActiveCfg = Debug|Any CPU
		{F62B5705-BF54-498A-B662-704C0B50C0B6}.Debug|Any CPU.Build.0 = Debug|Any CPU
		{F62B5705-BF54-498A-B662-704C0B50C0B6}.Release 2.0|Any CPU.ActiveCfg = Release|Any CPU
		{F62B5705-BF54-498A-B662-704C0B50C0B6}.Release 2.0|Any CPU.Build.0 = Release|Any CPU
		{F62B5705-BF54-498A-B662-704C0B50C0B6}.Release 4.5|Any CPU.ActiveCfg = Release|Any CPU
		{F62B5705-BF54-498A-B662-704C0B50C0B6}.Release 4.5|Any CPU.Build.0 = Release|Any CPU
		{F62B5705-BF54-498A-B662-704C0B50C0B6}.Release|Any CPU.ActiveCfg = Release|Any CPU
		{F62B5705-BF54-498A-B662-704C0B50C0B6}.Release|Any CPU.Build.0 = Release|Any CPU
		{F62B5705-BF54-498A-B662-704C0B50C0B6}.Unity_Debug_Client|Any CPU.ActiveCfg = Debug|Any CPU
		{F62B5705-BF54-498A-B662-704C0B50C0B6}.Unity_Debug_Client|Any CPU.Build.0 = Debug|Any CPU
		{A0A648DC-B80D-4E19-B3BF-B47C697EDC29}.Debug|Any CPU.ActiveCfg = Debug|Any CPU
		{A0A648DC-B80D-4E19-B3BF-B47C697EDC29}.Debug|Any CPU.Build.0 = Debug|Any CPU
		{A0A648DC-B80D-4E19-B3BF-B47C697EDC29}.Release 2.0|Any CPU.ActiveCfg = Release|Any CPU
		{A0A648DC-B80D-4E19-B3BF-B47C697EDC29}.Release 2.0|Any CPU.Build.0 = Release|Any CPU
		{A0A648DC-B80D-4E19-B3BF-B47C697EDC29}.Release 4.5|Any CPU.ActiveCfg = Release|Any CPU
		{A0A648DC-B80D-4E19-B3BF-B47C697EDC29}.Release 4.5|Any CPU.Build.0 = Release|Any CPU
		{A0A648DC-B80D-4E19-B3BF-B47C697EDC29}.Release|Any CPU.ActiveCfg = Release|Any CPU
		{A0A648DC-B80D-4E19-B3BF-B47C697EDC29}.Release|Any CPU.Build.0 = Release|Any CPU
		{A0A648DC-B80D-4E19-B3BF-B47C697EDC29}.Unity_Debug_Client|Any CPU.ActiveCfg = Debug|Any CPU
		{A0A648DC-B80D-4E19-B3BF-B47C697EDC29}.Unity_Debug_Client|Any CPU.Build.0 = Debug|Any CPU
	EndGlobalSection
	GlobalSection(SolutionProperties) = preSolution
		HideSolutionNode = FALSE
	EndGlobalSection
	GlobalSection(NestedProjects) = preSolution
		{C2C6F5FB-8CAB-4E2B-B7A1-32CBD2F9F5AE} = {B7CD0185-B07B-4422-A262-A37577775171}
		{32DC2199-5631-4682-92CE-9D1E6ACD8F86} = {D93A8B7A-0B81-4D93-A490-BC09044FF0A1}
		{02999433-BC54-495B-89F2-9075BB5D0082} = {D93A8B7A-0B81-4D93-A490-BC09044FF0A1}
		{53A786BC-5080-460F-88E1-20B81A7DB298} = {D93A8B7A-0B81-4D93-A490-BC09044FF0A1}
		{E5664C3B-0B84-46FF-84D2-3603B9202C6F} = {B7CD0185-B07B-4422-A262-A37577775171}
		{E3EBDB5B-8879-45F3-B10F-EAC2CA313F42} = {B7CD0185-B07B-4422-A262-A37577775171}
		{7E9EFE9A-58C7-45DC-AB5F-EF52CD721DB5} = {B7CD0185-B07B-4422-A262-A37577775171}
		{CA3E391B-7EAB-428E-B869-2C974E211067} = {B7CD0185-B07B-4422-A262-A37577775171}
		{F62B5705-BF54-498A-B662-704C0B50C0B6} = {B7CD0185-B07B-4422-A262-A37577775171}
		{A0A648DC-B80D-4E19-B3BF-B47C697EDC29} = {B7CD0185-B07B-4422-A262-A37577775171}
	EndGlobalSection
EndGlobal
