Microsoft Visual Studio Solution File, Format Version 12.00
# Visual Studio 15
VisualStudioVersion = 15.0.26228.12
MinimumVisualStudioVersion = 10.0.40219.1
Project("{FAE04EC0-301F-11D3-BF4B-00C04F79EFBC}") = "PlayGen.ITAlert.Simulation", "PlayGen.ITAlert.Simulation\PlayGen.ITAlert.Simulation.csproj", "{354189CC-C80B-4310-9B3A-7F9080AB4502}"
EndProject
Project("{FAE04EC0-301F-11D3-BF4B-00C04F79EFBC}") = "PlayGen.ITAlert.Simulation.Configuration", "PlayGen.ITAlert.Simulation.Configuration\PlayGen.ITAlert.Simulation.Configuration.csproj", "{79FA84E4-8380-4298-A823-3C0976D527EF}"
EndProject
Project("{FAE04EC0-301F-11D3-BF4B-00C04F79EFBC}") = "PlayGen.ITAlert.Simulation.Tests", "PlayGen.ITAlert.Simulation.Tests\PlayGen.ITAlert.Simulation.Tests.csproj", "{1B0A8C03-8A9A-4A3B-9C36-D750CEDB9853}"
EndProject
Project("{FAE04EC0-301F-11D3-BF4B-00C04F79EFBC}") = "PlayGen.ITAlert.Simulation.Startup", "PlayGen.ITAlert.Simulation.TestData\PlayGen.ITAlert.Simulation.Startup.csproj", "{50651079-AC3A-447F-A710-E9049F3D1565}"
EndProject
Project("{FAE04EC0-301F-11D3-BF4B-00C04F79EFBC}") = "PlayGen.ITAlert.Simulation.Configuration.Tests", "PlayGen.ITAlert.Simulation.Configuration.Tests\PlayGen.ITAlert.Simulation.Configuration.Tests.csproj", "{320609A9-59D3-4DF2-9324-A44260C258F5}"
EndProject
Project("{FAE04EC0-301F-11D3-BF4B-00C04F79EFBC}") = "PlayGen.ITAlert.Simulation.Common", "PlayGen.ITAlert.Simulation.Common\PlayGen.ITAlert.Simulation.Common.csproj", "{819D263A-C6B4-4BE6-92CE-A6F38B1CFE00}"
EndProject
Project("{FAE04EC0-301F-11D3-BF4B-00C04F79EFBC}") = "PlayGen.ITAlert.Simulation.Common.Tests", "PlayGen.ITAlert.Simulation.Common.Tests\PlayGen.ITAlert.Simulation.Common.Tests.csproj", "{B989EC0F-44F4-4AB2-98F5-184BAB9FCE26}"
EndProject
Project("{FAE04EC0-301F-11D3-BF4B-00C04F79EFBC}") = "PlayGen.ITAlert.Simulation.Serialization", "PlayGen.ITAlert.Simulation.Serialization\PlayGen.ITAlert.Simulation.Serialization.csproj", "{D5D14E17-C9D5-4AB2-AB74-96F95B50614F}"
EndProject
Project("{FAE04EC0-301F-11D3-BF4B-00C04F79EFBC}") = "PlayGen.ITAlert.Simulation.Serialization.Tests", "PlayGen.ITAlert.Simulation.Serialization.Tests\PlayGen.ITAlert.Simulation.Serialization.Tests.csproj", "{50D38CA1-043A-41DB-A03F-D07C596638FD}"
EndProject
Project("{FAE04EC0-301F-11D3-BF4B-00C04F79EFBC}") = "Engine.Core", "Engine\Engine.Core\Engine.Core.csproj", "{DC88053B-F802-47E1-9BE4-A7E9F795858D}"
EndProject
Project("{2150E333-8FDC-42A3-9474-1A3956D46DE8}") = "Engine", "Engine", "{1ECFA4EB-642C-46B9-B677-815DD56B26E3}"
EndProject
Project("{FAE04EC0-301F-11D3-BF4B-00C04F79EFBC}") = "Engine.Serialization", "Engine\Engine.Serialization\Engine.Serialization.csproj", "{6719CEEE-EA1D-48CC-A301-89A0E47BC3AD}"
EndProject
Project("{FAE04EC0-301F-11D3-BF4B-00C04F79EFBC}") = "Engine.Serialization.Tests", "Engine\Engine.Serialization.Tests\Engine.Serialization.Tests.csproj", "{14C24EA9-DD64-4739-910B-7E0A91A5E84F}"
EndProject
Project("{2150E333-8FDC-42A3-9474-1A3956D46DE8}") = "Simulation", "Simulation", "{44462B28-1544-4653-B506-C4D6D5F7D416}"
EndProject
Project("{FAE04EC0-301F-11D3-BF4B-00C04F79EFBC}") = "Engine.Common", "Engine\Engine.Common\Engine.Common.csproj", "{C3E9DD6E-3807-4290-A857-A4E9D47CF7E1}"
EndProject
Project("{FAE04EC0-301F-11D3-BF4B-00C04F79EFBC}") = "Engine.Core.Tests", "Engine\Engine.Core.Tests\Engine.Core.Tests.csproj", "{03C358F3-AF0A-4CBC-AD95-36BC4D4F2B8F}"
EndProject
Project("{FAE04EC0-301F-11D3-BF4B-00C04F79EFBC}") = "Engine.Newtonsoft.Json", "Engine\Engine.Newtonsoft.Json\Engine.Newtonsoft.Json.csproj", "{7F39C40C-9ACD-42B1-AE6F-470A759E98CE}"
EndProject
Project("{FAE04EC0-301F-11D3-BF4B-00C04F79EFBC}") = "Engine.Newtonsoft.Json.Tests", "Engine\Engine.Newtonsoft.Json.Tests\Engine.Newtonsoft.Json.Tests.csproj", "{6116C853-CAF1-4FC4-BE27-F02661CD374E}"
EndProject
Project("{D954291E-2A0B-460D-934E-DC6B0785DB48}") = "Newtonsoft.Json.Shared", "Engine\Newtonsoft.Json\Src\Newtonsoft.Json\Newtonsoft.Json.Shared.shproj", "{1AC37270-0ADC-43F6-9FC8-6FEB96686356}"
EndProject
Project("{FAE04EC0-301F-11D3-BF4B-00C04F79EFBC}") = "Engine.Startup", "Engine\Engine.Startup\Engine.Startup.csproj", "{92DAC07E-8A7A-466B-B778-DAF781A993F4}"
EndProject
Project("{FAE04EC0-301F-11D3-BF4B-00C04F79EFBC}") = "Engine.Startup.Tests", "Engine\Engine.Startup.Tests\Engine.Startup.Tests.csproj", "{652691D5-AFCF-4A11-8E30-7F901CCB6A6A}"
EndProject
Project("{FAE04EC0-301F-11D3-BF4B-00C04F79EFBC}") = "Engine.Testing", "Engine\Engine.Testing\Engine.Testing.csproj", "{27721DC6-0DFD-42E7-86BA-33FB9632AD19}"
EndProject
Project("{FAE04EC0-301F-11D3-BF4B-00C04F79EFBC}") = "PlayGen.ITAlert.Simulation.UI", "PlayGen.ITAlert.Simulation.UI\PlayGen.ITAlert.Simulation.UI.csproj", "{503B216A-3070-4211-AB66-6B975246CB57}"
EndProject
Project("{FAE04EC0-301F-11D3-BF4B-00C04F79EFBC}") = "Engine.Lifecycle", "Engine\Engine.Lifecycle\Engine.Lifecycle.csproj", "{4421783E-7C1B-47BC-B26C-FC7B0653D706}"
EndProject
Project("{FAE04EC0-301F-11D3-BF4B-00C04F79EFBC}") = "PlayGen.ITAlert.Simulation.Scenario", "PlayGen.ITAlert.Simulation.Scenario\PlayGen.ITAlert.Simulation.Scenario.csproj", "{45775B35-274A-40CF-BFE3-AD08F594C99B}"
EndProject
Project("{FAE04EC0-301F-11D3-BF4B-00C04F79EFBC}") = "Engine.Systems.Activation", "Engine\Engine.Systems.Activation\Engine.Systems.Activation.csproj", "{2A59AC2C-B3F4-4416-A74A-FA1B086A2F5B}"
EndProject
Project("{2150E333-8FDC-42A3-9474-1A3956D46DE8}") = "Systems", "Systems", "{847ACCE6-69CF-482E-9B49-B3E2D0EF8683}"
EndProject
Project("{FAE04EC0-301F-11D3-BF4B-00C04F79EFBC}") = "Engine.Systems.RNG", "Engine\Engine.Systems.RNG\Engine.Systems.RNG.csproj", "{291FBAA9-7900-460D-A841-A4B0F7DD5154}"
EndProject
Project("{FAE04EC0-301F-11D3-BF4B-00C04F79EFBC}") = "Engine.Systems", "Engine\Engine.Systems\Engine.Systems.csproj", "{C0A56319-4423-4722-B068-E9165E2C4246}"
EndProject
Project("{2150E333-8FDC-42A3-9474-1A3956D46DE8}") = "Modules", "Modules", "{A97C2601-0585-4B63-922C-5DB8E9134D8A}"
EndProject
Project("{FAE04EC0-301F-11D3-BF4B-00C04F79EFBC}") = "PlayGen.ITAlert.Simulation.Modules.Antivirus", "PlayGen.ITAlert.Simulation.Modules.Antivirus\PlayGen.ITAlert.Simulation.Modules.Antivirus.csproj", "{C7CFFBF9-3C24-4B6F-98AF-B42D2308AF67}"
EndProject
Project("{FAE04EC0-301F-11D3-BF4B-00C04F79EFBC}") = "PlayGen.ITAlert.Simulation.Modules.Transfer", "PlayGen.ITAlert.Simulation.Modules.Transfer\PlayGen.ITAlert.Simulation.Modules.Transfer.csproj", "{B7B8ADE3-22CC-42B8-A9B1-AC13D158A5F8}"
EndProject
Project("{FAE04EC0-301F-11D3-BF4B-00C04F79EFBC}") = "PlayGen.ITAlert.Simulation.Modules.GarbageDisposal", "PlayGen.ITAlert.Simulation.Modules.GarbageDisposal\PlayGen.ITAlert.Simulation.Modules.GarbageDisposal.csproj", "{6F7726B7-9A89-42D7-AAF7-9DFCACF36173}"
EndProject
Project("{FAE04EC0-301F-11D3-BF4B-00C04F79EFBC}") = "PlayGen.ITAlert.Simulation.Modules.Malware", "PlayGen.ITAlert.Simulation.Modules.Malware\PlayGen.ITAlert.Simulation.Modules.Malware.csproj", "{B03725F8-F6D3-4280-BEC4-CFA9EF403C84}"
EndProject
Project("{FAE04EC0-301F-11D3-BF4B-00C04F79EFBC}") = "PlayGen.ITAlert.Simulation.Modules.Resources", "PlayGen.ITAlert.Simulation.Modules.Resources\PlayGen.ITAlert.Simulation.Modules.Resources.csproj", "{6DB29F2D-F16F-4680-A3C2-27080606CC9D}"
EndProject
Project("{FAE04EC0-301F-11D3-BF4B-00C04F79EFBC}") = "PlayGen.ITAlert.Simulation.Modules.Tutorial", "PlayGen.ITAlert.Simulation.Modules.Tutorial\PlayGen.ITAlert.Simulation.Modules.Tutorial.csproj", "{08F0AC02-3291-4A19-A7FA-0FF2A59CEA90}"
EndProject
Project("{FAE04EC0-301F-11D3-BF4B-00C04F79EFBC}") = "PlayGen.ITAlert.Simulation.Archetypes", "PlayGen.ITAlert.Simulation.Archetypes\PlayGen.ITAlert.Simulation.Archetypes.csproj", "{EC170B34-006E-4E16-B3D4-C9F47040EB74}"
EndProject
Project("{FAE04EC0-301F-11D3-BF4B-00C04F79EFBC}") = "PlayGen.ITAlert.Simulation.Scenario.Localization", "PlayGen.ITAlert.Simulation.Scenario.Localization\PlayGen.ITAlert.Simulation.Scenario.Localization.csproj", "{4208E474-D078-4F4D-93D6-A9F73D691373}"
EndProject
Project("{FAE04EC0-301F-11D3-BF4B-00C04F79EFBC}") = "PlayGen.ITAlert.Simulation.Scenario.Serialization", "PlayGen.ITAlert.Simulation.Scenario.Serialization\PlayGen.ITAlert.Simulation.Scenario.Serialization.csproj", "{3A4CA40D-FFFA-4152-88D9-35C94A127916}"
EndProject
Project("{FAE04EC0-301F-11D3-BF4B-00C04F79EFBC}") = "PlayGen.ITAlert.Simulation.Scenario.Tests", "PlayGen.ITAlert.Simulation.Scenario.Tests\PlayGen.ITAlert.Simulation.Scenario.Tests.csproj", "{1A159F98-6A00-436B-B9A6-C9BC0C22FD5C}"
EndProject
Project("{FAE04EC0-301F-11D3-BF4B-00C04F79EFBC}") = "Engine.Logging", "Engine\Engine.Logging\Engine.Logging.csproj", "{EC75B1AC-5BC4-469A-A19E-7A33FFEB6126}"
EndProject
Project("{FAE04EC0-301F-11D3-BF4B-00C04F79EFBC}") = "Engine.Systems.Timing", "Engine\Engine.Systems.Timing\Engine.Systems.Timing.csproj", "{E9B71CB8-BD98-4501-A79B-50930F6B8DD6}"
EndProject
Project("{FAE04EC0-301F-11D3-BF4B-00C04F79EFBC}") = "Engine.Systems.Scoring", "Engine\Engine.Systems.Scoring\Engine.Systems.Scoring.csproj", "{1CF978CD-C529-4B6B-A294-5C12B1FB87C1}"
EndProject
Project("{FAE04EC0-301F-11D3-BF4B-00C04F79EFBC}") = "PlayGen.ITAlert.Simulation.Scoring", "PlayGen.ITAlert.Simulation.Scoring\PlayGen.ITAlert.Simulation.Scoring.csproj", "{787EACF9-FC52-4306-A929-98720E07B9DB}"
EndProject
Global
	GlobalSection(SharedMSBuildProjectFiles) = preSolution
		Engine\Newtonsoft.Json\Src\Newtonsoft.Json\Newtonsoft.Json.Shared.projitems*{1ac37270-0adc-43f6-9fc8-6feb96686356}*SharedItemsImports = 13
		Engine\Newtonsoft.Json\Src\Newtonsoft.Json\Newtonsoft.Json.Shared.projitems*{7f39c40c-9acd-42b1-ae6f-470a759e98ce}*SharedItemsImports = 4
	EndGlobalSection
	GlobalSection(SolutionConfigurationPlatforms) = preSolution
		Debug|Any CPU = Debug|Any CPU
		Release|Any CPU = Release|Any CPU
	EndGlobalSection
	GlobalSection(ProjectConfigurationPlatforms) = postSolution
		{354189CC-C80B-4310-9B3A-7F9080AB4502}.Debug|Any CPU.ActiveCfg = Debug|Any CPU
		{354189CC-C80B-4310-9B3A-7F9080AB4502}.Debug|Any CPU.Build.0 = Debug|Any CPU
		{354189CC-C80B-4310-9B3A-7F9080AB4502}.Release|Any CPU.ActiveCfg = Release|Any CPU
		{354189CC-C80B-4310-9B3A-7F9080AB4502}.Release|Any CPU.Build.0 = Release|Any CPU
		{79FA84E4-8380-4298-A823-3C0976D527EF}.Debug|Any CPU.ActiveCfg = Debug|Any CPU
		{79FA84E4-8380-4298-A823-3C0976D527EF}.Debug|Any CPU.Build.0 = Debug|Any CPU
		{79FA84E4-8380-4298-A823-3C0976D527EF}.Release|Any CPU.ActiveCfg = Release|Any CPU
		{79FA84E4-8380-4298-A823-3C0976D527EF}.Release|Any CPU.Build.0 = Release|Any CPU
		{1B0A8C03-8A9A-4A3B-9C36-D750CEDB9853}.Debug|Any CPU.ActiveCfg = Debug|Any CPU
		{1B0A8C03-8A9A-4A3B-9C36-D750CEDB9853}.Debug|Any CPU.Build.0 = Debug|Any CPU
		{1B0A8C03-8A9A-4A3B-9C36-D750CEDB9853}.Release|Any CPU.ActiveCfg = Release|Any CPU
		{1B0A8C03-8A9A-4A3B-9C36-D750CEDB9853}.Release|Any CPU.Build.0 = Release|Any CPU
		{50651079-AC3A-447F-A710-E9049F3D1565}.Debug|Any CPU.ActiveCfg = Debug|Any CPU
		{50651079-AC3A-447F-A710-E9049F3D1565}.Debug|Any CPU.Build.0 = Debug|Any CPU
		{50651079-AC3A-447F-A710-E9049F3D1565}.Release|Any CPU.ActiveCfg = Release|Any CPU
		{50651079-AC3A-447F-A710-E9049F3D1565}.Release|Any CPU.Build.0 = Release|Any CPU
		{320609A9-59D3-4DF2-9324-A44260C258F5}.Debug|Any CPU.ActiveCfg = Debug|Any CPU
		{320609A9-59D3-4DF2-9324-A44260C258F5}.Debug|Any CPU.Build.0 = Debug|Any CPU
		{320609A9-59D3-4DF2-9324-A44260C258F5}.Release|Any CPU.ActiveCfg = Release|Any CPU
		{320609A9-59D3-4DF2-9324-A44260C258F5}.Release|Any CPU.Build.0 = Release|Any CPU
		{819D263A-C6B4-4BE6-92CE-A6F38B1CFE00}.Debug|Any CPU.ActiveCfg = Debug|Any CPU
		{819D263A-C6B4-4BE6-92CE-A6F38B1CFE00}.Debug|Any CPU.Build.0 = Debug|Any CPU
		{819D263A-C6B4-4BE6-92CE-A6F38B1CFE00}.Release|Any CPU.ActiveCfg = Release|Any CPU
		{819D263A-C6B4-4BE6-92CE-A6F38B1CFE00}.Release|Any CPU.Build.0 = Release|Any CPU
		{B989EC0F-44F4-4AB2-98F5-184BAB9FCE26}.Debug|Any CPU.ActiveCfg = Debug|Any CPU
		{B989EC0F-44F4-4AB2-98F5-184BAB9FCE26}.Debug|Any CPU.Build.0 = Debug|Any CPU
		{B989EC0F-44F4-4AB2-98F5-184BAB9FCE26}.Release|Any CPU.ActiveCfg = Release|Any CPU
		{B989EC0F-44F4-4AB2-98F5-184BAB9FCE26}.Release|Any CPU.Build.0 = Release|Any CPU
		{D5D14E17-C9D5-4AB2-AB74-96F95B50614F}.Debug|Any CPU.ActiveCfg = Debug|Any CPU
		{D5D14E17-C9D5-4AB2-AB74-96F95B50614F}.Debug|Any CPU.Build.0 = Debug|Any CPU
		{D5D14E17-C9D5-4AB2-AB74-96F95B50614F}.Release|Any CPU.ActiveCfg = Release|Any CPU
		{D5D14E17-C9D5-4AB2-AB74-96F95B50614F}.Release|Any CPU.Build.0 = Release|Any CPU
		{50D38CA1-043A-41DB-A03F-D07C596638FD}.Debug|Any CPU.ActiveCfg = Debug|Any CPU
		{50D38CA1-043A-41DB-A03F-D07C596638FD}.Debug|Any CPU.Build.0 = Debug|Any CPU
		{50D38CA1-043A-41DB-A03F-D07C596638FD}.Release|Any CPU.ActiveCfg = Release|Any CPU
		{50D38CA1-043A-41DB-A03F-D07C596638FD}.Release|Any CPU.Build.0 = Release|Any CPU
		{DC88053B-F802-47E1-9BE4-A7E9F795858D}.Debug|Any CPU.ActiveCfg = Debug|Any CPU
		{DC88053B-F802-47E1-9BE4-A7E9F795858D}.Debug|Any CPU.Build.0 = Debug|Any CPU
		{DC88053B-F802-47E1-9BE4-A7E9F795858D}.Release|Any CPU.ActiveCfg = Release|Any CPU
		{DC88053B-F802-47E1-9BE4-A7E9F795858D}.Release|Any CPU.Build.0 = Release|Any CPU
		{6719CEEE-EA1D-48CC-A301-89A0E47BC3AD}.Debug|Any CPU.ActiveCfg = Debug|Any CPU
		{6719CEEE-EA1D-48CC-A301-89A0E47BC3AD}.Debug|Any CPU.Build.0 = Debug|Any CPU
		{6719CEEE-EA1D-48CC-A301-89A0E47BC3AD}.Release|Any CPU.ActiveCfg = Release|Any CPU
		{6719CEEE-EA1D-48CC-A301-89A0E47BC3AD}.Release|Any CPU.Build.0 = Release|Any CPU
		{14C24EA9-DD64-4739-910B-7E0A91A5E84F}.Debug|Any CPU.ActiveCfg = Debug|Any CPU
		{14C24EA9-DD64-4739-910B-7E0A91A5E84F}.Debug|Any CPU.Build.0 = Debug|Any CPU
		{14C24EA9-DD64-4739-910B-7E0A91A5E84F}.Release|Any CPU.ActiveCfg = Release|Any CPU
		{14C24EA9-DD64-4739-910B-7E0A91A5E84F}.Release|Any CPU.Build.0 = Release|Any CPU
		{C3E9DD6E-3807-4290-A857-A4E9D47CF7E1}.Debug|Any CPU.ActiveCfg = Debug|Any CPU
		{C3E9DD6E-3807-4290-A857-A4E9D47CF7E1}.Debug|Any CPU.Build.0 = Debug|Any CPU
		{C3E9DD6E-3807-4290-A857-A4E9D47CF7E1}.Release|Any CPU.ActiveCfg = Release|Any CPU
		{C3E9DD6E-3807-4290-A857-A4E9D47CF7E1}.Release|Any CPU.Build.0 = Release|Any CPU
		{03C358F3-AF0A-4CBC-AD95-36BC4D4F2B8F}.Debug|Any CPU.ActiveCfg = Debug|Any CPU
		{03C358F3-AF0A-4CBC-AD95-36BC4D4F2B8F}.Debug|Any CPU.Build.0 = Debug|Any CPU
		{03C358F3-AF0A-4CBC-AD95-36BC4D4F2B8F}.Release|Any CPU.ActiveCfg = Release|Any CPU
		{03C358F3-AF0A-4CBC-AD95-36BC4D4F2B8F}.Release|Any CPU.Build.0 = Release|Any CPU
		{7F39C40C-9ACD-42B1-AE6F-470A759E98CE}.Debug|Any CPU.ActiveCfg = Debug|Any CPU
		{7F39C40C-9ACD-42B1-AE6F-470A759E98CE}.Debug|Any CPU.Build.0 = Debug|Any CPU
		{7F39C40C-9ACD-42B1-AE6F-470A759E98CE}.Release|Any CPU.ActiveCfg = Release|Any CPU
		{7F39C40C-9ACD-42B1-AE6F-470A759E98CE}.Release|Any CPU.Build.0 = Release|Any CPU
		{6116C853-CAF1-4FC4-BE27-F02661CD374E}.Debug|Any CPU.ActiveCfg = Debug|Any CPU
		{6116C853-CAF1-4FC4-BE27-F02661CD374E}.Debug|Any CPU.Build.0 = Debug|Any CPU
		{6116C853-CAF1-4FC4-BE27-F02661CD374E}.Release|Any CPU.ActiveCfg = Release|Any CPU
		{6116C853-CAF1-4FC4-BE27-F02661CD374E}.Release|Any CPU.Build.0 = Release|Any CPU
		{92DAC07E-8A7A-466B-B778-DAF781A993F4}.Debug|Any CPU.ActiveCfg = Debug|Any CPU
		{92DAC07E-8A7A-466B-B778-DAF781A993F4}.Debug|Any CPU.Build.0 = Debug|Any CPU
		{92DAC07E-8A7A-466B-B778-DAF781A993F4}.Release|Any CPU.ActiveCfg = Release|Any CPU
		{92DAC07E-8A7A-466B-B778-DAF781A993F4}.Release|Any CPU.Build.0 = Release|Any CPU
		{652691D5-AFCF-4A11-8E30-7F901CCB6A6A}.Debug|Any CPU.ActiveCfg = Debug|Any CPU
		{652691D5-AFCF-4A11-8E30-7F901CCB6A6A}.Debug|Any CPU.Build.0 = Debug|Any CPU
		{652691D5-AFCF-4A11-8E30-7F901CCB6A6A}.Release|Any CPU.ActiveCfg = Release|Any CPU
		{652691D5-AFCF-4A11-8E30-7F901CCB6A6A}.Release|Any CPU.Build.0 = Release|Any CPU
		{27721DC6-0DFD-42E7-86BA-33FB9632AD19}.Debug|Any CPU.ActiveCfg = Debug|Any CPU
		{27721DC6-0DFD-42E7-86BA-33FB9632AD19}.Debug|Any CPU.Build.0 = Debug|Any CPU
		{27721DC6-0DFD-42E7-86BA-33FB9632AD19}.Release|Any CPU.ActiveCfg = Release|Any CPU
		{27721DC6-0DFD-42E7-86BA-33FB9632AD19}.Release|Any CPU.Build.0 = Release|Any CPU
		{503B216A-3070-4211-AB66-6B975246CB57}.Debug|Any CPU.ActiveCfg = Debug|Any CPU
		{503B216A-3070-4211-AB66-6B975246CB57}.Debug|Any CPU.Build.0 = Debug|Any CPU
		{503B216A-3070-4211-AB66-6B975246CB57}.Release|Any CPU.ActiveCfg = Release|Any CPU
		{503B216A-3070-4211-AB66-6B975246CB57}.Release|Any CPU.Build.0 = Release|Any CPU
		{4421783E-7C1B-47BC-B26C-FC7B0653D706}.Debug|Any CPU.ActiveCfg = Debug|Any CPU
		{4421783E-7C1B-47BC-B26C-FC7B0653D706}.Debug|Any CPU.Build.0 = Debug|Any CPU
		{4421783E-7C1B-47BC-B26C-FC7B0653D706}.Release|Any CPU.ActiveCfg = Release|Any CPU
		{4421783E-7C1B-47BC-B26C-FC7B0653D706}.Release|Any CPU.Build.0 = Release|Any CPU
		{45775B35-274A-40CF-BFE3-AD08F594C99B}.Debug|Any CPU.ActiveCfg = Debug|Any CPU
		{45775B35-274A-40CF-BFE3-AD08F594C99B}.Debug|Any CPU.Build.0 = Debug|Any CPU
		{45775B35-274A-40CF-BFE3-AD08F594C99B}.Release|Any CPU.ActiveCfg = Release|Any CPU
		{45775B35-274A-40CF-BFE3-AD08F594C99B}.Release|Any CPU.Build.0 = Release|Any CPU
		{2A59AC2C-B3F4-4416-A74A-FA1B086A2F5B}.Debug|Any CPU.ActiveCfg = Debug|Any CPU
		{2A59AC2C-B3F4-4416-A74A-FA1B086A2F5B}.Debug|Any CPU.Build.0 = Debug|Any CPU
		{2A59AC2C-B3F4-4416-A74A-FA1B086A2F5B}.Release|Any CPU.ActiveCfg = Release|Any CPU
		{2A59AC2C-B3F4-4416-A74A-FA1B086A2F5B}.Release|Any CPU.Build.0 = Release|Any CPU
		{291FBAA9-7900-460D-A841-A4B0F7DD5154}.Debug|Any CPU.ActiveCfg = Debug|Any CPU
		{291FBAA9-7900-460D-A841-A4B0F7DD5154}.Debug|Any CPU.Build.0 = Debug|Any CPU
		{291FBAA9-7900-460D-A841-A4B0F7DD5154}.Release|Any CPU.ActiveCfg = Release|Any CPU
		{291FBAA9-7900-460D-A841-A4B0F7DD5154}.Release|Any CPU.Build.0 = Release|Any CPU
		{C0A56319-4423-4722-B068-E9165E2C4246}.Debug|Any CPU.ActiveCfg = Debug|Any CPU
		{C0A56319-4423-4722-B068-E9165E2C4246}.Debug|Any CPU.Build.0 = Debug|Any CPU
		{C0A56319-4423-4722-B068-E9165E2C4246}.Release|Any CPU.ActiveCfg = Release|Any CPU
		{C0A56319-4423-4722-B068-E9165E2C4246}.Release|Any CPU.Build.0 = Release|Any CPU
		{C7CFFBF9-3C24-4B6F-98AF-B42D2308AF67}.Debug|Any CPU.ActiveCfg = Debug|Any CPU
		{C7CFFBF9-3C24-4B6F-98AF-B42D2308AF67}.Debug|Any CPU.Build.0 = Debug|Any CPU
		{C7CFFBF9-3C24-4B6F-98AF-B42D2308AF67}.Release|Any CPU.ActiveCfg = Release|Any CPU
		{C7CFFBF9-3C24-4B6F-98AF-B42D2308AF67}.Release|Any CPU.Build.0 = Release|Any CPU
		{B7B8ADE3-22CC-42B8-A9B1-AC13D158A5F8}.Debug|Any CPU.ActiveCfg = Debug|Any CPU
		{B7B8ADE3-22CC-42B8-A9B1-AC13D158A5F8}.Debug|Any CPU.Build.0 = Debug|Any CPU
		{B7B8ADE3-22CC-42B8-A9B1-AC13D158A5F8}.Release|Any CPU.ActiveCfg = Release|Any CPU
		{B7B8ADE3-22CC-42B8-A9B1-AC13D158A5F8}.Release|Any CPU.Build.0 = Release|Any CPU
		{6F7726B7-9A89-42D7-AAF7-9DFCACF36173}.Debug|Any CPU.ActiveCfg = Debug|Any CPU
		{6F7726B7-9A89-42D7-AAF7-9DFCACF36173}.Debug|Any CPU.Build.0 = Debug|Any CPU
		{6F7726B7-9A89-42D7-AAF7-9DFCACF36173}.Release|Any CPU.ActiveCfg = Release|Any CPU
		{6F7726B7-9A89-42D7-AAF7-9DFCACF36173}.Release|Any CPU.Build.0 = Release|Any CPU
		{B03725F8-F6D3-4280-BEC4-CFA9EF403C84}.Debug|Any CPU.ActiveCfg = Debug|Any CPU
		{B03725F8-F6D3-4280-BEC4-CFA9EF403C84}.Debug|Any CPU.Build.0 = Debug|Any CPU
		{B03725F8-F6D3-4280-BEC4-CFA9EF403C84}.Release|Any CPU.ActiveCfg = Release|Any CPU
		{B03725F8-F6D3-4280-BEC4-CFA9EF403C84}.Release|Any CPU.Build.0 = Release|Any CPU
		{6DB29F2D-F16F-4680-A3C2-27080606CC9D}.Debug|Any CPU.ActiveCfg = Debug|Any CPU
		{6DB29F2D-F16F-4680-A3C2-27080606CC9D}.Debug|Any CPU.Build.0 = Debug|Any CPU
		{6DB29F2D-F16F-4680-A3C2-27080606CC9D}.Release|Any CPU.ActiveCfg = Release|Any CPU
		{6DB29F2D-F16F-4680-A3C2-27080606CC9D}.Release|Any CPU.Build.0 = Release|Any CPU
		{08F0AC02-3291-4A19-A7FA-0FF2A59CEA90}.Debug|Any CPU.ActiveCfg = Debug|Any CPU
		{08F0AC02-3291-4A19-A7FA-0FF2A59CEA90}.Debug|Any CPU.Build.0 = Debug|Any CPU
		{08F0AC02-3291-4A19-A7FA-0FF2A59CEA90}.Release|Any CPU.ActiveCfg = Release|Any CPU
		{08F0AC02-3291-4A19-A7FA-0FF2A59CEA90}.Release|Any CPU.Build.0 = Release|Any CPU
		{EC170B34-006E-4E16-B3D4-C9F47040EB74}.Debug|Any CPU.ActiveCfg = Debug|Any CPU
		{EC170B34-006E-4E16-B3D4-C9F47040EB74}.Debug|Any CPU.Build.0 = Debug|Any CPU
		{EC170B34-006E-4E16-B3D4-C9F47040EB74}.Release|Any CPU.ActiveCfg = Release|Any CPU
		{EC170B34-006E-4E16-B3D4-C9F47040EB74}.Release|Any CPU.Build.0 = Release|Any CPU
		{4208E474-D078-4F4D-93D6-A9F73D691373}.Debug|Any CPU.ActiveCfg = Debug|Any CPU
		{4208E474-D078-4F4D-93D6-A9F73D691373}.Debug|Any CPU.Build.0 = Debug|Any CPU
		{4208E474-D078-4F4D-93D6-A9F73D691373}.Release|Any CPU.ActiveCfg = Release|Any CPU
		{4208E474-D078-4F4D-93D6-A9F73D691373}.Release|Any CPU.Build.0 = Release|Any CPU
		{3A4CA40D-FFFA-4152-88D9-35C94A127916}.Debug|Any CPU.ActiveCfg = Debug|Any CPU
		{3A4CA40D-FFFA-4152-88D9-35C94A127916}.Debug|Any CPU.Build.0 = Debug|Any CPU
		{3A4CA40D-FFFA-4152-88D9-35C94A127916}.Release|Any CPU.ActiveCfg = Release|Any CPU
		{3A4CA40D-FFFA-4152-88D9-35C94A127916}.Release|Any CPU.Build.0 = Release|Any CPU
		{1A159F98-6A00-436B-B9A6-C9BC0C22FD5C}.Debug|Any CPU.ActiveCfg = Debug|Any CPU
		{1A159F98-6A00-436B-B9A6-C9BC0C22FD5C}.Debug|Any CPU.Build.0 = Debug|Any CPU
		{1A159F98-6A00-436B-B9A6-C9BC0C22FD5C}.Release|Any CPU.ActiveCfg = Release|Any CPU
		{1A159F98-6A00-436B-B9A6-C9BC0C22FD5C}.Release|Any CPU.Build.0 = Release|Any CPU
		{EC75B1AC-5BC4-469A-A19E-7A33FFEB6126}.Debug|Any CPU.ActiveCfg = Debug|Any CPU
		{EC75B1AC-5BC4-469A-A19E-7A33FFEB6126}.Debug|Any CPU.Build.0 = Debug|Any CPU
		{EC75B1AC-5BC4-469A-A19E-7A33FFEB6126}.Release|Any CPU.ActiveCfg = Release|Any CPU
		{EC75B1AC-5BC4-469A-A19E-7A33FFEB6126}.Release|Any CPU.Build.0 = Release|Any CPU
		{E9B71CB8-BD98-4501-A79B-50930F6B8DD6}.Debug|Any CPU.ActiveCfg = Debug|Any CPU
		{E9B71CB8-BD98-4501-A79B-50930F6B8DD6}.Debug|Any CPU.Build.0 = Debug|Any CPU
		{E9B71CB8-BD98-4501-A79B-50930F6B8DD6}.Release|Any CPU.ActiveCfg = Release|Any CPU
		{E9B71CB8-BD98-4501-A79B-50930F6B8DD6}.Release|Any CPU.Build.0 = Release|Any CPU
		{1CF978CD-C529-4B6B-A294-5C12B1FB87C1}.Debug|Any CPU.ActiveCfg = Debug|Any CPU
		{1CF978CD-C529-4B6B-A294-5C12B1FB87C1}.Debug|Any CPU.Build.0 = Debug|Any CPU
		{1CF978CD-C529-4B6B-A294-5C12B1FB87C1}.Release|Any CPU.ActiveCfg = Release|Any CPU
		{1CF978CD-C529-4B6B-A294-5C12B1FB87C1}.Release|Any CPU.Build.0 = Release|Any CPU
		{787EACF9-FC52-4306-A929-98720E07B9DB}.Debug|Any CPU.ActiveCfg = Debug|Any CPU
		{787EACF9-FC52-4306-A929-98720E07B9DB}.Debug|Any CPU.Build.0 = Debug|Any CPU
		{787EACF9-FC52-4306-A929-98720E07B9DB}.Release|Any CPU.ActiveCfg = Release|Any CPU
		{787EACF9-FC52-4306-A929-98720E07B9DB}.Release|Any CPU.Build.0 = Release|Any CPU
	EndGlobalSection
	GlobalSection(SolutionProperties) = preSolution
		HideSolutionNode = FALSE
	EndGlobalSection
	GlobalSection(NestedProjects) = preSolution
		{354189CC-C80B-4310-9B3A-7F9080AB4502} = {44462B28-1544-4653-B506-C4D6D5F7D416}
		{79FA84E4-8380-4298-A823-3C0976D527EF} = {44462B28-1544-4653-B506-C4D6D5F7D416}
		{1B0A8C03-8A9A-4A3B-9C36-D750CEDB9853} = {44462B28-1544-4653-B506-C4D6D5F7D416}
		{50651079-AC3A-447F-A710-E9049F3D1565} = {44462B28-1544-4653-B506-C4D6D5F7D416}
		{320609A9-59D3-4DF2-9324-A44260C258F5} = {44462B28-1544-4653-B506-C4D6D5F7D416}
		{819D263A-C6B4-4BE6-92CE-A6F38B1CFE00} = {44462B28-1544-4653-B506-C4D6D5F7D416}
		{B989EC0F-44F4-4AB2-98F5-184BAB9FCE26} = {44462B28-1544-4653-B506-C4D6D5F7D416}
		{D5D14E17-C9D5-4AB2-AB74-96F95B50614F} = {44462B28-1544-4653-B506-C4D6D5F7D416}
		{50D38CA1-043A-41DB-A03F-D07C596638FD} = {44462B28-1544-4653-B506-C4D6D5F7D416}
		{DC88053B-F802-47E1-9BE4-A7E9F795858D} = {1ECFA4EB-642C-46B9-B677-815DD56B26E3}
		{6719CEEE-EA1D-48CC-A301-89A0E47BC3AD} = {1ECFA4EB-642C-46B9-B677-815DD56B26E3}
		{14C24EA9-DD64-4739-910B-7E0A91A5E84F} = {1ECFA4EB-642C-46B9-B677-815DD56B26E3}
		{C3E9DD6E-3807-4290-A857-A4E9D47CF7E1} = {1ECFA4EB-642C-46B9-B677-815DD56B26E3}
		{03C358F3-AF0A-4CBC-AD95-36BC4D4F2B8F} = {1ECFA4EB-642C-46B9-B677-815DD56B26E3}
		{7F39C40C-9ACD-42B1-AE6F-470A759E98CE} = {1ECFA4EB-642C-46B9-B677-815DD56B26E3}
		{6116C853-CAF1-4FC4-BE27-F02661CD374E} = {1ECFA4EB-642C-46B9-B677-815DD56B26E3}
		{1AC37270-0ADC-43F6-9FC8-6FEB96686356} = {1ECFA4EB-642C-46B9-B677-815DD56B26E3}
		{92DAC07E-8A7A-466B-B778-DAF781A993F4} = {1ECFA4EB-642C-46B9-B677-815DD56B26E3}
		{652691D5-AFCF-4A11-8E30-7F901CCB6A6A} = {1ECFA4EB-642C-46B9-B677-815DD56B26E3}
		{27721DC6-0DFD-42E7-86BA-33FB9632AD19} = {1ECFA4EB-642C-46B9-B677-815DD56B26E3}
		{503B216A-3070-4211-AB66-6B975246CB57} = {44462B28-1544-4653-B506-C4D6D5F7D416}
		{4421783E-7C1B-47BC-B26C-FC7B0653D706} = {1ECFA4EB-642C-46B9-B677-815DD56B26E3}
		{45775B35-274A-40CF-BFE3-AD08F594C99B} = {44462B28-1544-4653-B506-C4D6D5F7D416}
		{2A59AC2C-B3F4-4416-A74A-FA1B086A2F5B} = {847ACCE6-69CF-482E-9B49-B3E2D0EF8683}
		{847ACCE6-69CF-482E-9B49-B3E2D0EF8683} = {1ECFA4EB-642C-46B9-B677-815DD56B26E3}
		{291FBAA9-7900-460D-A841-A4B0F7DD5154} = {847ACCE6-69CF-482E-9B49-B3E2D0EF8683}
		{C0A56319-4423-4722-B068-E9165E2C4246} = {1ECFA4EB-642C-46B9-B677-815DD56B26E3}
		{A97C2601-0585-4B63-922C-5DB8E9134D8A} = {44462B28-1544-4653-B506-C4D6D5F7D416}
		{C7CFFBF9-3C24-4B6F-98AF-B42D2308AF67} = {A97C2601-0585-4B63-922C-5DB8E9134D8A}
		{B7B8ADE3-22CC-42B8-A9B1-AC13D158A5F8} = {A97C2601-0585-4B63-922C-5DB8E9134D8A}
		{6F7726B7-9A89-42D7-AAF7-9DFCACF36173} = {A97C2601-0585-4B63-922C-5DB8E9134D8A}
		{B03725F8-F6D3-4280-BEC4-CFA9EF403C84} = {A97C2601-0585-4B63-922C-5DB8E9134D8A}
		{6DB29F2D-F16F-4680-A3C2-27080606CC9D} = {A97C2601-0585-4B63-922C-5DB8E9134D8A}
		{08F0AC02-3291-4A19-A7FA-0FF2A59CEA90} = {A97C2601-0585-4B63-922C-5DB8E9134D8A}
		{EC170B34-006E-4E16-B3D4-C9F47040EB74} = {44462B28-1544-4653-B506-C4D6D5F7D416}
		{4208E474-D078-4F4D-93D6-A9F73D691373} = {44462B28-1544-4653-B506-C4D6D5F7D416}
		{3A4CA40D-FFFA-4152-88D9-35C94A127916} = {44462B28-1544-4653-B506-C4D6D5F7D416}
		{1A159F98-6A00-436B-B9A6-C9BC0C22FD5C} = {44462B28-1544-4653-B506-C4D6D5F7D416}
		{EC75B1AC-5BC4-469A-A19E-7A33FFEB6126} = {1ECFA4EB-642C-46B9-B677-815DD56B26E3}
		{E9B71CB8-BD98-4501-A79B-50930F6B8DD6} = {847ACCE6-69CF-482E-9B49-B3E2D0EF8683}
		{1CF978CD-C529-4B6B-A294-5C12B1FB87C1} = {847ACCE6-69CF-482E-9B49-B3E2D0EF8683}
		{787EACF9-FC52-4306-A929-98720E07B9DB} = {44462B28-1544-4653-B506-C4D6D5F7D416}
	EndGlobalSection
EndGlobal
